<?xml version="1.0" encoding="utf-8"?>
<Project ToolsVersion="4.0" xmlns="http://schemas.microsoft.com/developer/msbuild/2003">
  <ItemGroup>
    <ClCompile Include="AASHTOConcretePage.cpp">
      <Filter>Source Files</Filter>
    </ClCompile>
    <ClCompile Include="ACIConcretePage.cpp">
      <Filter>Source Files</Filter>
    </ClCompile>
    <ClCompile Include="ACIParametersDlg.cpp">
      <Filter>Source Files</Filter>
    </ClCompile>
    <ClCompile Include="ApplyLoadActivity.cpp">
      <Filter>Source Files</Filter>
    </ClCompile>
    <ClCompile Include="BaseCommandLineInfo.cpp">
      <Filter>Source Files</Filter>
    </ClCompile>
    <ClCompile Include="BoundaryConditionComboBox.cpp">
      <Filter>Source Files</Filter>
    </ClCompile>
    <ClCompile Include="BoundaryConditionDlg.cpp">
      <Filter>Source Files</Filter>
    </ClCompile>
    <ClCompile Include="BridgeDescription.cpp">
      <Filter>Source Files</Filter>
    </ClCompile>
    <ClCompile Include="BridgeDescription2.cpp">
      <Filter>Source Files</Filter>
    </ClCompile>
    <ClCompile Include="CapacityToDemand.cpp">
      <Filter>Source Files</Filter>
    </ClCompile>
    <ClCompile Include="CastDeckActivity.cpp">
      <Filter>Source Files</Filter>
    </ClCompile>
    <ClCompile Include="CatalogServerAppMixin.cpp">
      <Filter>Source Files</Filter>
    </ClCompile>
    <ClCompile Include="CatalogServer.cpp">
      <Filter>Source Files</Filter>
    </ClCompile>
    <ClCompile Include="Catalog.cpp">
      <Filter>Source Files</Filter>
    </ClCompile>
    <ClCompile Include="CatalogServerDlg.cpp">
      <Filter>Source Files</Filter>
    </ClCompile>
    <ClCompile Include="CEBFIPConcretePage.cpp">
      <Filter>Source Files</Filter>
    </ClCompile>
    <ClCompile Include="CatalogServers.cpp">
      <Filter>Source Files</Filter>
    </ClCompile>
    <ClCompile Include="CEBFIPParamatersDlg.cpp">
      <Filter>Source Files</Filter>
    </ClCompile>
    <ClCompile Include="ClosureJointData.cpp">
      <Filter>Source Files</Filter>
    </ClCompile>
    <ClCompile Include="ColumnData.cpp">
      <Filter>Source Files</Filter>
    </ClCompile>
    <ClCompile Include="ColumnFixityComboBox.cpp">
      <Filter>Source Files</Filter>
    </ClCompile>
    <ClCompile Include="ConcreteDetailsDlg.cpp">
      <Filter>Source Files</Filter>
    </ClCompile>
    <ClCompile Include="ConcreteGeneralPage.cpp">
      <Filter>Source Files</Filter>
    </ClCompile>
    <ClCompile Include="ConcreteMaterial.cpp">
      <Filter>Source Files</Filter>
    </ClCompile>
    <ClCompile Include="ConfigurePGSuperDlg.cpp">
      <Filter>Source Files</Filter>
    </ClCompile>
    <ClCompile Include="ConstructabilityArtifact.cpp">
      <Filter>Source Files</Filter>
    </ClCompile>
    <ClCompile Include="CopyConcreteEntry.cpp">
      <Filter>Source Files</Filter>
    </ClCompile>
    <ClCompile Include="DebondArtifact.cpp">
      <Filter>Source Files</Filter>
    </ClCompile>
    <ClCompile Include="DebondData.cpp">
      <Filter>Source Files</Filter>
    </ClCompile>
    <ClCompile Include="DebondUtil.cpp">
      <Filter>Source Files</Filter>
    </ClCompile>
    <ClCompile Include="DeckDescription.cpp">
      <Filter>Source Files</Filter>
    </ClCompile>
    <ClCompile Include="DeckDescription2.cpp">
      <Filter>Source Files</Filter>
    </ClCompile>
    <ClCompile Include="DeckPoint.cpp">
      <Filter>Source Files</Filter>
    </ClCompile>
    <ClCompile Include="DeckRebarData.cpp">
      <Filter>Source Files</Filter>
    </ClCompile>
    <ClCompile Include="DeflectionCheckArtifact.cpp">
      <Filter>Source Files</Filter>
    </ClCompile>
    <ClCompile Include="DesignConfigUtil.cpp">
      <Filter>Source Files</Filter>
    </ClCompile>
    <ClCompile Include="DistributedLoadData.cpp">
      <Filter>Source Files</Filter>
    </ClCompile>
    <ClCompile Include="DuctSizeArtifact.cpp">
      <Filter>Source Files</Filter>
    </ClCompile>
    <ClCompile Include="EditBridge.cpp">
      <Filter>Source Files</Filter>
    </ClCompile>
    <ClCompile Include="ErectPiersActivity.cpp">
      <Filter>Source Files</Filter>
    </ClCompile>
    <ClCompile Include="FlexuralCapacityArtifact.cpp">
      <Filter>Source Files</Filter>
    </ClCompile>
    <ClCompile Include="FlexuralStressArtifact.cpp">
      <Filter>Source Files</Filter>
    </ClCompile>
    <ClCompile Include="GirderArtifact.cpp">
      <Filter>Source Files</Filter>
    </ClCompile>
    <ClCompile Include="GirderArtifactTool.cpp">
      <Filter>Source Files</Filter>
    </ClCompile>
    <ClCompile Include="GirderData.cpp">
      <Filter>Source Files</Filter>
    </ClCompile>
    <ClCompile Include="GirderDesignArtifact.cpp">
      <Filter>Source Files</Filter>
    </ClCompile>
    <ClCompile Include="GirderGroupData.cpp">
      <Filter>Source Files</Filter>
    </ClCompile>
    <ClCompile Include="GirderLabel.cpp">
      <Filter>Source Files</Filter>
    </ClCompile>
    <ClCompile Include="GirderMaterial.cpp">
      <Filter>Source Files</Filter>
    </ClCompile>
    <ClCompile Include="GirderModelFactory.cpp">
      <Filter>Source Files</Filter>
    </ClCompile>
    <ClCompile Include="GirderSpacing.cpp">
      <Filter>Source Files</Filter>
    </ClCompile>
    <ClCompile Include="GirderSpacing2.cpp">
      <Filter>Source Files</Filter>
    </ClCompile>
    <ClCompile Include="GirderTypes.cpp">
      <Filter>Source Files</Filter>
    </ClCompile>
    <ClCompile Include="HandlingData.cpp">
      <Filter>Source Files</Filter>
    </ClCompile>
    <ClCompile Include="HaulingAnalysisArtifact.cpp">
      <Filter>Source Files</Filter>
    </ClCompile>
    <ClCompile Include="HaunchShapeComboBox.cpp">
      <Filter>Source Files</Filter>
    </ClCompile>
    <ClCompile Include="HoldDownForceArtifact.cpp">
      <Filter>Source Files</Filter>
    </ClCompile>
    <ClCompile Include="InsertDeleteLoad.cpp">
      <Filter>Source Files</Filter>
    </ClCompile>
    <ClCompile Include="IntervalTool.cpp">
      <Filter>Source Files</Filter>
    </ClCompile>
    <ClCompile Include="KdotHaulingAnalysisArtifact.cpp">
      <Filter>Source Files</Filter>
    </ClCompile>
    <ClCompile Include="Keys.cpp">
      <Filter>Source Files</Filter>
    </ClCompile>
    <ClCompile Include="LiftHaulConstants.cpp">
      <Filter>Source Files</Filter>
    </ClCompile>
    <ClCompile Include="LoadFactors.cpp">
      <Filter>Source Files</Filter>
    </ClCompile>
    <ClCompile Include="LoadManager.cpp">
      <Filter>Source Files</Filter>
    </ClCompile>
    <ClCompile Include="LongitudinalRebarData.cpp">
      <Filter>Source Files</Filter>
    </ClCompile>
    <ClCompile Include="LongRebarInstance.cpp">
      <Filter>Source Files</Filter>
    </ClCompile>
    <ClCompile Include="MacroTxn.cpp">
      <Filter>Source Files</Filter>
    </ClCompile>
    <ClCompile Include="main.cpp">
      <Filter>Source Files</Filter>
    </ClCompile>
    <ClCompile Include="MomentLoadData.cpp">
      <Filter>Source Files</Filter>
    </ClCompile>
    <ClCompile Include="MomentRatingArtifact.cpp">
      <Filter>Source Files</Filter>
    </ClCompile>
    <ClCompile Include="PierData.cpp">
      <Filter>Source Files</Filter>
    </ClCompile>
    <ClCompile Include="PierData2.cpp">
      <Filter>Source Files</Filter>
    </ClCompile>
    <ClCompile Include="PoiArtifactKey.cpp">
      <Filter>Source Files</Filter>
    </ClCompile>
    <ClCompile Include="PoiMap.cpp">
      <Filter>Source Files</Filter>
    </ClCompile>
    <ClCompile Include="PoiMgr.cpp">
      <Filter>Source Files</Filter>
    </ClCompile>
    <ClCompile Include="PointLoadData.cpp">
      <Filter>Source Files</Filter>
    </ClCompile>
    <ClCompile Include="PointOfInterest.cpp">
      <Filter>Source Files</Filter>
    </ClCompile>
    <ClCompile Include="PoiPairMap.cpp">
      <Filter>Source Files</Filter>
    </ClCompile>
    <ClCompile Include="PrecastIGirderDetailingArtifact.cpp">
      <Filter>Source Files</Filter>
    </ClCompile>
    <ClCompile Include="PrecastSegmentData.cpp">
      <Filter>Source Files</Filter>
    </ClCompile>
    <ClCompile Include="Prompts.cpp">
      <Filter>Source Files</Filter>
    </ClCompile>
    <ClCompile Include="PTData.cpp">
      <Filter>Source Files</Filter>
    </ClCompile>
    <ClCompile Include="RailingSystem.cpp">
      <Filter>Source Files</Filter>
    </ClCompile>
    <ClCompile Include="RatingArtifact.cpp">
      <Filter>Source Files</Filter>
    </ClCompile>
    <ClCompile Include="RefinedAnalysisOptionsDlg.cpp">
      <Filter>Source Files</Filter>
    </ClCompile>
    <ClCompile Include="RemoveTemporarySupportsActivity.cpp">
      <Filter>Source Files</Filter>
    </ClCompile>
    <ClCompile Include="ReportPointOfInterest.cpp">
      <Filter>Source Files</Filter>
    </ClCompile>
    <ClCompile Include="SegmentActivity.cpp">
      <Filter>Source Files</Filter>
    </ClCompile>
    <ClCompile Include="SegmentArtifact.cpp">
      <Filter>Source Files</Filter>
    </ClCompile>
    <ClCompile Include="SegmentDesignArtifact.cpp">
      <Filter>Source Files</Filter>
    </ClCompile>
    <ClCompile Include="SegmentRelatedStatusItem.cpp">
      <Filter>Source Files</Filter>
    </ClCompile>
    <ClCompile Include="SegmentStabilityArtifact.cpp">
      <Filter>Source Files</Filter>
    </ClCompile>
    <ClCompile Include="SelectGirderDlg.cpp">
      <Filter>Source Files</Filter>
    </ClCompile>
    <ClCompile Include="Selection.cpp">
      <Filter>Source Files</Filter>
    </ClCompile>
    <ClCompile Include="SelectPOIDlg.cpp">
      <Filter>Source Files</Filter>
    </ClCompile>
    <ClCompile Include="SelectSegmentDlg.cpp">
      <Filter>Source Files</Filter>
    </ClCompile>
    <ClCompile Include="ServerDefinitionDlg.cpp">
      <Filter>Source Files</Filter>
    </ClCompile>
    <ClCompile Include="ShearData.cpp">
      <Filter>Source Files</Filter>
    </ClCompile>
    <ClCompile Include="ShearRatingArtifact.cpp">
      <Filter>Source Files</Filter>
    </ClCompile>
    <ClCompile Include="ShearZoneData.cpp">
      <Filter>Source Files</Filter>
    </ClCompile>
    <ClCompile Include="SpanData.cpp">
      <Filter>Source Files</Filter>
    </ClCompile>
    <ClCompile Include="SpanData2.cpp">
      <Filter>Source Files</Filter>
    </ClCompile>
    <ClCompile Include="SpanGirderRelatedStatusItem.cpp">
      <Filter>Source Files</Filter>
    </ClCompile>
    <ClCompile Include="SplicedGirderData.cpp">
      <Filter>Source Files</Filter>
    </ClCompile>
    <ClCompile Include="StabilityAnalysisPoint.cpp">
      <Filter>Source Files</Filter>
    </ClCompile>
    <ClCompile Include="StatusItem.cpp">
      <Filter>Source Files</Filter>
    </ClCompile>
    <ClCompile Include="StirrupCheckArtifact.cpp">
      <Filter>Source Files</Filter>
    </ClCompile>
    <ClCompile Include="StirrupCheckAtPoisArtifact.cpp">
      <Filter>Source Files</Filter>
    </ClCompile>
    <ClCompile Include="StirrupCheckAtZonesArtifact.cpp">
      <Filter>Source Files</Filter>
    </ClCompile>
    <ClCompile Include="StrandData.cpp">
      <Filter>Source Files</Filter>
    </ClCompile>
    <ClCompile Include="StrandSlopeArtifact.cpp">
      <Filter>Source Files</Filter>
    </ClCompile>
    <ClCompile Include="StrandStressArtifact.cpp">
      <Filter>Source Files</Filter>
    </ClCompile>
    <ClCompile Include="StressRatingArtifact.cpp">
      <Filter>Source Files</Filter>
    </ClCompile>
    <ClCompile Include="StressTendonActivity.cpp">
      <Filter>Source Files</Filter>
    </ClCompile>
    <ClCompile Include="TemplateManager.cpp">
      <Filter>Source Files</Filter>
    </ClCompile>
    <ClCompile Include="TemporarySupportData.cpp">
      <Filter>Source Files</Filter>
    </ClCompile>
    <ClCompile Include="TendonStressArtifact.cpp">
      <Filter>Source Files</Filter>
    </ClCompile>
    <ClCompile Include="ThreadManager.cpp">
      <Filter>Source Files</Filter>
    </ClCompile>
    <ClCompile Include="TimelineEvent.cpp">
      <Filter>Source Files</Filter>
    </ClCompile>
    <ClCompile Include="TimelineItemListBox.cpp">
      <Filter>Source Files</Filter>
    </ClCompile>
    <ClCompile Include="TimelineManager.cpp">
      <Filter>Source Files</Filter>
    </ClCompile>
    <ClCompile Include="..\MakePgz\unzip.cpp">
      <Filter>Source Files</Filter>
    </ClCompile>
    <ClCompile Include="..\MakePgz\UnzipPgz.cpp">
      <Filter>Source Files</Filter>
    </ClCompile>
    <ClCompile Include="YieldStressRatioArtifact.cpp">
      <Filter>Source Files</Filter>
    </ClCompile>
    <ClCompile Include="..\MakePgz\zip.cpp">
      <Filter>Source Files</Filter>
    </ClCompile>
    <ClCompile Include="TxnManager.cpp">
      <Filter>Source Files</Filter>
    </ClCompile>
    <ClCompile Include="BearingData2.cpp">
      <Filter>Source Files</Filter>
    </ClCompile>
    <ClCompile Include="CastLongitudinalJointActivity.cpp">
      <Filter>Source Files</Filter>
    </ClCompile>
    <ClCompile Include="TxnManager.cpp">
      <Filter>Source Files</Filter>
    </ClCompile>
    <ClCompile Include="Helpers.cpp">
      <Filter>Source Files</Filter>
    </ClCompile>
    <ClCompile Include="PlantHandlingWeightArtifact.cpp">
      <Filter>Source Files</Filter>
    </ClCompile>
    <ClCompile Include="SegmentPTData.cpp">
      <Filter>Source Files</Filter>
    </ClCompile>
    <ClCompile Include="CustomDDX.cpp">
      <Filter>Source Files</Filter>
    </ClCompile>
    <ClCompile Include="PrincipalTensionStressArtifact.cpp">
      <Filter>Source Files</Filter>
    </ClCompile>
    <ClCompile Include="PCIUHPCConcretePage.cpp">
      <Filter>Source Files</Filter>
    </ClCompile>
    <ClCompile Include="SplittingCheckArtifact.cpp">
      <Filter>Source Files</Filter>
    </ClCompile>
    <ClCompile Include="ConfinementCheckArtifact.cpp">
      <Filter>Source Files</Filter>
    </ClCompile>
    <ClCompile Include="LRFDSplittingCheckEngineer.cpp">
      <Filter>Source Files</Filter>
    </ClCompile>
    <ClCompile Include="SplittingCheckEngineer.cpp">
      <Filter>Source Files</Filter>
    </ClCompile>
    <ClCompile Include="ReinforcementFatigueArtifact.cpp">
      <Filter>Source Files</Filter>
    </ClCompile>
    <ClCompile Include="UHPCConcretePage.cpp">
      <Filter>Source Files</Filter>
    </ClCompile>
    <ClCompile Include="GeometryControlActivity.cpp">
      <Filter>Source Files</Filter>
    </ClCompile>
    <ClCompile Include="HaunchDepthInputConversionTool.cpp">
      <Filter>Source Files</Filter>
    </ClCompile>
  </ItemGroup>
  <ItemGroup>
    <ClInclude Include="..\Include\PgsExt\AASHTOConcretePage.h">
      <Filter>Header Files</Filter>
    </ClInclude>
    <ClInclude Include="..\Include\PgsExt\ACIConcretePage.h">
      <Filter>Header Files</Filter>
    </ClInclude>
    <ClInclude Include="ACIParametersDlg.h">
      <Filter>Header Files</Filter>
    </ClInclude>
    <ClInclude Include="..\Include\PgsExt\ApplyLoadActivity.h">
      <Filter>Header Files</Filter>
    </ClInclude>
    <ClInclude Include="..\Include\PgsExt\AutoLib.h">
      <Filter>Header Files</Filter>
    </ClInclude>
    <ClInclude Include="..\Include\PgsExt\BaseCommandLineInfo.h">
      <Filter>Header Files</Filter>
    </ClInclude>
    <ClInclude Include="..\Include\PgsExt\BoundaryConditionComboBox.h">
      <Filter>Header Files</Filter>
    </ClInclude>
    <ClInclude Include="BoundaryConditionDlg.h">
      <Filter>Header Files</Filter>
    </ClInclude>
    <ClInclude Include="BridgeDescription.h">
      <Filter>Header Files</Filter>
    </ClInclude>
    <ClInclude Include="..\Include\PgsExt\BridgeDescription2.h">
      <Filter>Header Files</Filter>
    </ClInclude>
    <ClInclude Include="..\Include\PgsExt\CapacityToDemand.h">
      <Filter>Header Files</Filter>
    </ClInclude>
    <ClInclude Include="..\Include\PgsExt\CastDeckActivity.h">
      <Filter>Header Files</Filter>
    </ClInclude>
    <ClInclude Include="..\Include\PgsExt\CatalogServerAppMixin.h">
      <Filter>Header Files</Filter>
    </ClInclude>
    <ClInclude Include="CatalogServerDlg.h">
      <Filter>Header Files</Filter>
    </ClInclude>
    <ClInclude Include="..\Include\PgsExt\CEBFIPConcretePage.h">
      <Filter>Header Files</Filter>
    </ClInclude>
    <ClInclude Include="CEBFIPParametersDlg.h">
      <Filter>Header Files</Filter>
    </ClInclude>
    <ClInclude Include="..\Include\PgsExt\ClosureJointData.h">
      <Filter>Header Files</Filter>
    </ClInclude>
    <ClInclude Include="..\Include\PgsExt\ColumnData.h">
      <Filter>Header Files</Filter>
    </ClInclude>
    <ClInclude Include="..\Include\PgsExt\ColumnFixityComboBox.h">
      <Filter>Header Files</Filter>
    </ClInclude>
    <ClInclude Include="..\Include\PgsExt\ConcreteDetailsDlg.h">
      <Filter>Header Files</Filter>
    </ClInclude>
    <ClInclude Include="..\Include\PgsExt\ConcreteGeneralPage.h">
      <Filter>Header Files</Filter>
    </ClInclude>
    <ClInclude Include="..\Include\PgsExt\ConcreteMaterial.h">
      <Filter>Header Files</Filter>
    </ClInclude>
    <ClInclude Include="ConfigurePGSuperDlg.h">
      <Filter>Header Files</Filter>
    </ClInclude>
    <ClInclude Include="..\Include\PgsExt\ConstructabilityArtifact.h">
      <Filter>Header Files</Filter>
    </ClInclude>
    <ClInclude Include="CopyConcreteEntry.h">
      <Filter>Header Files</Filter>
    </ClInclude>
    <ClInclude Include="..\Include\PgsExt\DebondArtifact.h">
      <Filter>Header Files</Filter>
    </ClInclude>
    <ClInclude Include="..\Include\PgsExt\DebondData.h">
      <Filter>Header Files</Filter>
    </ClInclude>
    <ClInclude Include="..\Include\PgsExt\DebondUtil.h">
      <Filter>Header Files</Filter>
    </ClInclude>
    <ClInclude Include="..\Include\PgsExt\DeckDescription.h">
      <Filter>Header Files</Filter>
    </ClInclude>
    <ClInclude Include="..\Include\PgsExt\DeckDescription2.h">
      <Filter>Header Files</Filter>
    </ClInclude>
    <ClInclude Include="..\Include\PgsExt\DeckPoint.h">
      <Filter>Header Files</Filter>
    </ClInclude>
    <ClInclude Include="..\Include\PgsExt\DeckRebarData.h">
      <Filter>Header Files</Filter>
    </ClInclude>
    <ClInclude Include="..\Include\PgsExt\DeflectionCheckArtifact.h">
      <Filter>Header Files</Filter>
    </ClInclude>
    <ClInclude Include="..\Include\PgsExt\DesignConfigUtil.h">
      <Filter>Header Files</Filter>
    </ClInclude>
    <ClInclude Include="..\Include\PgsExt\DistributedLoadData.h">
      <Filter>Header Files</Filter>
    </ClInclude>
    <ClInclude Include="..\Include\PgsExt\DuctSizeArtifact.h">
      <Filter>Header Files</Filter>
    </ClInclude>
    <ClInclude Include="..\Include\PgsExt\EditBridge.h">
      <Filter>Header Files</Filter>
    </ClInclude>
    <ClInclude Include="..\Include\PgsExt\ErectPiersActivity.h">
      <Filter>Header Files</Filter>
    </ClInclude>
    <ClInclude Include="..\Include\PgsExt\FlexuralCapacityArtifact.h">
      <Filter>Header Files</Filter>
    </ClInclude>
    <ClInclude Include="..\Include\PgsExt\FlexuralStressArtifact.h">
      <Filter>Header Files</Filter>
    </ClInclude>
    <ClInclude Include="..\Include\PgsExt\GirderArtifact.h">
      <Filter>Header Files</Filter>
    </ClInclude>
    <ClInclude Include="..\Include\PgsExt\GirderArtifactTool.h">
      <Filter>Header Files</Filter>
    </ClInclude>
    <ClInclude Include="..\Include\PgsExt\GirderData.h">
      <Filter>Header Files</Filter>
    </ClInclude>
    <ClInclude Include="..\Include\PgsExt\GirderDesignArtifact.h">
      <Filter>Header Files</Filter>
    </ClInclude>
    <ClInclude Include="..\Include\PgsExt\GirderGroupData.h">
      <Filter>Header Files</Filter>
    </ClInclude>
    <ClInclude Include="..\Include\PgsExt\GirderLabel.h">
      <Filter>Header Files</Filter>
    </ClInclude>
    <ClInclude Include="..\Include\PgsExt\GirderMaterial.h">
      <Filter>Header Files</Filter>
    </ClInclude>
    <ClInclude Include="..\Include\PgsExt\GirderModelFactory.h">
      <Filter>Header Files</Filter>
    </ClInclude>
    <ClInclude Include="GirderSpacing.h">
      <Filter>Header Files</Filter>
    </ClInclude>
    <ClInclude Include="..\Include\PgsExt\GirderSpacing2.h">
      <Filter>Header Files</Filter>
    </ClInclude>
    <ClInclude Include="GirderTypes.h">
      <Filter>Header Files</Filter>
    </ClInclude>
    <ClInclude Include="..\Include\PgsExt\HandlingData.h">
      <Filter>Header Files</Filter>
    </ClInclude>
    <ClInclude Include="..\Include\PgsExt\HaulingAnalysisArtifact.h">
      <Filter>Header Files</Filter>
    </ClInclude>
    <ClInclude Include="..\Include\PgsExt\HaunchShapeComboBox.h">
      <Filter>Header Files</Filter>
    </ClInclude>
    <ClInclude Include="..\Include\PgsExt\HoldDownForceArtifact.h">
      <Filter>Header Files</Filter>
    </ClInclude>
    <ClInclude Include="..\Include\PgsExt\InsertDeleteLoad.h">
      <Filter>Header Files</Filter>
    </ClInclude>
    <ClInclude Include="..\Include\PgsExt\IntervalTool.h">
      <Filter>Header Files</Filter>
    </ClInclude>
    <ClInclude Include="..\Include\PgsExt\KdotHaulingAnalysisArtifact.h">
      <Filter>Header Files</Filter>
    </ClInclude>
    <ClInclude Include="..\Include\PgsExt\Keys.h">
      <Filter>Header Files</Filter>
    </ClInclude>
    <ClInclude Include="..\Include\PgsExt\LiftHaulConstants.h">
      <Filter>Header Files</Filter>
    </ClInclude>
    <ClInclude Include="..\Include\PgsExt\LoadFactors.h">
      <Filter>Header Files</Filter>
    </ClInclude>
    <ClInclude Include="..\Include\PgsExt\LoadManager.h">
      <Filter>Header Files</Filter>
    </ClInclude>
    <ClInclude Include="..\Include\PgsExt\LongitudinalRebarData.h">
      <Filter>Header Files</Filter>
    </ClInclude>
    <ClInclude Include="..\Include\PgsExt\LongRebarInstance.h">
      <Filter>Header Files</Filter>
    </ClInclude>
    <ClInclude Include="..\Include\PgsExt\MacroTxn.h">
      <Filter>Header Files</Filter>
    </ClInclude>
    <ClInclude Include="..\Include\PgsExt\MomentLoadData.h">
      <Filter>Header Files</Filter>
    </ClInclude>
    <ClInclude Include="..\Include\PgsExt\MomentRatingArtifact.h">
      <Filter>Header Files</Filter>
    </ClInclude>
    <ClInclude Include="..\Include\PgsExt\PgsExt.h">
      <Filter>Header Files</Filter>
    </ClInclude>
    <ClInclude Include="..\Include\PgsExt\PgsExtExp.h">
      <Filter>Header Files</Filter>
    </ClInclude>
    <ClInclude Include="..\Include\PgsExt\PgsExtLib.h">
      <Filter>Header Files</Filter>
    </ClInclude>
    <ClInclude Include="PierData.h">
      <Filter>Header Files</Filter>
    </ClInclude>
    <ClInclude Include="..\Include\PgsExt\PierData2.h">
      <Filter>Header Files</Filter>
    </ClInclude>
    <ClInclude Include="..\Include\PgsExt\PoiArtifactKey.h">
      <Filter>Header Files</Filter>
    </ClInclude>
    <ClInclude Include="..\Include\PgsExt\PoiKey.h">
      <Filter>Header Files</Filter>
    </ClInclude>
    <ClInclude Include="..\Include\PgsExt\PoiMap.h">
      <Filter>Header Files</Filter>
    </ClInclude>
    <ClInclude Include="..\Include\PgsExt\PoiMgr.h">
      <Filter>Header Files</Filter>
    </ClInclude>
    <ClInclude Include="..\Include\PgsExt\PointLoadData.h">
      <Filter>Header Files</Filter>
    </ClInclude>
    <ClInclude Include="..\Include\PgsExt\PointOfInterest.h">
      <Filter>Header Files</Filter>
    </ClInclude>
    <ClInclude Include="..\Include\PgsExt\PoiPairMap.h">
      <Filter>Header Files</Filter>
    </ClInclude>
    <ClInclude Include="..\Include\PgsExt\PrecastIGirderDetailingArtifact.h">
      <Filter>Header Files</Filter>
    </ClInclude>
    <ClInclude Include="..\Include\PgsExt\PrecastSegmentData.h">
      <Filter>Header Files</Filter>
    </ClInclude>
    <ClInclude Include="..\Include\PgsExt\Prompts.h">
      <Filter>Header Files</Filter>
    </ClInclude>
    <ClInclude Include="..\Include\PgsExt\PTData.h">
      <Filter>Header Files</Filter>
    </ClInclude>
    <ClInclude Include="..\Include\PgsExt\RailingSystem.h">
      <Filter>Header Files</Filter>
    </ClInclude>
    <ClInclude Include="..\Include\PgsExt\RatingArtifact.h">
      <Filter>Header Files</Filter>
    </ClInclude>
    <ClInclude Include="RefinedAnalysisOptionsDlg.h">
      <Filter>Header Files</Filter>
    </ClInclude>
    <ClInclude Include="..\Include\PgsExt\RemoveTemporarySupportsActivity.h">
      <Filter>Header Files</Filter>
    </ClInclude>
    <ClInclude Include="..\Include\PgsExt\ReportPointOfInterest.h">
      <Filter>Header Files</Filter>
    </ClInclude>
    <ClInclude Include="resource.h">
      <Filter>Header Files</Filter>
    </ClInclude>
    <ClInclude Include="..\Include\PgsExt\SegmentActivity.h">
      <Filter>Header Files</Filter>
    </ClInclude>
    <ClInclude Include="..\Include\PgsExt\SegmentArtifact.h">
      <Filter>Header Files</Filter>
    </ClInclude>
    <ClInclude Include="..\Include\PgsExt\SegmentDesignArtifact.h">
      <Filter>Header Files</Filter>
    </ClInclude>
    <ClInclude Include="..\Include\PgsExt\SegmentRelatedStatusItem.h">
      <Filter>Header Files</Filter>
    </ClInclude>
    <ClInclude Include="..\Include\PgsExt\SegmentStabilityArtifact.h">
      <Filter>Header Files</Filter>
    </ClInclude>
    <ClInclude Include="SelectGirderDlg.h">
      <Filter>Header Files</Filter>
    </ClInclude>
    <ClInclude Include="..\Include\PgsExt\Selection.h">
      <Filter>Header Files</Filter>
    </ClInclude>
    <ClInclude Include="SelectPOIDlg.h">
      <Filter>Header Files</Filter>
    </ClInclude>
    <ClInclude Include="SelectSegmentDlg.h">
      <Filter>Header Files</Filter>
    </ClInclude>
    <ClInclude Include="ServerDefinitionDlg.h">
      <Filter>Header Files</Filter>
    </ClInclude>
    <ClInclude Include="..\Include\PgsExt\ShearData.h">
      <Filter>Header Files</Filter>
    </ClInclude>
    <ClInclude Include="..\Include\PgsExt\ShearRatingArtifact.h">
      <Filter>Header Files</Filter>
    </ClInclude>
    <ClInclude Include="..\Include\PgsExt\ShearZoneData.h">
      <Filter>Header Files</Filter>
    </ClInclude>
    <ClInclude Include="SpanData.h">
      <Filter>Header Files</Filter>
    </ClInclude>
    <ClInclude Include="..\Include\PgsExt\SpanData2.h">
      <Filter>Header Files</Filter>
    </ClInclude>
    <ClInclude Include="..\Include\PgsExt\SpanGirderRelatedStatusItem.h">
      <Filter>Header Files</Filter>
    </ClInclude>
    <ClInclude Include="..\Include\PgsExt\SplicedGirderData.h">
      <Filter>Header Files</Filter>
    </ClInclude>
    <ClInclude Include="..\Include\PgsExt\StabilityAnalysisPoint.h">
      <Filter>Header Files</Filter>
    </ClInclude>
    <ClInclude Include="..\Include\PgsExt\StatusItem.h">
      <Filter>Header Files</Filter>
    </ClInclude>
    <ClInclude Include="..\Include\PgsExt\StirrupCheckArtifact.h">
      <Filter>Header Files</Filter>
    </ClInclude>
    <ClInclude Include="..\Include\PgsExt\StirrupCheckAtPoisArtifact.h">
      <Filter>Header Files</Filter>
    </ClInclude>
    <ClInclude Include="..\Include\PgsExt\StirrupCheckAtZonesArtifact.h">
      <Filter>Header Files</Filter>
    </ClInclude>
    <ClInclude Include="..\Include\PgsExt\StrandData.h">
      <Filter>Header Files</Filter>
    </ClInclude>
    <ClInclude Include="..\Include\PgsExt\StrandSlopeArtifact.h">
      <Filter>Header Files</Filter>
    </ClInclude>
    <ClInclude Include="..\Include\PgsExt\StrandStressArtifact.h">
      <Filter>Header Files</Filter>
    </ClInclude>
    <ClInclude Include="..\Include\PgsExt\StressRatingArtifact.h">
      <Filter>Header Files</Filter>
    </ClInclude>
    <ClInclude Include="..\Include\PgsExt\StressTendonActivity.h">
      <Filter>Header Files</Filter>
    </ClInclude>
    <ClInclude Include="TemplateManager.h">
      <Filter>Header Files</Filter>
    </ClInclude>
    <ClInclude Include="..\Include\PgsExt\TemporarySupportData.h">
      <Filter>Header Files</Filter>
    </ClInclude>
    <ClInclude Include="..\Include\PgsExt\TendonStressArtifact.h">
      <Filter>Header Files</Filter>
    </ClInclude>
    <ClInclude Include="..\Include\PgsExt\ThreadManager.h">
      <Filter>Header Files</Filter>
    </ClInclude>
    <ClInclude Include="..\Include\PgsExt\TimelineEvent.h">
      <Filter>Header Files</Filter>
    </ClInclude>
    <ClInclude Include="..\Include\PgsExt\TimelineItemListBox.h">
      <Filter>Header Files</Filter>
    </ClInclude>
    <ClInclude Include="..\Include\PgsExt\TimelineManager.h">
      <Filter>Header Files</Filter>
    </ClInclude>
    <ClInclude Include="..\MakePgz\unzip.h">
      <Filter>Header Files</Filter>
    </ClInclude>
    <ClInclude Include="..\MakePgz\UnzipPgz.h">
      <Filter>Header Files</Filter>
    </ClInclude>
    <ClInclude Include="..\Include\PgsExt\YieldStressRatioArtifact.h">
      <Filter>Header Files</Filter>
    </ClInclude>
    <ClInclude Include="..\MakePgz\zip.h">
      <Filter>Header Files</Filter>
    </ClInclude>
    <ClInclude Include="..\Include\PgsExt\TxnManager.h">
      <Filter>Header Files</Filter>
    </ClInclude>
    <ClInclude Include="..\Include\PgsExt\BearingData2.h">
      <Filter>Header Files</Filter>
    </ClInclude>
    <ClInclude Include="..\Include\PgsExt\CastLongitudinalJointActivity.h">
      <Filter>Header Files</Filter>
    </ClInclude>
    <ClInclude Include="..\Include\PgsExt\TxnManager.h">
      <Filter>Header Files</Filter>
    </ClInclude>
    <ClInclude Include="..\Include\PgsExt\Helpers.h">
      <Filter>Header Files</Filter>
    </ClInclude>
    <ClInclude Include="..\Include\PgsExt\PlantHandlingWeightArtifact.h">
      <Filter>Header Files</Filter>
    </ClInclude>
    <ClInclude Include="..\Include\PgsExt\SegmentPTData.h">
      <Filter>Header Files</Filter>
    </ClInclude>
    <ClInclude Include="..\Include\PgsExt\CustomDDX.h">
      <Filter>Header Files</Filter>
    </ClInclude>
    <ClInclude Include="..\Include\PgsExt\PrincipalTensionStressArtifact.h">
      <Filter>Header Files</Filter>
    </ClInclude>
    <ClInclude Include="..\Include\PgsExt\ISummaryRatingArtifact.h">
      <Filter>Header Files</Filter>
    </ClInclude>
    <ClInclude Include="..\Include\PgsExt\PCIUHPCConcretePage.h">
      <Filter>Header Files</Filter>
    </ClInclude>
    <ClInclude Include="..\Include\PgsExt\SplittingCheckArtifact.h">
      <Filter>Header Files</Filter>
    </ClInclude>
    <ClInclude Include="..\Include\PgsExt\ConfinementCheckArtifact.h">
      <Filter>Header Files</Filter>
    </ClInclude>
    <ClInclude Include="..\Include\PgsExt\LRFDSplittingCheckEngineer.h">
      <Filter>Header Files</Filter>
    </ClInclude>
    <ClInclude Include="..\Include\PgsExt\SplittingCheckEngineer.h">
      <Filter>Header Files</Filter>
    </ClInclude>
    <ClInclude Include="..\Include\PgsExt\TransferLength.h">
      <Filter>Header Files</Filter>
    </ClInclude>
    <ClInclude Include="..\Include\PgsExt\DevelopmentLength.h">
      <Filter>Header Files</Filter>
    </ClInclude>
    <ClInclude Include="..\Include\PgsExt\ReinforcementFatigueArtifact.h">
      <Filter>Header Files</Filter>
    </ClInclude>
    <ClInclude Include="..\Include\PgsExt\UHPCConcretePage.h">
      <Filter>Header Files</Filter>
    </ClInclude>
    <ClInclude Include="..\Include\PgsExt\GeometryControlActivity.h">
      <Filter>Header Files</Filter>
    </ClInclude>
    <ClInclude Include="..\Include\PgsExt\HaunchDepthInputConversionTool.h">
      <Filter>Header Files</Filter>
    </ClInclude>
  </ItemGroup>
  <ItemGroup>
    <Image Include="res\bitmap2.bmp">
      <Filter>Resource Files</Filter>
    </Image>
    <Image Include="res\ColumnFixity.bmp">
      <Filter>Resource Files</Filter>
    </Image>
    <Image Include="res\Continuous.bmp">
      <Filter>Resource Files</Filter>
    </Image>
    <Image Include="res\HaunchFilleted.bmp">
      <Filter>Resource Files</Filter>
    </Image>
    <Image Include="res\globe.ico">
      <Filter>Resource Files</Filter>
    </Image>
    <Image Include="res\HaunchSquare.bmp">
      <Filter>Resource Files</Filter>
    </Image>
    <Image Include="res\InteriorPierHinges.bmp">
      <Filter>Resource Files</Filter>
    </Image>
    <Image Include="res\InteriorPierRollers.bmp">
      <Filter>Resource Files</Filter>
    </Image>
    <Image Include="res\Rollers.bmp">
      <Filter>Resource Files</Filter>
    </Image>
    <Image Include="res\Hinges.bmp">
      <Filter>Resource Files</Filter>
    </Image>
  </ItemGroup>
  <ItemGroup>
    <Filter Include="Header Files">
      <UniqueIdentifier>{315483f1-b3ef-45e5-b26a-3e5b6b0bf0f2}</UniqueIdentifier>
      <Extensions>h;hpp;hxx;hm;inl</Extensions>
    </Filter>
    <Filter Include="Source Files">
      <UniqueIdentifier>{f41edba4-e51b-421d-826b-23d1e2c90e29}</UniqueIdentifier>
      <Extensions>cpp;c;cxx;rc;def;r;odl;idl;hpj;bat</Extensions>
    </Filter>
    <Filter Include="Resource Files">
      <UniqueIdentifier>{b82ae9ef-e59e-4f9c-b9c2-1a6d6c9087fe}</UniqueIdentifier>
      <Extensions>ico;cur;bmp;dlg;rc2;rct;bin;rgs;gif;jpg;jpeg;jpe</Extensions>
    </Filter>
  </ItemGroup>
  <ItemGroup>
    <ResourceCompile Include="PgsExt.rc">
      <Filter>Resource Files</Filter>
    </ResourceCompile>
  </ItemGroup>
</Project>