<?xml version="1.0" encoding="utf-8"?>
<Project ToolsVersion="4.0" xmlns="http://schemas.microsoft.com/developer/msbuild/2003">
  <ItemGroup>
    <ClCompile Include="KDOTExporter.cxx" />
    <ClCompile Include="KDOTComponentInfo.cpp">
      <Filter>Source Files</Filter>
    </ClCompile>
    <ClCompile Include="KDOTExport.cpp">
      <Filter>Source Files</Filter>
    </ClCompile>
    <ClCompile Include="..\SharedCtrls\MultiGirderSelectGrid.cpp">
      <Filter>Source Files</Filter>
    </ClCompile>
    <ClCompile Include="KDOTDataExporter.cpp">
      <Filter>Source Files</Filter>
    </ClCompile>
    <ClCompile Include="StdAfx.cpp">
      <Filter>Source Files</Filter>
    </ClCompile>
    <ClCompile Include="ExportDlg.cpp">
      <Filter>Source Files</Filter>
    </ClCompile>
  </ItemGroup>
  <ItemGroup>
    <ClInclude Include="KDOTExporter.hxx" />
    <ClInclude Include="ExportDlg.h">
      <Filter>Header Files</Filter>
    </ClInclude>
    <ClInclude Include="KDOTComponentInfo.h">
      <Filter>Header Files</Filter>
    </ClInclude>
    <ClInclude Include="KDOTExport.h">
      <Filter>Header Files</Filter>
    </ClInclude>
    <ClInclude Include="KDOTDataExporter.h">
      <Filter>Header Files</Filter>
    </ClInclude>
    <ClInclude Include="PGSuperInterfaces.h">
      <Filter>Header Files</Filter>
    </ClInclude>
    <ClInclude Include="Resource.h">
      <Filter>Header Files</Filter>
    </ClInclude>
    <ClInclude Include="StdAfx.h">
      <Filter>Header Files</Filter>
    </ClInclude>
  </ItemGroup>
  <ItemGroup>
    <CXX_Tree_Mapping_Rule Include="Schema\KDOTExporter.xsd" />
  </ItemGroup>
  <ItemGroup>
    <None Include="KDOTExport.def" />
  </ItemGroup>
  <ItemGroup>
    <Filter Include="Header Files">
      <UniqueIdentifier>{6dd12f63-5c67-4d55-bd31-0803d8b643f3}</UniqueIdentifier>
      <Extensions>h;hpp;hxx;hm;inl</Extensions>
    </Filter>
    <Filter Include="Source Files">
      <UniqueIdentifier>{2b21c467-328b-4feb-82a4-63a18349134c}</UniqueIdentifier>
      <Extensions>cpp;c;cxx;rc;def;r;odl;idl;hpj;bat</Extensions>
    </Filter>
    <Filter Include="Resource Files">
      <UniqueIdentifier>{e88683f3-1942-4f58-b191-953ebe910c0e}</UniqueIdentifier>
      <Extensions>ico;cur;bmp;dlg;rc2;rct;bin;rgs;gif;jpg;jpeg;jpe</Extensions>
    </Filter>
  </ItemGroup>
  <ItemGroup>
    <ResourceCompile Include="KDOTExport.rc">
      <Filter>Resource Files</Filter>
    </ResourceCompile>
  </ItemGroup>
</Project>