
Microsoft Visual Studio Solution File, Format Version 10.00
# Visual Studio 2008
Project("{8BC9CEB8-8B4A-11D0-8D11-00A0C91BC942}") = "AnalysisAgent", "AnalysisAgent\AnalysisAgent.vcproj", "{13860D0C-A73B-4EA6-BCE6-5F84FC9BBCE8}"
	ProjectSection(ProjectDependencies) = postProject
		{3D4395A4-6DA8-40B5-BD41-C21104290B15} = {3D4395A4-6DA8-40B5-BD41-C21104290B15}
		{716009BE-959B-4338-80F5-69ABB0B12A91} = {716009BE-959B-4338-80F5-69ABB0B12A91}
	EndProjectSection
EndProject
Project("{8BC9CEB8-8B4A-11D0-8D11-00A0C91BC942}") = "PGSuperBeams", "Beams\Beams.vcproj", "{3DBE87D2-CEED-457B-B345-7748084D947D}"
	ProjectSection(ProjectDependencies) = postProject
		{8042F343-0709-45CC-90A6-97BE1A70FC37} = {8042F343-0709-45CC-90A6-97BE1A70FC37}
		{3D4395A4-6DA8-40B5-BD41-C21104290B15} = {3D4395A4-6DA8-40B5-BD41-C21104290B15}
		{4A38B3B0-7C87-40E8-BF6A-9D1B4051FF71} = {4A38B3B0-7C87-40E8-BF6A-9D1B4051FF71}
		{716009BE-959B-4338-80F5-69ABB0B12A91} = {716009BE-959B-4338-80F5-69ABB0B12A91}
	EndProjectSection
EndProject
Project("{8BC9CEB8-8B4A-11D0-8D11-00A0C91BC942}") = "BridgeAgent", "BridgeAgent\BridgeAgent.vcproj", "{69BE1B6C-489E-4103-8E2E-82D2EF3258E5}"
	ProjectSection(ProjectDependencies) = postProject
		{3D4395A4-6DA8-40B5-BD41-C21104290B15} = {3D4395A4-6DA8-40B5-BD41-C21104290B15}
		{4A38B3B0-7C87-40E8-BF6A-9D1B4051FF71} = {4A38B3B0-7C87-40E8-BF6A-9D1B4051FF71}
		{716009BE-959B-4338-80F5-69ABB0B12A91} = {716009BE-959B-4338-80F5-69ABB0B12A91}
	EndProjectSection
EndProject
Project("{8BC9CEB8-8B4A-11D0-8D11-00A0C91BC942}") = "EngAgent", "EngAgent\EngAgent.vcproj", "{B8979601-544D-41D7-A6A2-20A03E2473A4}"
	ProjectSection(ProjectDependencies) = postProject
		{3D4395A4-6DA8-40B5-BD41-C21104290B15} = {3D4395A4-6DA8-40B5-BD41-C21104290B15}
		{4A38B3B0-7C87-40E8-BF6A-9D1B4051FF71} = {4A38B3B0-7C87-40E8-BF6A-9D1B4051FF71}
		{716009BE-959B-4338-80F5-69ABB0B12A91} = {716009BE-959B-4338-80F5-69ABB0B12A91}
	EndProjectSection
EndProject
Project("{8BC9CEB8-8B4A-11D0-8D11-00A0C91BC942}") = "PGSuper", "PGSuper.vcproj", "{FD505388-7007-47E5-AAD1-476DF821DF7F}"
	ProjectSection(ProjectDependencies) = postProject
		{B8979601-544D-41D7-A6A2-20A03E2473A4} = {B8979601-544D-41D7-A6A2-20A03E2473A4}
		{13860D0C-A73B-4EA6-BCE6-5F84FC9BBCE8} = {13860D0C-A73B-4EA6-BCE6-5F84FC9BBCE8}
		{E8657E0C-0DAD-4ABD-A464-7A8E8B890E6F} = {E8657E0C-0DAD-4ABD-A464-7A8E8B890E6F}
		{57419822-088F-4E75-9542-1EAAE2DF49CE} = {57419822-088F-4E75-9542-1EAAE2DF49CE}
		{69436331-72BB-4359-9BCA-61BA092D2516} = {69436331-72BB-4359-9BCA-61BA092D2516}
		{2055203D-02FC-4D11-BDF0-411E9F465E93} = {2055203D-02FC-4D11-BDF0-411E9F465E93}
		{8042F343-0709-45CC-90A6-97BE1A70FC37} = {8042F343-0709-45CC-90A6-97BE1A70FC37}
		{69BE1B6C-489E-4103-8E2E-82D2EF3258E5} = {69BE1B6C-489E-4103-8E2E-82D2EF3258E5}
		{EA3BF272-0798-41E6-9A93-36392910E839} = {EA3BF272-0798-41E6-9A93-36392910E839}
		{A69BD69E-07D6-4326-B25A-938BEC2BB378} = {A69BD69E-07D6-4326-B25A-938BEC2BB378}
		{3D4395A4-6DA8-40B5-BD41-C21104290B15} = {3D4395A4-6DA8-40B5-BD41-C21104290B15}
		{4A38B3B0-7C87-40E8-BF6A-9D1B4051FF71} = {4A38B3B0-7C87-40E8-BF6A-9D1B4051FF71}
		{E9ACC1B7-6DE0-492E-A16B-0E5075074116} = {E9ACC1B7-6DE0-492E-A16B-0E5075074116}
		{716009BE-959B-4338-80F5-69ABB0B12A91} = {716009BE-959B-4338-80F5-69ABB0B12A91}
		{ECC654CE-C51A-4CFB-AD3D-1E07ED946FA5} = {ECC654CE-C51A-4CFB-AD3D-1E07ED946FA5}
		{3DBE87D2-CEED-457B-B345-7748084D947D} = {3DBE87D2-CEED-457B-B345-7748084D947D}
	EndProjectSection
EndProject
Project("{8BC9CEB8-8B4A-11D0-8D11-00A0C91BC942}") = "PGSuperIDL", "PGSuperIDL\PGSuperIDL.vcproj", "{8042F343-0709-45CC-90A6-97BE1A70FC37}"
EndProject
Project("{8BC9CEB8-8B4A-11D0-8D11-00A0C91BC942}") = "PGSuperExt", "PgsExt\PgsExt.vcproj", "{716009BE-959B-4338-80F5-69ABB0B12A91}"
	ProjectSection(ProjectDependencies) = postProject
		{3D4395A4-6DA8-40B5-BD41-C21104290B15} = {3D4395A4-6DA8-40B5-BD41-C21104290B15}
	EndProjectSection
EndProject
Project("{8BC9CEB8-8B4A-11D0-8D11-00A0C91BC942}") = "ProjectAgent", "ProjectAgent\ProjectAgent.vcproj", "{A69BD69E-07D6-4326-B25A-938BEC2BB378}"
	ProjectSection(ProjectDependencies) = postProject
		{3D4395A4-6DA8-40B5-BD41-C21104290B15} = {3D4395A4-6DA8-40B5-BD41-C21104290B15}
		{716009BE-959B-4338-80F5-69ABB0B12A91} = {716009BE-959B-4338-80F5-69ABB0B12A91}
	EndProjectSection
EndProject
Project("{8BC9CEB8-8B4A-11D0-8D11-00A0C91BC942}") = "ReportAgent", "ReportAgent\ReportAgent.vcproj", "{57419822-088F-4E75-9542-1EAAE2DF49CE}"
	ProjectSection(ProjectDependencies) = postProject
		{3D4395A4-6DA8-40B5-BD41-C21104290B15} = {3D4395A4-6DA8-40B5-BD41-C21104290B15}
		{4A38B3B0-7C87-40E8-BF6A-9D1B4051FF71} = {4A38B3B0-7C87-40E8-BF6A-9D1B4051FF71}
		{716009BE-959B-4338-80F5-69ABB0B12A91} = {716009BE-959B-4338-80F5-69ABB0B12A91}
	EndProjectSection
EndProject
Project("{8BC9CEB8-8B4A-11D0-8D11-00A0C91BC942}") = "SpecAgent", "SpecAgent\SpecAgent.vcproj", "{E9ACC1B7-6DE0-492E-A16B-0E5075074116}"
	ProjectSection(ProjectDependencies) = postProject
		{B8979601-544D-41D7-A6A2-20A03E2473A4} = {B8979601-544D-41D7-A6A2-20A03E2473A4}
		{3D4395A4-6DA8-40B5-BD41-C21104290B15} = {3D4395A4-6DA8-40B5-BD41-C21104290B15}
		{716009BE-959B-4338-80F5-69ABB0B12A91} = {716009BE-959B-4338-80F5-69ABB0B12A91}
	EndProjectSection
EndProject
Project("{8BC9CEB8-8B4A-11D0-8D11-00A0C91BC942}") = "TestAgent", "TestAgent\TestAgent.vcproj", "{ECC654CE-C51A-4CFB-AD3D-1E07ED946FA5}"
	ProjectSection(ProjectDependencies) = postProject
		{B8979601-544D-41D7-A6A2-20A03E2473A4} = {B8979601-544D-41D7-A6A2-20A03E2473A4}
		{13860D0C-A73B-4EA6-BCE6-5F84FC9BBCE8} = {13860D0C-A73B-4EA6-BCE6-5F84FC9BBCE8}
		{57419822-088F-4E75-9542-1EAAE2DF49CE} = {57419822-088F-4E75-9542-1EAAE2DF49CE}
		{8042F343-0709-45CC-90A6-97BE1A70FC37} = {8042F343-0709-45CC-90A6-97BE1A70FC37}
		{69BE1B6C-489E-4103-8E2E-82D2EF3258E5} = {69BE1B6C-489E-4103-8E2E-82D2EF3258E5}
		{A69BD69E-07D6-4326-B25A-938BEC2BB378} = {A69BD69E-07D6-4326-B25A-938BEC2BB378}
		{3D4395A4-6DA8-40B5-BD41-C21104290B15} = {3D4395A4-6DA8-40B5-BD41-C21104290B15}
		{E9ACC1B7-6DE0-492E-A16B-0E5075074116} = {E9ACC1B7-6DE0-492E-A16B-0E5075074116}
		{716009BE-959B-4338-80F5-69ABB0B12A91} = {716009BE-959B-4338-80F5-69ABB0B12A91}
		{3DBE87D2-CEED-457B-B345-7748084D947D} = {3DBE87D2-CEED-457B-B345-7748084D947D}
	EndProjectSection
EndProject
Project("{8BC9CEB8-8B4A-11D0-8D11-00A0C91BC942}") = "PGSuperLibrary", "psgLib\psgLib.vcproj", "{3D4395A4-6DA8-40B5-BD41-C21104290B15}"
	ProjectSection(ProjectDependencies) = postProject
		{8042F343-0709-45CC-90A6-97BE1A70FC37} = {8042F343-0709-45CC-90A6-97BE1A70FC37}
	EndProjectSection
EndProject
Project("{8BC9CEB8-8B4A-11D0-8D11-00A0C91BC942}") = "Reporting", "Reporting\Reporting.vcproj", "{4A38B3B0-7C87-40E8-BF6A-9D1B4051FF71}"
	ProjectSection(ProjectDependencies) = postProject
		{3D4395A4-6DA8-40B5-BD41-C21104290B15} = {3D4395A4-6DA8-40B5-BD41-C21104290B15}
		{716009BE-959B-4338-80F5-69ABB0B12A91} = {716009BE-959B-4338-80F5-69ABB0B12A91}
	EndProjectSection
EndProject
Project("{8BC9CEB8-8B4A-11D0-8D11-00A0C91BC942}") = "WSDOTAgent", "WSDOTAgent\WSDOTAgent.vcproj", "{69436331-72BB-4359-9BCA-61BA092D2516}"
	ProjectSection(ProjectDependencies) = postProject
		{4A38B3B0-7C87-40E8-BF6A-9D1B4051FF71} = {4A38B3B0-7C87-40E8-BF6A-9D1B4051FF71}
		{716009BE-959B-4338-80F5-69ABB0B12A91} = {716009BE-959B-4338-80F5-69ABB0B12A91}
	EndProjectSection
EndProject
Project("{8BC9CEB8-8B4A-11D0-8D11-00A0C91BC942}") = "TxDOTAgent", "TxDOTAgent\TxDOTAgent.vcproj", "{EA3BF272-0798-41E6-9A93-36392910E839}"
	ProjectSection(ProjectDependencies) = postProject
		{4A38B3B0-7C87-40E8-BF6A-9D1B4051FF71} = {4A38B3B0-7C87-40E8-BF6A-9D1B4051FF71}
		{716009BE-959B-4338-80F5-69ABB0B12A91} = {716009BE-959B-4338-80F5-69ABB0B12A91}
	EndProjectSection
EndProject
Project("{8BC9CEB8-8B4A-11D0-8D11-00A0C91BC942}") = "MakePgz", "MakePgz\MakePgz.vcproj", "{E8657E0C-0DAD-4ABD-A464-7A8E8B890E6F}"
EndProject
Project("{8BC9CEB8-8B4A-11D0-8D11-00A0C91BC942}") = "PGSuperAppPlugin", "PGSuperAppPlugin\PGSuperAppPlugin.vcproj", "{2055203D-02FC-4D11-BDF0-411E9F465E93}"
EndProject
Global
	GlobalSection(SolutionConfigurationPlatforms) = preSolution
		Debug|Win32 = Debug|Win32
		Release|Win32 = Release|Win32
	EndGlobalSection
	GlobalSection(ProjectConfigurationPlatforms) = postSolution
		{13860D0C-A73B-4EA6-BCE6-5F84FC9BBCE8}.Debug|Win32.ActiveCfg = Debug|Win32
		{13860D0C-A73B-4EA6-BCE6-5F84FC9BBCE8}.Debug|Win32.Build.0 = Debug|Win32
		{13860D0C-A73B-4EA6-BCE6-5F84FC9BBCE8}.Release|Win32.ActiveCfg = Release|Win32
		{13860D0C-A73B-4EA6-BCE6-5F84FC9BBCE8}.Release|Win32.Build.0 = Release|Win32
		{3DBE87D2-CEED-457B-B345-7748084D947D}.Debug|Win32.ActiveCfg = Debug|Win32
		{3DBE87D2-CEED-457B-B345-7748084D947D}.Debug|Win32.Build.0 = Debug|Win32
		{3DBE87D2-CEED-457B-B345-7748084D947D}.Release|Win32.ActiveCfg = Release|Win32
		{3DBE87D2-CEED-457B-B345-7748084D947D}.Release|Win32.Build.0 = Release|Win32
		{69BE1B6C-489E-4103-8E2E-82D2EF3258E5}.Debug|Win32.ActiveCfg = Debug|Win32
		{69BE1B6C-489E-4103-8E2E-82D2EF3258E5}.Debug|Win32.Build.0 = Debug|Win32
		{69BE1B6C-489E-4103-8E2E-82D2EF3258E5}.Release|Win32.ActiveCfg = Release|Win32
		{69BE1B6C-489E-4103-8E2E-82D2EF3258E5}.Release|Win32.Build.0 = Release|Win32
		{B8979601-544D-41D7-A6A2-20A03E2473A4}.Debug|Win32.ActiveCfg = Debug|Win32
		{B8979601-544D-41D7-A6A2-20A03E2473A4}.Debug|Win32.Build.0 = Debug|Win32
		{B8979601-544D-41D7-A6A2-20A03E2473A4}.Release|Win32.ActiveCfg = Release|Win32
		{B8979601-544D-41D7-A6A2-20A03E2473A4}.Release|Win32.Build.0 = Release|Win32
		{FD505388-7007-47E5-AAD1-476DF821DF7F}.Debug|Win32.ActiveCfg = Debug|Win32
		{FD505388-7007-47E5-AAD1-476DF821DF7F}.Debug|Win32.Build.0 = Debug|Win32
		{FD505388-7007-47E5-AAD1-476DF821DF7F}.Release|Win32.ActiveCfg = Release|Win32
		{FD505388-7007-47E5-AAD1-476DF821DF7F}.Release|Win32.Build.0 = Release|Win32
		{8042F343-0709-45CC-90A6-97BE1A70FC37}.Debug|Win32.ActiveCfg = Debug|Win32
		{8042F343-0709-45CC-90A6-97BE1A70FC37}.Debug|Win32.Build.0 = Debug|Win32
		{8042F343-0709-45CC-90A6-97BE1A70FC37}.Release|Win32.ActiveCfg = Release|Win32
		{8042F343-0709-45CC-90A6-97BE1A70FC37}.Release|Win32.Build.0 = Release|Win32
		{716009BE-959B-4338-80F5-69ABB0B12A91}.Debug|Win32.ActiveCfg = Debug|Win32
		{716009BE-959B-4338-80F5-69ABB0B12A91}.Debug|Win32.Build.0 = Debug|Win32
		{716009BE-959B-4338-80F5-69ABB0B12A91}.Release|Win32.ActiveCfg = Release|Win32
		{716009BE-959B-4338-80F5-69ABB0B12A91}.Release|Win32.Build.0 = Release|Win32
		{A69BD69E-07D6-4326-B25A-938BEC2BB378}.Debug|Win32.ActiveCfg = Debug|Win32
		{A69BD69E-07D6-4326-B25A-938BEC2BB378}.Debug|Win32.Build.0 = Debug|Win32
		{A69BD69E-07D6-4326-B25A-938BEC2BB378}.Release|Win32.ActiveCfg = Release|Win32
		{A69BD69E-07D6-4326-B25A-938BEC2BB378}.Release|Win32.Build.0 = Release|Win32
		{57419822-088F-4E75-9542-1EAAE2DF49CE}.Debug|Win32.ActiveCfg = Debug|Win32
		{57419822-088F-4E75-9542-1EAAE2DF49CE}.Debug|Win32.Build.0 = Debug|Win32
		{57419822-088F-4E75-9542-1EAAE2DF49CE}.Release|Win32.ActiveCfg = Release|Win32
		{57419822-088F-4E75-9542-1EAAE2DF49CE}.Release|Win32.Build.0 = Release|Win32
		{E9ACC1B7-6DE0-492E-A16B-0E5075074116}.Debug|Win32.ActiveCfg = Debug|Win32
		{E9ACC1B7-6DE0-492E-A16B-0E5075074116}.Debug|Win32.Build.0 = Debug|Win32
		{E9ACC1B7-6DE0-492E-A16B-0E5075074116}.Release|Win32.ActiveCfg = Release|Win32
		{E9ACC1B7-6DE0-492E-A16B-0E5075074116}.Release|Win32.Build.0 = Release|Win32
		{ECC654CE-C51A-4CFB-AD3D-1E07ED946FA5}.Debug|Win32.ActiveCfg = Debug|Win32
		{ECC654CE-C51A-4CFB-AD3D-1E07ED946FA5}.Debug|Win32.Build.0 = Debug|Win32
		{ECC654CE-C51A-4CFB-AD3D-1E07ED946FA5}.Release|Win32.ActiveCfg = Release|Win32
		{ECC654CE-C51A-4CFB-AD3D-1E07ED946FA5}.Release|Win32.Build.0 = Release|Win32
		{3D4395A4-6DA8-40B5-BD41-C21104290B15}.Debug|Win32.ActiveCfg = Debug|Win32
		{3D4395A4-6DA8-40B5-BD41-C21104290B15}.Debug|Win32.Build.0 = Debug|Win32
		{3D4395A4-6DA8-40B5-BD41-C21104290B15}.Release|Win32.ActiveCfg = Release|Win32
		{3D4395A4-6DA8-40B5-BD41-C21104290B15}.Release|Win32.Build.0 = Release|Win32
		{4A38B3B0-7C87-40E8-BF6A-9D1B4051FF71}.Debug|Win32.ActiveCfg = Debug|Win32
		{4A38B3B0-7C87-40E8-BF6A-9D1B4051FF71}.Debug|Win32.Build.0 = Debug|Win32
		{4A38B3B0-7C87-40E8-BF6A-9D1B4051FF71}.Release|Win32.ActiveCfg = Release|Win32
		{4A38B3B0-7C87-40E8-BF6A-9D1B4051FF71}.Release|Win32.Build.0 = Release|Win32
		{69436331-72BB-4359-9BCA-61BA092D2516}.Debug|Win32.ActiveCfg = Debug|Win32
		{69436331-72BB-4359-9BCA-61BA092D2516}.Debug|Win32.Build.0 = Debug|Win32
		{69436331-72BB-4359-9BCA-61BA092D2516}.Release|Win32.ActiveCfg = Release|Win32
		{69436331-72BB-4359-9BCA-61BA092D2516}.Release|Win32.Build.0 = Release|Win32
		{EA3BF272-0798-41E6-9A93-36392910E839}.Debug|Win32.ActiveCfg = Debug|Win32
		{EA3BF272-0798-41E6-9A93-36392910E839}.Debug|Win32.Build.0 = Debug|Win32
		{EA3BF272-0798-41E6-9A93-36392910E839}.Release|Win32.ActiveCfg = Release|Win32
		{EA3BF272-0798-41E6-9A93-36392910E839}.Release|Win32.Build.0 = Release|Win32
		{E8657E0C-0DAD-4ABD-A464-7A8E8B890E6F}.Debug|Win32.ActiveCfg = Debug|Win32
		{E8657E0C-0DAD-4ABD-A464-7A8E8B890E6F}.Debug|Win32.Build.0 = Debug|Win32
		{E8657E0C-0DAD-4ABD-A464-7A8E8B890E6F}.Release|Win32.ActiveCfg = Release|Win32
		{E8657E0C-0DAD-4ABD-A464-7A8E8B890E6F}.Release|Win32.Build.0 = Release|Win32
		{2055203D-02FC-4D11-BDF0-411E9F465E93}.Debug|Win32.ActiveCfg = Debug|Win32
		{2055203D-02FC-4D11-BDF0-411E9F465E93}.Debug|Win32.Build.0 = Debug|Win32
		{2055203D-02FC-4D11-BDF0-411E9F465E93}.Release|Win32.ActiveCfg = Release|Win32
		{2055203D-02FC-4D11-BDF0-411E9F465E93}.Release|Win32.Build.0 = Release|Win32
	EndGlobalSection
	GlobalSection(SolutionProperties) = preSolution
		HideSolutionNode = FALSE
	EndGlobalSection
EndGlobal
