<?xml version="1.0" encoding="utf-8"?>
<Project ToolsVersion="4.0" xmlns="http://schemas.microsoft.com/developer/msbuild/2003">
  <ItemGroup>
    <ClCompile Include="ADimChapterBuilder.cpp">
      <Filter>Source Files</Filter>
    </ClCompile>
    <ClCompile Include="AlignmentChapterBuilder.cpp">
      <Filter>Source Files</Filter>
    </ClCompile>
    <ClCompile Include="BasicCamberChapterBuilder.cpp">
      <Filter>Source Files</Filter>
    </ClCompile>
    <ClCompile Include="BearingDesignParametersChapterBuilder.cpp">
      <Filter>Source Files</Filter>
    </ClCompile>
    <ClCompile Include="BridgeAnalysisChapterBuilder.cpp">
      <Filter>Source Files</Filter>
    </ClCompile>
    <ClCompile Include="BridgeAnalysisReportDlg.cpp">
      <Filter>Source Files</Filter>
    </ClCompile>
    <ClCompile Include="BridgeAnalysisReportSpecification.cpp">
      <Filter>Source Files</Filter>
    </ClCompile>
    <ClCompile Include="BridgeAnalysisReportSpecificationBuilder.cpp">
      <Filter>Source Files</Filter>
    </ClCompile>
    <ClCompile Include="BridgeDescChapterBuilder.cpp">
      <Filter>Source Files</Filter>
    </ClCompile>
    <ClCompile Include="BridgeDescDetailsChapterBuilder.cpp">
      <Filter>Source Files</Filter>
    </ClCompile>
    <ClCompile Include="BrokerReportSpecification.cpp">
      <Filter>Source Files</Filter>
    </ClCompile>
    <ClCompile Include="BrokerReportSpecificationBuilder.cpp">
      <Filter>Source Files</Filter>
    </ClCompile>
    <ClCompile Include="SplittingCheckDetailsChapterBuilder.cpp">
      <Filter>Source Files</Filter>
    </ClCompile>
    <ClCompile Include="CamberChapterBuilder.cpp">
      <Filter>Source Files</Filter>
    </ClCompile>
    <ClCompile Include="CamberTable.cpp">
      <Filter>Source Files</Filter>
    </ClCompile>
    <ClCompile Include="CastingYardMomentsTable.cpp">
      <Filter>Source Files</Filter>
    </ClCompile>
    <ClCompile Include="CastingYardRebarRequirementChapterBuilder.cpp">
      <Filter>Source Files</Filter>
    </ClCompile>
    <ClCompile Include="CastingYardStressTable.cpp">
      <Filter>Source Files</Filter>
    </ClCompile>
    <ClCompile Include="ColumnPropertiesTable.cpp">
      <Filter>Source Files</Filter>
    </ClCompile>
    <ClCompile Include="CombinedAxialTable.cpp">
      <Filter>Source Files</Filter>
    </ClCompile>
    <ClCompile Include="CombinedMomentsTable.cpp">
      <Filter>Source Files</Filter>
    </ClCompile>
    <ClCompile Include="CombinedReactionTable.cpp">
      <Filter>Source Files</Filter>
    </ClCompile>
    <ClCompile Include="CombinedShearTable.cpp">
      <Filter>Source Files</Filter>
    </ClCompile>
    <ClCompile Include="CombinedStressTable.cpp">
      <Filter>Source Files</Filter>
    </ClCompile>
    <ClCompile Include="ConcurrentShearTable.cpp">
      <Filter>Source Files</Filter>
    </ClCompile>
    <ClCompile Include="ConstructabilityCheckTable.cpp">
      <Filter>Source Files</Filter>
    </ClCompile>
    <ClCompile Include="ContinuityCheck.cpp">
      <Filter>Source Files</Filter>
    </ClCompile>
    <ClCompile Include="CrackedSectionDetailsChapterBuilder.cpp">
      <Filter>Source Files</Filter>
    </ClCompile>
    <ClCompile Include="CreepCoefficientChapterBuilder.cpp">
      <Filter>Source Files</Filter>
    </ClCompile>
    <ClCompile Include="CritSectionChapterBuilder.cpp">
      <Filter>Source Files</Filter>
    </ClCompile>
    <ClCompile Include="DebondCheckTable.cpp">
      <Filter>Source Files</Filter>
    </ClCompile>
    <ClCompile Include="DeckElevationChapterBuilder.cpp">
      <Filter>Source Files</Filter>
    </ClCompile>
    <ClCompile Include="DesignOutcomeChapterBuilder.cpp">
      <Filter>Source Files</Filter>
    </ClCompile>
    <ClCompile Include="DevLengthDetailsChapterBuilder.cpp">
      <Filter>Source Files</Filter>
    </ClCompile>
    <ClCompile Include="DistributionFactorDetailsChapterBuilder.cpp">
      <Filter>Source Files</Filter>
    </ClCompile>
    <ClCompile Include="DistributionFactorSummaryChapterBuilder.cpp">
      <Filter>Source Files</Filter>
    </ClCompile>
    <ClCompile Include="DuctGeometryCheckTable.cpp">
      <Filter>Source Files</Filter>
    </ClCompile>
    <ClCompile Include="DuctSizeCheckTable.cpp">
      <Filter>Source Files</Filter>
    </ClCompile>
    <ClCompile Include="EffFlangeWidthDetailsChapterBuilder.cpp">
      <Filter>Source Files</Filter>
    </ClCompile>
    <ClCompile Include="EquilibriumCheckChapterBuilder.cpp">
      <Filter>Source Files</Filter>
    </ClCompile>
    <ClCompile Include="EquilibriumCheckDlg.cpp">
      <Filter>Source Files</Filter>
    </ClCompile>
    <ClCompile Include="EquilibriumCheckReportSpecification.cpp">
      <Filter>Source Files</Filter>
    </ClCompile>
    <ClCompile Include="EquilibriumCheckReportSpecificationBuilder.cpp">
      <Filter>Source Files</Filter>
    </ClCompile>
    <ClCompile Include="FinalLossesChapterBuilder.cpp">
      <Filter>Source Files</Filter>
    </ClCompile>
    <ClCompile Include="FlexuralCapacityCheckTable.cpp">
      <Filter>Source Files</Filter>
    </ClCompile>
    <ClCompile Include="FlexuralStressCheckTable.cpp">
      <Filter>Source Files</Filter>
    </ClCompile>
    <ClCompile Include="GirderDetailingCheck.cpp">
      <Filter>Source Files</Filter>
    </ClCompile>
    <ClCompile Include="GirderGeometryChapterBuilder.cpp">
      <Filter>Source Files</Filter>
    </ClCompile>
    <ClCompile Include="GirderSeedDataComparisonParagraph.cpp">
      <Filter>Source Files</Filter>
    </ClCompile>
    <ClCompile Include="HaulingCheck.cpp">
      <Filter>Source Files</Filter>
    </ClCompile>
    <ClCompile Include="HaulingCheckChapterBuilder.cpp">
      <Filter>Source Files</Filter>
    </ClCompile>
    <ClCompile Include="HaulingCheckDetailsChapterBuilder.cpp">
      <Filter>Source Files</Filter>
    </ClCompile>
    <ClCompile Include="HoldDownForceArtifact.cpp">
      <Filter>Source Files</Filter>
    </ClCompile>
    <ClCompile Include="InitialStrainAnalysisChapterBuilder.cpp">
      <Filter>Source Files</Filter>
    </ClCompile>
    <ClCompile Include="InitialStrainAnalysisDlg.cpp">
      <Filter>Source Files</Filter>
    </ClCompile>
    <ClCompile Include="InitialStrainAnalysisReportSpecification.cpp">
      <Filter>Source Files</Filter>
    </ClCompile>
    <ClCompile Include="InitialStrainAnalysisReportSpecificationBuilder.cpp">
      <Filter>Source Files</Filter>
    </ClCompile>
    <ClCompile Include="InterfaceShearDetails.cpp">
      <Filter>Source Files</Filter>
    </ClCompile>
    <ClCompile Include="InterfaceShearTable.cpp">
      <Filter>Source Files</Filter>
    </ClCompile>
    <ClCompile Include="InternalForceChapterBuilder.cpp">
      <Filter>Source Files</Filter>
    </ClCompile>
    <ClCompile Include="IntervalChapterBuilder.cpp">
      <Filter>Source Files</Filter>
    </ClCompile>
    <ClCompile Include="LibraryUsageParagraph.cpp">
      <Filter>Source Files</Filter>
    </ClCompile>
    <ClCompile Include="LibraryUsageTable.cpp">
      <Filter>Source Files</Filter>
    </ClCompile>
    <ClCompile Include="LiftingCheck.cpp">
      <Filter>Source Files</Filter>
    </ClCompile>
    <ClCompile Include="LiftingCheckChapterBuilder.cpp">
      <Filter>Source Files</Filter>
    </ClCompile>
    <ClCompile Include="LiftingCheckDetailsChapterBuilder.cpp">
      <Filter>Source Files</Filter>
    </ClCompile>
    <ClCompile Include="LiveLoadDetailsChapterBuilder.cpp">
      <Filter>Source Files</Filter>
    </ClCompile>
    <ClCompile Include="LiveLoadDistributionFactorTable.cpp">
      <Filter>Source Files</Filter>
    </ClCompile>
    <ClCompile Include="LoadingDetailsChapterBuilder.cpp">
      <Filter>Source Files</Filter>
    </ClCompile>
    <ClCompile Include="LoadRatingChapterBuilder.cpp">
      <Filter>Source Files</Filter>
    </ClCompile>
    <ClCompile Include="LoadRatingDetailsChapterBuilder.cpp">
      <Filter>Source Files</Filter>
    </ClCompile>
    <ClCompile Include="LoadRatingReactionsChapterBuilder.cpp">
      <Filter>Source Files</Filter>
    </ClCompile>
    <ClCompile Include="LoadRatingReportSpecificationBuilder.cpp">
      <Filter>Source Files</Filter>
    </ClCompile>
    <ClCompile Include="LongitudinalReinforcementForShearLoadRatingChapterBuilder.cpp">
      <Filter>Source Files</Filter>
    </ClCompile>
    <ClCompile Include="LongRebarLocations.cpp">
      <Filter>Source Files</Filter>
    </ClCompile>
    <ClCompile Include="LongReinfShearCheck.cpp">
      <Filter>Source Files</Filter>
    </ClCompile>
    <ClCompile Include="LongReinfShearCheckChapterBuilder.cpp">
      <Filter>Source Files</Filter>
    </ClCompile>
    <ClCompile Include="LossesChapterBuilder.cpp">
      <Filter>Source Files</Filter>
    </ClCompile>
    <ClCompile Include="LRFDCreepCoefficientChapterBuilder.cpp">
      <Filter>Source Files</Filter>
    </ClCompile>
    <ClCompile Include="MomentCapacityDetailsChapterBuilder.cpp">
      <Filter>Source Files</Filter>
    </ClCompile>
    <ClCompile Include="MomentCapacityParagraphBuilder.cpp">
      <Filter>Source Files</Filter>
    </ClCompile>
    <ClCompile Include="MultiGirderHaunchGeometryChapterBuilder.cpp">
      <Filter>Source Files</Filter>
    </ClCompile>
    <ClCompile Include="MultiGirderReportDlg.cpp">
      <Filter>Source Files</Filter>
    </ClCompile>
    <ClCompile Include="..\SharedCtrls\MultiGirderSelectGrid.cpp">
      <Filter>Source Files</Filter>
    </ClCompile>
    <ClCompile Include="MultiViewReportDlg.cpp">
      <Filter>Source Files</Filter>
    </ClCompile>
    <ClCompile Include="MVRChapterBuilder.cpp">
      <Filter>Source Files</Filter>
    </ClCompile>
    <ClCompile Include="NetGirderPropertiesTable.cpp">
      <Filter>Source Files</Filter>
    </ClCompile>
    <ClCompile Include="OptimizedFabricationChapterBuilder.cpp">
      <Filter>Source Files</Filter>
    </ClCompile>
    <ClCompile Include="OptionalDeflectionCheck.cpp">
      <Filter>Source Files</Filter>
    </ClCompile>
    <ClCompile Include="PGSpliceTitlePageBuilder.cpp">
      <Filter>Source Files</Filter>
    </ClCompile>
    <ClCompile Include="PGSuperChapterBuilder.cpp">
      <Filter>Source Files</Filter>
    </ClCompile>
    <ClCompile Include="PGSuperTitlePageBuilder.cpp">
      <Filter>Source Files</Filter>
    </ClCompile>
    <ClCompile Include="PierGeometryChapterBuilder.cpp">
      <Filter>Source Files</Filter>
    </ClCompile>
    <ClCompile Include="PierReactionChapterBuilder.cpp">
      <Filter>Source Files</Filter>
    </ClCompile>
    <ClCompile Include="PointOfInterestChapterBuilder.cpp">
      <Filter>Source Files</Filter>
    </ClCompile>
    <ClCompile Include="PosttensionStressTable.cpp">
      <Filter>Source Files</Filter>
    </ClCompile>
    <ClCompile Include="PrestressForceChapterBuilder.cpp">
      <Filter>Source Files</Filter>
    </ClCompile>
    <ClCompile Include="PrestressLossTable.cpp">
      <Filter>Source Files</Filter>
    </ClCompile>
    <ClCompile Include="PretensionStressTable.cpp">
      <Filter>Source Files</Filter>
    </ClCompile>
    <ClCompile Include="ProductAxialTable.cpp">
      <Filter>Source Files</Filter>
    </ClCompile>
    <ClCompile Include="ProductDisplacementsTable.cpp">
      <Filter>Source Files</Filter>
    </ClCompile>
    <ClCompile Include="ProductForcesChapterBuilder.cpp">
      <Filter>Source Files</Filter>
    </ClCompile>
    <ClCompile Include="ProductMomentsTable.cpp">
      <Filter>Source Files</Filter>
    </ClCompile>
    <ClCompile Include="ProductReactionTable.cpp">
      <Filter>Source Files</Filter>
    </ClCompile>
    <ClCompile Include="ProductRotationTable.cpp">
      <Filter>Source Files</Filter>
    </ClCompile>
    <ClCompile Include="ProductShearTable.cpp">
      <Filter>Source Files</Filter>
    </ClCompile>
    <ClCompile Include="ProductStressTable.cpp">
      <Filter>Source Files</Filter>
    </ClCompile>
    <ClCompile Include="ProjectCriteriaChapterBuilder.cpp">
      <Filter>Source Files</Filter>
    </ClCompile>
    <ClCompile Include="RatingSummaryTable.cpp">
      <Filter>Source Files</Filter>
    </ClCompile>
    <ClCompile Include="ReactionInterfaceAdapters.cpp">
      <Filter>Source Files</Filter>
    </ClCompile>
    <ClCompile Include="RMultiGirderSelectDlg.cpp">
      <Filter>Source Files</Filter>
    </ClCompile>
    <ClCompile Include="SectPropChapterBuilder.cpp">
      <Filter>Source Files</Filter>
    </ClCompile>
    <ClCompile Include="SectPropTable.cpp">
      <Filter>Source Files</Filter>
    </ClCompile>
    <ClCompile Include="SectPropTable2.cpp">
      <Filter>Source Files</Filter>
    </ClCompile>
    <ClCompile Include="SelectPointOfInterestDlg.cpp">
      <Filter>Source Files</Filter>
    </ClCompile>
    <ClCompile Include="ShearCapacityDetailsChapterBuilder.cpp">
      <Filter>Source Files</Filter>
    </ClCompile>
    <ClCompile Include="ShearCheckTable.cpp">
      <Filter>Source Files</Filter>
    </ClCompile>
    <ClCompile Include="ShrinkageStrainChapterBuilder.cpp">
      <Filter>Source Files</Filter>
    </ClCompile>
    <ClCompile Include="SpanDataChapterBuilder.cpp">
      <Filter>Source Files</Filter>
    </ClCompile>
    <ClCompile Include="SpanGirderReportDlg.cpp">
      <Filter>Source Files</Filter>
    </ClCompile>
    <ClCompile Include="SpanGirderReportSpecification.cpp">
      <Filter>Source Files</Filter>
    </ClCompile>
    <ClCompile Include="SpanGirderReportSpecificationBuilder.cpp">
      <Filter>Source Files</Filter>
    </ClCompile>
    <ClCompile Include="SpecCheckChapterBuilder.cpp">
      <Filter>Source Files</Filter>
    </ClCompile>
    <ClCompile Include="SpecCheckSummaryChapterBuilder.cpp">
      <Filter>Source Files</Filter>
    </ClCompile>
    <ClCompile Include="stdafx.cpp">
      <Filter>Source Files</Filter>
    </ClCompile>
    <ClCompile Include="StirrupDetailingCheckChapterBuilder.cpp">
      <Filter>Source Files</Filter>
    </ClCompile>
    <ClCompile Include="StirrupDetailingCheckTable.cpp">
      <Filter>Source Files</Filter>
    </ClCompile>
    <ClCompile Include="StirrupTable.cpp">
      <Filter>Source Files</Filter>
    </ClCompile>
    <ClCompile Include="StrandEccentricities.cpp">
      <Filter>Source Files</Filter>
    </ClCompile>
    <ClCompile Include="StrandEccTable.cpp">
      <Filter>Source Files</Filter>
    </ClCompile>
    <ClCompile Include="StrandLocations.cpp">
      <Filter>Source Files</Filter>
    </ClCompile>
    <ClCompile Include="StrandSlopeCheck.cpp">
      <Filter>Source Files</Filter>
    </ClCompile>
    <ClCompile Include="StrandStressCheckTable.cpp">
      <Filter>Source Files</Filter>
    </ClCompile>
    <ClCompile Include="StressChapterBuilder.cpp">
      <Filter>Source Files</Filter>
    </ClCompile>
    <ClCompile Include="TemporarySupportReactionChapterBuilder.cpp">
      <Filter>Source Files</Filter>
    </ClCompile>
    <ClCompile Include="TendonStressCheckTable.cpp">
      <Filter>Source Files</Filter>
    </ClCompile>
    <ClCompile Include="TimeStepCamberChapterBuilder.cpp">
      <Filter>Source Files</Filter>
    </ClCompile>
    <ClCompile Include="TimeStepDetailsChapterBuilder.cpp">
      <Filter>Source Files</Filter>
    </ClCompile>
    <ClCompile Include="TimeStepDetailsDlg.cpp">
      <Filter>Source Files</Filter>
    </ClCompile>
    <ClCompile Include="TimeStepDetailsReportSpecification.cpp">
      <Filter>Source Files</Filter>
    </ClCompile>
    <ClCompile Include="TimeStepDetailsReportSpecificationBuilder.cpp">
      <Filter>Source Files</Filter>
    </ClCompile>
    <ClCompile Include="TimeStepParametersChapterBuilder.cpp">
      <Filter>Source Files</Filter>
    </ClCompile>
    <ClCompile Include="UserAxialTable.cpp">
      <Filter>Source Files</Filter>
    </ClCompile>
    <ClCompile Include="UserDefinedLoadsChapterBuilder.cpp">
      <Filter>Source Files</Filter>
    </ClCompile>
    <ClCompile Include="UserDisplacementsTable.cpp">
      <Filter>Source Files</Filter>
    </ClCompile>
    <ClCompile Include="UserMomentsTable.cpp">
      <Filter>Source Files</Filter>
    </ClCompile>
    <ClCompile Include="UserReactionTable.cpp">
      <Filter>Source Files</Filter>
    </ClCompile>
    <ClCompile Include="UserRotationTable.cpp">
      <Filter>Source Files</Filter>
    </ClCompile>
    <ClCompile Include="UserShearTable.cpp">
      <Filter>Source Files</Filter>
    </ClCompile>
    <ClCompile Include="UserStressTable.cpp">
      <Filter>Source Files</Filter>
    </ClCompile>
    <ClCompile Include="VehicularLoadReactionTable.cpp">
      <Filter>Source Files</Filter>
    </ClCompile>
    <ClCompile Include="VehicularLoadResultsTable.cpp">
      <Filter>Source Files</Filter>
    </ClCompile>
    <ClCompile Include="Reporting.cpp">
      <Filter>Source Files</Filter>
    </ClCompile>
    <ClCompile Include="BearingSeatElevationsChapterBuilder2.cpp">
      <Filter>Source Files</Filter>
    </ClCompile>
    <ClCompile Include="BearingSeatElevationsDetailsChapterBuilder2.cpp">
      <Filter>Source Files</Filter>
    </ClCompile>
    <ClCompile Include="LoadRatingReportDlg.cpp">
      <Filter>Source Files</Filter>
    </ClCompile>
    <ClCompile Include="PrestressRotationTable.cpp">
      <Filter>Source Files</Filter>
    </ClCompile>
    <ClCompile Include="TemporarySupportElevationsChapterBuilder.cpp">
      <Filter>Source Files</Filter>
    </ClCompile>
    <ClCompile Include="TemporarySupportElevationDetailsChapterBuilder.cpp">
      <Filter>Source Files</Filter>
    </ClCompile>
    <ClCompile Include="PlantHandlingCheck.cpp">
      <Filter>Source Files</Filter>
    </ClCompile>
    <ClCompile Include="GirderTendonGeometryChapterBuilder.cpp">
      <Filter>Source Files</Filter>
    </ClCompile>
    <ClCompile Include="SegmentTendonGeometryChapterBuilder.cpp">
      <Filter>Source Files</Filter>
    </ClCompile>
    <ClCompile Include="HorizontalInterfaceShearCapacityDetailsChapterBuilder.cpp">
      <Filter>Source Files</Filter>
    </ClCompile>
    <ClCompile Include="PrincipalTensionStressCheckTable.cpp">
      <Filter>Source Files</Filter>
    </ClCompile>
    <ClCompile Include="PrincipalTensionStressDetailsChapterBuilder.cpp">
      <Filter>Source Files</Filter>
    </ClCompile>
    <ClCompile Include="LoadRatingSummaryReportDlg.cpp">
      <Filter>Source Files</Filter>
    </ClCompile>
    <ClCompile Include="TimelineChapterBuilder.cpp">
      <Filter>Source Files</Filter>
    </ClCompile>
    <ClCompile Include="TimelineManagerReportSpecification.cpp">
      <Filter>Source Files</Filter>
    </ClCompile>
    <ClCompile Include="TimelineManagerReportSpecificationBuilder.cpp">
      <Filter>Source Files</Filter>
    </ClCompile>
    <ClCompile Include="PrincipalWebStressDetailsChapterBuilder.cpp">
      <Filter>Source Files</Filter>
    </ClCompile>
    <ClCompile Include="PrincipalWebStressDetailsDlg.cpp">
      <Filter>Source Files</Filter>
    </ClCompile>
    <ClCompile Include="PrincipalWebStressDetailsReportSpecification.cpp">
      <Filter>Source Files</Filter>
    </ClCompile>
    <ClCompile Include="PrincipalWebStressDetailsReportSpecificationBuilder.cpp">
      <Filter>Source Files</Filter>
    </ClCompile>
    <ClCompile Include="CopyGirderPropertiesChapterBuilder.cpp">
      <Filter>Source Files</Filter>
    </ClCompile>
    <ClCompile Include="CopyGirderPropertiesReportSpecification.cpp">
      <Filter>Source Files</Filter>
    </ClCompile>
    <ClCompile Include="CopyGirderPropertiesReportSpecificationBuilder.cpp">
      <Filter>Source Files</Filter>
    </ClCompile>
    <ClCompile Include="CopyPierPropertiesChapterBuilder.cpp">
      <Filter>Source Files</Filter>
    </ClCompile>
    <ClCompile Include="CopyPierPropertiesReportSpecification.cpp">
      <Filter>Source Files</Filter>
    </ClCompile>
    <ClCompile Include="CopyPierPropertiesReportSpecificationBuilder.cpp">
      <Filter>Source Files</Filter>
    </ClCompile>
    <ClCompile Include="CopyTempSupportPropertiesChapterBuilder.cpp">
      <Filter>Source Files</Filter>
    </ClCompile>
    <ClCompile Include="CopyTempSupportPropertiesReportSpecification.cpp">
      <Filter>Source Files</Filter>
    </ClCompile>
    <ClCompile Include="CopyTempSupportPropertiesReportSpecificationBuilder.cpp">
      <Filter>Source Files</Filter>
    </ClCompile>
    <ClCompile Include="SelectMomentCapacitySectionDlg.cpp">
      <Filter>Source Files</Filter>
    </ClCompile>
    <ClCompile Include="SelectCrackedSectionDlg.cpp">
      <Filter>Source Files</Filter>
    </ClCompile>
    <ClCompile Include="MomentCapacityReportSpecificationBuilder.cpp">
      <Filter>Source Files</Filter>
    </ClCompile>
    <ClCompile Include="MomentCapacityReportSpecification.cpp">
      <Filter>Source Files</Filter>
    </ClCompile>
    <ClCompile Include="MomentCapacityChapterBuilder.cpp">
      <Filter>Source Files</Filter>
    </ClCompile>
    <ClCompile Include="CrackedSectionReportSpecificationBuilder.cpp">
      <Filter>Source Files</Filter>
    </ClCompile>
    <ClCompile Include="CrackedSectionReportSpecification.cpp">
      <Filter>Source Files</Filter>
    </ClCompile>
    <ClCompile Include="CrackedSectionChapterBuilder.cpp">
      <Filter>Source Files</Filter>
    </ClCompile>
    <ClCompile Include="PoiReportSpecification.cpp">
      <Filter>Source Files</Filter>
    </ClCompile>
  </ItemGroup>
  <ItemGroup>
    <ClInclude Include="..\Include\Reporting\ADimChapterBuilder.h">
      <Filter>Header Files</Filter>
    </ClInclude>
    <ClInclude Include="..\Include\Reporting\AlignmentChapterBuilder.h">
      <Filter>Header Files</Filter>
    </ClInclude>
    <ClInclude Include="..\Include\Reporting\AutoLib.h">
      <Filter>Header Files</Filter>
    </ClInclude>
    <ClInclude Include="..\Include\Reporting\BasicCamberChapterBuilder.h">
      <Filter>Header Files</Filter>
    </ClInclude>
    <ClInclude Include="..\Include\Reporting\BearingDesignParametersChapterBuilder.h">
      <Filter>Header Files</Filter>
    </ClInclude>
    <ClInclude Include="..\Include\Reporting\BridgeAnalysisChapterBuilder.h">
      <Filter>Header Files</Filter>
    </ClInclude>
    <ClInclude Include="..\Include\Reporting\BridgeAnalysisReportDlg.h">
      <Filter>Header Files</Filter>
    </ClInclude>
    <ClInclude Include="..\Include\Reporting\BridgeAnalysisReportSpecification.h">
      <Filter>Header Files</Filter>
    </ClInclude>
    <ClInclude Include="..\Include\Reporting\BridgeAnalysisReportSpecificationBuilder.h">
      <Filter>Header Files</Filter>
    </ClInclude>
    <ClInclude Include="..\Include\Reporting\BridgeDescChapterBuilder.h">
      <Filter>Header Files</Filter>
    </ClInclude>
    <ClInclude Include="..\Include\Reporting\BridgeDescDetailsChapterBuilder.h">
      <Filter>Header Files</Filter>
    </ClInclude>
    <ClInclude Include="..\Include\Reporting\BrokerReportSpecification.h">
      <Filter>Header Files</Filter>
    </ClInclude>
    <ClInclude Include="..\Include\Reporting\BrokerReportSpecificationBuilder.h">
      <Filter>Header Files</Filter>
    </ClInclude>
    <ClInclude Include="..\Include\Reporting\CamberChapterBuilder.h">
      <Filter>Header Files</Filter>
    </ClInclude>
    <ClInclude Include="..\Include\Reporting\CamberTable.h">
      <Filter>Header Files</Filter>
    </ClInclude>
    <ClInclude Include="..\Include\Reporting\CastingYardMomentsTable.h">
      <Filter>Header Files</Filter>
    </ClInclude>
    <ClInclude Include="..\Include\Reporting\CastingYardRebarRequirementChapterBuilder.h">
      <Filter>Header Files</Filter>
    </ClInclude>
    <ClInclude Include="..\Include\Reporting\CastingYardStressTable.h">
      <Filter>Header Files</Filter>
    </ClInclude>
    <ClInclude Include="..\Include\Reporting\ColumnPropertiesTable.h">
      <Filter>Header Files</Filter>
    </ClInclude>
    <ClInclude Include="..\Include\Reporting\CombinedAxialTable.h">
      <Filter>Header Files</Filter>
    </ClInclude>
    <ClInclude Include="..\Include\Reporting\CombinedMomentsTable.h">
      <Filter>Header Files</Filter>
    </ClInclude>
    <ClInclude Include="..\Include\Reporting\CombinedReactionTable.h">
      <Filter>Header Files</Filter>
    </ClInclude>
    <ClInclude Include="..\Include\Reporting\CombinedShearTable.h">
      <Filter>Header Files</Filter>
    </ClInclude>
    <ClInclude Include="..\Include\Reporting\CombinedStressTable.h">
      <Filter>Header Files</Filter>
    </ClInclude>
    <ClInclude Include="..\Include\Reporting\ConcurrentShearTable.h">
      <Filter>Header Files</Filter>
    </ClInclude>
    <ClInclude Include="..\Include\Reporting\ConfinementCheckTable.h">
      <Filter>Header Files</Filter>
    </ClInclude>
    <ClInclude Include="..\Include\Reporting\ConstructabilityCheckTable.h">
      <Filter>Header Files</Filter>
    </ClInclude>
    <ClInclude Include="..\Include\Reporting\ContinuityCheck.h">
      <Filter>Header Files</Filter>
    </ClInclude>
    <ClInclude Include="..\Include\Reporting\CreepCoefficientChapterBuilder.h">
      <Filter>Header Files</Filter>
    </ClInclude>
    <ClInclude Include="..\Include\Reporting\CritSectionChapterBuilder.h">
      <Filter>Header Files</Filter>
    </ClInclude>
    <ClInclude Include="..\Include\Reporting\DebondCheckTable.h">
      <Filter>Header Files</Filter>
    </ClInclude>
    <ClInclude Include="..\Include\Reporting\DeckElevationChapterBuilder.h">
      <Filter>Header Files</Filter>
    </ClInclude>
    <ClInclude Include="..\Include\Reporting\DesignOutcomeChapterBuilder.h">
      <Filter>Header Files</Filter>
    </ClInclude>
    <ClInclude Include="..\Include\Reporting\DevLengthDetailsChapterBuilder.h">
      <Filter>Header Files</Filter>
    </ClInclude>
    <ClInclude Include="..\Include\Reporting\DistributionFactorDetailsChapterBuilder.h">
      <Filter>Header Files</Filter>
    </ClInclude>
    <ClInclude Include="..\Include\Reporting\DistributionFactorSummaryChapterBuilder.h">
      <Filter>Header Files</Filter>
    </ClInclude>
    <ClInclude Include="..\Include\Reporting\DuctGeometryCheckTable.h">
      <Filter>Header Files</Filter>
    </ClInclude>
    <ClInclude Include="..\Include\Reporting\DuctSizeCheckTable.h">
      <Filter>Header Files</Filter>
    </ClInclude>
    <ClInclude Include="..\Include\Reporting\EffFlangeWidthDetailsChapterBuilder.h">
      <Filter>Header Files</Filter>
    </ClInclude>
    <ClInclude Include="..\Include\Reporting\EquilibriumCheckChapterBuilder.h">
      <Filter>Header Files</Filter>
    </ClInclude>
    <ClInclude Include="EquilibriumCheckDlg.h">
      <Filter>Header Files</Filter>
    </ClInclude>
    <ClInclude Include="..\Include\Reporting\EquilibriumCheckReportSpecification.h">
      <Filter>Header Files</Filter>
    </ClInclude>
    <ClInclude Include="..\Include\Reporting\EquilibriumCheckReportSpecificationBuilder.h">
      <Filter>Header Files</Filter>
    </ClInclude>
    <ClInclude Include="..\Include\Reporting\FinalLossesChapterBuilder.h">
      <Filter>Header Files</Filter>
    </ClInclude>
    <ClInclude Include="..\Include\Reporting\FlexuralCapacityCheckTable.h">
      <Filter>Header Files</Filter>
    </ClInclude>
    <ClInclude Include="..\Include\Reporting\FlexuralStressCheckTable.h">
      <Filter>Header Files</Filter>
    </ClInclude>
    <ClInclude Include="..\Include\Reporting\GirderDetailingCheck.h">
      <Filter>Header Files</Filter>
    </ClInclude>
    <ClInclude Include="..\Include\Reporting\GirderSeedDataComparisonParagraph.h">
      <Filter>Header Files</Filter>
    </ClInclude>
    <ClInclude Include="..\Include\Reporting\HaulingCheck.h">
      <Filter>Header Files</Filter>
    </ClInclude>
    <ClInclude Include="..\Include\Reporting\HaulingCheckChapterBuilder.h">
      <Filter>Header Files</Filter>
    </ClInclude>
    <ClInclude Include="..\Include\Reporting\HaulingCheckDetailsChapterBuilder.h">
      <Filter>Header Files</Filter>
    </ClInclude>
    <ClInclude Include="..\Include\Reporting\HoldDownForceCheck.h">
      <Filter>Header Files</Filter>
    </ClInclude>
    <ClInclude Include="..\Include\Reporting\InitialStrainAnalysisChapterBuilder.h">
      <Filter>Header Files</Filter>
    </ClInclude>
    <ClInclude Include="InitialStrainAnalysisDlg.h">
      <Filter>Header Files</Filter>
    </ClInclude>
    <ClInclude Include="..\Include\Reporting\InitialStrainAnalysisReportSpecification.h">
      <Filter>Header Files</Filter>
    </ClInclude>
    <ClInclude Include="..\Include\Reporting\InitialStrainAnalysisReportSpecificationBuilder.h">
      <Filter>Header Files</Filter>
    </ClInclude>
    <ClInclude Include="..\Include\Reporting\InterfaceShearDetails.h">
      <Filter>Header Files</Filter>
    </ClInclude>
    <ClInclude Include="..\Include\Reporting\InterfaceShearTable.h">
      <Filter>Header Files</Filter>
    </ClInclude>
    <ClInclude Include="..\Include\Reporting\InternalForceChapterBuilder.h">
      <Filter>Header Files</Filter>
    </ClInclude>
    <ClInclude Include="..\Include\Reporting\IntervalChapterBuilder.h">
      <Filter>Header Files</Filter>
    </ClInclude>
    <ClInclude Include="..\Include\Reporting\LibraryUsageParagraph.h">
      <Filter>Header Files</Filter>
    </ClInclude>
    <ClInclude Include="..\Include\Reporting\LibraryUsageTable.h">
      <Filter>Header Files</Filter>
    </ClInclude>
    <ClInclude Include="..\Include\Reporting\LiftingCheck.h">
      <Filter>Header Files</Filter>
    </ClInclude>
    <ClInclude Include="..\Include\Reporting\LiftingCheckChapterBuilder.h">
      <Filter>Header Files</Filter>
    </ClInclude>
    <ClInclude Include="..\Include\Reporting\LiftingCheckDetailsChapterBuilder.h">
      <Filter>Header Files</Filter>
    </ClInclude>
    <ClInclude Include="..\Include\Reporting\LiveLoadDetailsChapterBuilder.h">
      <Filter>Header Files</Filter>
    </ClInclude>
    <ClInclude Include="..\Include\Reporting\LiveLoadDistributionFactorTable.h">
      <Filter>Header Files</Filter>
    </ClInclude>
    <ClInclude Include="..\Include\Reporting\LoadingDetailsChapterBuilder.h">
      <Filter>Header Files</Filter>
    </ClInclude>
    <ClInclude Include="..\Include\Reporting\LoadRatingChapterBuilder.h">
      <Filter>Header Files</Filter>
    </ClInclude>
    <ClInclude Include="..\Include\Reporting\LoadRatingDetailsChapterBuilder.h">
      <Filter>Header Files</Filter>
    </ClInclude>
    <ClInclude Include="..\Include\Reporting\LoadRatingReactionsChapterBuilder.h">
      <Filter>Header Files</Filter>
    </ClInclude>
    <ClInclude Include="..\Include\Reporting\LoadRatingReportSpecificationBuilder.h">
      <Filter>Header Files</Filter>
    </ClInclude>
    <ClInclude Include="..\Include\Reporting\LongitudinalReinforcementForShearLoadRatingChapterBuilder.h">
      <Filter>Header Files</Filter>
    </ClInclude>
    <ClInclude Include="..\Include\Reporting\LongRebarLocations.h">
      <Filter>Header Files</Filter>
    </ClInclude>
    <ClInclude Include="..\Include\Reporting\LongReinfShearCheck.h">
      <Filter>Header Files</Filter>
    </ClInclude>
    <ClInclude Include="..\Include\Reporting\LongReinfShearCheckChapterBuilder.h">
      <Filter>Header Files</Filter>
    </ClInclude>
    <ClInclude Include="..\Include\Reporting\LossesChapterBuilder.h">
      <Filter>Header Files</Filter>
    </ClInclude>
    <ClInclude Include="..\Include\Reporting\LRFDCreepCoefficientChapterBuilder.h">
      <Filter>Header Files</Filter>
    </ClInclude>
    <ClInclude Include="..\Include\Reporting\MomentCapacityDetailsChapterBuilder.h">
      <Filter>Header Files</Filter>
    </ClInclude>
    <ClInclude Include="..\Include\Reporting\MomentCapacityParagraphBuilder.h">
      <Filter>Header Files</Filter>
    </ClInclude>
    <ClInclude Include="..\Include\Reporting\MultiGirderHaunchGeometryChapterBuilder.h">
      <Filter>Header Files</Filter>
    </ClInclude>
    <ClInclude Include="..\Include\Reporting\MultiGirderReportDlg.h">
      <Filter>Header Files</Filter>
    </ClInclude>
    <ClInclude Include="..\Include\SharedCtrls\MultiGirderSelectGrid.h">
      <Filter>Header Files</Filter>
    </ClInclude>
    <ClInclude Include="MultiViewReportDlg.h">
      <Filter>Header Files</Filter>
    </ClInclude>
    <ClInclude Include="..\Include\Reporting\MVRChapterBuilder.h">
      <Filter>Header Files</Filter>
    </ClInclude>
    <ClInclude Include="..\Include\Reporting\NetGirderPropertiesTable.h">
      <Filter>Header Files</Filter>
    </ClInclude>
    <ClInclude Include="..\Include\Reporting\OptimizedFabricationChapterBuilder.h">
      <Filter>Header Files</Filter>
    </ClInclude>
    <ClInclude Include="..\Include\Reporting\OptionalDeflectionCheck.h">
      <Filter>Header Files</Filter>
    </ClInclude>
    <ClInclude Include="..\Include\Reporting\PGSpliceTitlePageBuilder.h">
      <Filter>Header Files</Filter>
    </ClInclude>
    <ClInclude Include="..\Include\Reporting\PGSuperChapterBuilder.h">
      <Filter>Header Files</Filter>
    </ClInclude>
    <ClInclude Include="..\Include\Reporting\PGSuperTitlePageBuilder.h">
      <Filter>Header Files</Filter>
    </ClInclude>
    <ClInclude Include="..\Include\Reporting\PierGeometryChapterBuilder.h">
      <Filter>Header Files</Filter>
    </ClInclude>
    <ClInclude Include="..\Include\Reporting\PierReactionChapterBuilder.h">
      <Filter>Header Files</Filter>
    </ClInclude>
    <ClInclude Include="..\Include\Reporting\PointOfInterestChapterBuilder.h">
      <Filter>Header Files</Filter>
    </ClInclude>
    <ClInclude Include="..\Include\Reporting\PosttensionStressTable.h">
      <Filter>Header Files</Filter>
    </ClInclude>
    <ClInclude Include="..\Include\Reporting\PrestressForceChapterBuilder.h">
      <Filter>Header Files</Filter>
    </ClInclude>
    <ClInclude Include="..\Include\Reporting\PrestressLossTable.h">
      <Filter>Header Files</Filter>
    </ClInclude>
    <ClInclude Include="..\Include\Reporting\PretensionStressTable.h">
      <Filter>Header Files</Filter>
    </ClInclude>
    <ClInclude Include="..\Include\Reporting\ProductAxialTable.h">
      <Filter>Header Files</Filter>
    </ClInclude>
    <ClInclude Include="..\Include\Reporting\ProductDisplacementsTable.h">
      <Filter>Header Files</Filter>
    </ClInclude>
    <ClInclude Include="..\Include\Reporting\ProductForcesChapterBuilder.h">
      <Filter>Header Files</Filter>
    </ClInclude>
    <ClInclude Include="..\Include\Reporting\ProductMomentsTable.h">
      <Filter>Header Files</Filter>
    </ClInclude>
    <ClInclude Include="..\Include\Reporting\ProductReactionTable.h">
      <Filter>Header Files</Filter>
    </ClInclude>
    <ClInclude Include="..\Include\Reporting\ProductRotationTable.h">
      <Filter>Header Files</Filter>
    </ClInclude>
    <ClInclude Include="..\Include\Reporting\ProductShearTable.h">
      <Filter>Header Files</Filter>
    </ClInclude>
    <ClInclude Include="..\Include\Reporting\ProductStressTable.h">
      <Filter>Header Files</Filter>
    </ClInclude>
    <ClInclude Include="..\Include\Reporting\ProjectCriteriaChapterBuilder.h">
      <Filter>Header Files</Filter>
    </ClInclude>
    <ClInclude Include="..\Include\Reporting\RatingSummaryTable.h">
      <Filter>Header Files</Filter>
    </ClInclude>
    <ClInclude Include="..\Include\Reporting\ReactionInterfaceAdapters.h">
      <Filter>Header Files</Filter>
    </ClInclude>
    <ClInclude Include="Reporting.h">
      <Filter>Header Files</Filter>
    </ClInclude>
    <ClInclude Include="..\Include\Reporting\ReportingExp.h">
      <Filter>Header Files</Filter>
    </ClInclude>
    <ClInclude Include="..\Include\Reporting\ReportNotes.h">
      <Filter>Header Files</Filter>
    </ClInclude>
    <ClInclude Include="Resource.h">
      <Filter>Header Files</Filter>
    </ClInclude>
    <ClInclude Include="RMultiGirderSelectDlg.h">
      <Filter>Header Files</Filter>
    </ClInclude>
    <ClInclude Include="..\Include\Reporting\SectPropChapterBuilder.h">
      <Filter>Header Files</Filter>
    </ClInclude>
    <ClInclude Include="..\Include\Reporting\SectPropTable.h">
      <Filter>Header Files</Filter>
    </ClInclude>
    <ClInclude Include="..\Include\Reporting\SectPropTable2.h">
      <Filter>Header Files</Filter>
    </ClInclude>
    <ClInclude Include="SelectPointOfInterestDlg.h">
      <Filter>Header Files</Filter>
    </ClInclude>
    <ClInclude Include="..\Include\Reporting\ShearCapacityDetailsChapterBuilder.h">
      <Filter>Header Files</Filter>
    </ClInclude>
    <ClInclude Include="..\Include\Reporting\ShearCheckTable.h">
      <Filter>Header Files</Filter>
    </ClInclude>
    <ClInclude Include="..\Include\Reporting\ShrinkageStrainChapterBuilder.h">
      <Filter>Header Files</Filter>
    </ClInclude>
    <ClInclude Include="..\Include\Reporting\SpanDataChapterBuilder.h">
      <Filter>Header Files</Filter>
    </ClInclude>
    <ClInclude Include="..\Include\Reporting\SpanGirderReportDlg.h">
      <Filter>Header Files</Filter>
    </ClInclude>
    <ClInclude Include="..\Include\Reporting\SpanGirderReportSpecification.h">
      <Filter>Header Files</Filter>
    </ClInclude>
    <ClInclude Include="..\Include\Reporting\SpanGirderReportSpecificationBuilder.h">
      <Filter>Header Files</Filter>
    </ClInclude>
    <ClInclude Include="..\Include\Reporting\SpecCheckChapterBuilder.h">
      <Filter>Header Files</Filter>
    </ClInclude>
    <ClInclude Include="..\Include\Reporting\SpecCheckSummaryChapterBuilder.h">
      <Filter>Header Files</Filter>
    </ClInclude>
    <ClInclude Include="stdafx.h">
      <Filter>Header Files</Filter>
    </ClInclude>
    <ClInclude Include="..\Include\Reporting\StirrupDetailingCheckChapterBuilder.h">
      <Filter>Header Files</Filter>
    </ClInclude>
    <ClInclude Include="..\Include\Reporting\StirrupDetailingCheckTable.h">
      <Filter>Header Files</Filter>
    </ClInclude>
    <ClInclude Include="..\Include\Reporting\StirrupTable.h">
      <Filter>Header Files</Filter>
    </ClInclude>
    <ClInclude Include="..\Include\Reporting\StrandEccentricities.h">
      <Filter>Header Files</Filter>
    </ClInclude>
    <ClInclude Include="..\Include\Reporting\StrandEccTable.h">
      <Filter>Header Files</Filter>
    </ClInclude>
    <ClInclude Include="..\Include\Reporting\StrandLocations.h">
      <Filter>Header Files</Filter>
    </ClInclude>
    <ClInclude Include="..\Include\Reporting\StrandSlopeCheck.h">
      <Filter>Header Files</Filter>
    </ClInclude>
    <ClInclude Include="..\Include\Reporting\StrandStressCheckTable.h">
      <Filter>Header Files</Filter>
    </ClInclude>
    <ClInclude Include="..\Include\Reporting\StressChapterBuilder.h">
      <Filter>Header Files</Filter>
    </ClInclude>
    <ClInclude Include="..\Include\Reporting\TemporarySupportReactionChapterBuilder.h">
      <Filter>Header Files</Filter>
    </ClInclude>
    <ClInclude Include="..\Include\Reporting\TendonStressCheckTable.h">
      <Filter>Header Files</Filter>
    </ClInclude>
    <ClInclude Include="..\Include\Reporting\TimeStepCamberChapterBuilder.h">
      <Filter>Header Files</Filter>
    </ClInclude>
    <ClInclude Include="..\Include\Reporting\TimeStepDetailsChapterBuilder.h">
      <Filter>Header Files</Filter>
    </ClInclude>
    <ClInclude Include="TimeStepDetailsDlg.h">
      <Filter>Header Files</Filter>
    </ClInclude>
    <ClInclude Include="..\Include\Reporting\TimeStepDetailsReportSpecification.h">
      <Filter>Header Files</Filter>
    </ClInclude>
    <ClInclude Include="..\Include\Reporting\TimeStepDetailsReportSpecificationBuilder.h">
      <Filter>Header Files</Filter>
    </ClInclude>
    <ClInclude Include="..\Include\Reporting\TimeStepParametersChapterBuilder.h">
      <Filter>Header Files</Filter>
    </ClInclude>
    <ClInclude Include="..\Include\Reporting\UserAxialTable.h">
      <Filter>Header Files</Filter>
    </ClInclude>
    <ClInclude Include="..\Include\Reporting\UserDefinedLoadsChapterBuilder.h">
      <Filter>Header Files</Filter>
    </ClInclude>
    <ClInclude Include="..\Include\Reporting\UserDisplacementsTable.h">
      <Filter>Header Files</Filter>
    </ClInclude>
    <ClInclude Include="..\Include\Reporting\UserMomentsTable.h">
      <Filter>Header Files</Filter>
    </ClInclude>
    <ClInclude Include="..\Include\Reporting\UserReactionTable.h">
      <Filter>Header Files</Filter>
    </ClInclude>
    <ClInclude Include="..\Include\Reporting\UserRotationTable.h">
      <Filter>Header Files</Filter>
    </ClInclude>
    <ClInclude Include="..\Include\Reporting\UserShearTable.h">
      <Filter>Header Files</Filter>
    </ClInclude>
    <ClInclude Include="..\Include\Reporting\UserStressTable.h">
      <Filter>Header Files</Filter>
    </ClInclude>
    <ClInclude Include="..\Include\Reporting\VehicularLoadReactionTable.h">
      <Filter>Header Files</Filter>
    </ClInclude>
    <ClInclude Include="..\Include\Reporting\VehicularLoadResultsTable.h">
      <Filter>Header Files</Filter>
    </ClInclude>
    <ClInclude Include="..\Include\Reporting\BearingSeatElevationsDetailsChapterBuilder2.h">
      <Filter>Header Files</Filter>
    </ClInclude>
    <ClInclude Include="..\Include\Reporting\BearingSeatElevationsChapterBuilder2.h">
      <Filter>Header Files</Filter>
    </ClInclude>
    <ClInclude Include="..\Include\Reporting\LoadRatingReportDlg.h">
      <Filter>Header Files</Filter>
    </ClInclude>
    <ClInclude Include="..\Include\Reporting\PrestressRotationTable.h">
      <Filter>Header Files</Filter>
    </ClInclude>
    <ClInclude Include="..\Include\Reporting\TemporarySupportElevationsChapterBuilder.h">
      <Filter>Header Files</Filter>
    </ClInclude>
    <ClInclude Include="..\Include\Reporting\TemporarySupportElevationDetailsChapterBuilder.h">
      <Filter>Header Files</Filter>
    </ClInclude>
    <ClInclude Include="..\Include\Reporting\PlantHandlingCheck.h">
      <Filter>Header Files</Filter>
    </ClInclude>
    <ClInclude Include="..\Include\Reporting\GirderTendonGeometryChapterBuilder.h">
      <Filter>Header Files</Filter>
    </ClInclude>
    <ClInclude Include="..\Include\Reporting\SegmentTendonGeometryChapterBuilder.h">
      <Filter>Header Files</Filter>
    </ClInclude>
    <ClInclude Include="..\Include\Reporting\HorizontalInterfaceShearCapacityDetailsChapterBuilder.h">
      <Filter>Header Files</Filter>
    </ClInclude>
    <ClInclude Include="..\Include\Reporting\PrincipalTensionStressCheckTable.h">
      <Filter>Header Files</Filter>
    </ClInclude>
    <ClInclude Include="..\Include\Reporting\PrincipalTensionStressDetailsChapterBuilder.h">
      <Filter>Header Files</Filter>
    </ClInclude>
    <ClInclude Include="..\Include\Reporting\LoadRatingSummaryReportDlg.h">
      <Filter>Header Files</Filter>
    </ClInclude>
    <ClInclude Include="..\Include\Reporting\TimelineChapterBuilder.h">
      <Filter>Header Files</Filter>
    </ClInclude>
    <ClInclude Include="..\Include\Reporting\TimelineManagerReportSpecification.h">
      <Filter>Header Files</Filter>
    </ClInclude>
    <ClInclude Include="..\Include\Reporting\TimelineManagerReportSpecificationBuilder.h">
      <Filter>Header Files</Filter>
    </ClInclude>
    <ClInclude Include="..\Include\Reporting\PrincipalWebStressDetailsReportSpecificationBuilder.h">
      <Filter>Header Files</Filter>
    </ClInclude>
    <ClInclude Include="..\Include\Reporting\PrincipalWebStressDetailsReportSpecification.h">
      <Filter>Header Files</Filter>
    </ClInclude>
    <ClInclude Include="..\Include\Reporting\PrincipalWebStressDetailsChapterBuilder.h">
      <Filter>Header Files</Filter>
    </ClInclude>
    <ClInclude Include="PrincipalWebStressDetailsDlg.h">
      <Filter>Header Files</Filter>
    </ClInclude>
    <ClInclude Include="..\Include\Reporting\CopyGirderPropertiesChapterBuilder.h">
      <Filter>Header Files</Filter>
    </ClInclude>
    <ClInclude Include="..\Include\Reporting\CopyGirderPropertiesReportSpecification.h">
      <Filter>Header Files</Filter>
    </ClInclude>
    <ClInclude Include="..\Include\Reporting\CopyGirderPropertiesReportSpecificationBuilder.h">
      <Filter>Header Files</Filter>
    </ClInclude>
    <ClInclude Include="..\Include\Reporting\CopyPierPropertiesChapterBuilder.h">
      <Filter>Header Files</Filter>
    </ClInclude>
    <ClInclude Include="..\Include\Reporting\CopyPierPropertiesReportSpecification.h">
      <Filter>Header Files</Filter>
    </ClInclude>
    <ClInclude Include="..\Include\Reporting\CopyPierPropertiesReportSpecificationBuilder.h">
      <Filter>Header Files</Filter>
    </ClInclude>
    <ClInclude Include="..\Include\Reporting\CopyTempSupportPropertiesChapterBuilder.h">
      <Filter>Header Files</Filter>
    </ClInclude>
    <ClInclude Include="..\Include\Reporting\CopyTempSupportPropertiesReportSpecification.h">
      <Filter>Header Files</Filter>
    </ClInclude>
    <ClInclude Include="..\Include\Reporting\CopyTempSupportPropertiesReportSpecificationBuilder.h">
      <Filter>Header Files</Filter>
    </ClInclude>
    <ClInclude Include="SelectCrackedSectionDlg.h">
      <Filter>Header Files</Filter>
    </ClInclude>
    <ClInclude Include="SelectMomentCapacitySectionDlg.h">
      <Filter>Header Files</Filter>
    </ClInclude>
    <ClInclude Include="..\Include\Reporting\CrackedSectionReportSpecificationBuilder.h">
      <Filter>Header Files</Filter>
    </ClInclude>
    <ClInclude Include="..\Include\Reporting\MomentCapacityReportSpecification.h">
      <Filter>Header Files</Filter>
    </ClInclude>
    <ClInclude Include="..\Include\Reporting\MomentCapacityReportSpecificationBuilder.h">
      <Filter>Header Files</Filter>
    </ClInclude>
    <ClInclude Include="..\Include\Reporting\CrackedSectionChapterBuilder.h">
      <Filter>Header Files</Filter>
    </ClInclude>
    <ClInclude Include="..\Include\Reporting\MomentCapacityChapterBuilder.h">
      <Filter>Header Files</Filter>
    </ClInclude>
    <ClInclude Include="CrackedSectionReportSpecification.h">
      <Filter>Header Files</Filter>
    </ClInclude>
    <ClInclude Include="PoiReportSpecification.h">
      <Filter>Header Files</Filter>
    </ClInclude>
    <ClInclude Include="..\Include\Reporting\CrackedSectionDetailsChapterBuilder.h">
      <Filter>Header Files</Filter>
    </ClInclude>
  </ItemGroup>
  <ItemGroup>
    <None Include="Reporting.def" />
    <None Include="res\Reporting.rc2">
      <Filter>Resource Files</Filter>
    </None>
  </ItemGroup>
  <ItemGroup>
    <Text Include="ReadMe.txt" />
  </ItemGroup>
  <ItemGroup>
    <Filter Include="Header Files">
      <UniqueIdentifier>{cab7ba2f-5f6e-455d-9c6f-d356cc078c5d}</UniqueIdentifier>
      <Extensions>h;hpp;hxx;hm;inl</Extensions>
    </Filter>
    <Filter Include="Source Files">
      <UniqueIdentifier>{2a25d9a5-8033-4617-a3b4-4294f0b3887a}</UniqueIdentifier>
      <Extensions>*.cpp</Extensions>
    </Filter>
    <Filter Include="Resource Files">
      <UniqueIdentifier>{d3ffc665-2b42-43ad-97de-fd3fc54a59eb}</UniqueIdentifier>
      <Extensions>ico;cur;bmp;dlg;rc2;rct;bin;rgs;gif;jpg;jpeg;jpe</Extensions>
    </Filter>
  </ItemGroup>
  <ItemGroup>
    <CustomBuild Include="..\Include\Reporting\SplittingCheckDetailsChapterBuilder.h">
      <Filter>Header Files</Filter>
    </CustomBuild>
  </ItemGroup>
  <ItemGroup>
    <ResourceCompile Include="Reporting.rc">
      <Filter>Resource Files</Filter>
    </ResourceCompile>
  </ItemGroup>
</Project>