<?xml version="1.0" encoding="utf-8"?>
<Project ToolsVersion="4.0" xmlns="http://schemas.microsoft.com/developer/msbuild/2003">
  <ItemGroup>
    <ClCompile Include="AASHTOConcretePage.cpp">
      <Filter>Source Files</Filter>
    </ClCompile>
    <ClCompile Include="ACIConcretePage.cpp">
      <Filter>Source Files</Filter>
    </ClCompile>
    <ClCompile Include="BeamDimensionGrid.cpp">
      <Filter>Source Files</Filter>
    </ClCompile>
    <ClCompile Include="BeamFamilyManager.cpp">
      <Filter>Source Files</Filter>
    </ClCompile>
    <ClCompile Include="CEBFIPConcretePage.cpp">
      <Filter>Source Files</Filter>
    </ClCompile>
    <ClCompile Include="ConcreteEntryDlg.cpp">
      <Filter>Source Files</Filter>
    </ClCompile>
    <ClCompile Include="ConcreteEntryGeneralPage.cpp">
      <Filter>Source Files</Filter>
    </ClCompile>
    <ClCompile Include="ConcreteLibraryEntry.cpp">
      <Filter>Source Files</Filter>
    </ClCompile>
    <ClCompile Include="ConnectionEntryDlg.cpp">
      <Filter>Source Files</Filter>
    </ClCompile>
    <ClCompile Include="ConnectionLibraryEntry.cpp">
      <Filter>Source Files</Filter>
    </ClCompile>
    <ClCompile Include="DiaphragmDefinitionDlg.cpp">
      <Filter>Source Files</Filter>
    </ClCompile>
    <ClCompile Include="DiaphragmGrid.cpp">
      <Filter>Source Files</Filter>
    </ClCompile>
    <ClCompile Include="DiaphragmLayoutEntry.cpp">
      <Filter>Source Files</Filter>
    </ClCompile>
    <ClCompile Include="dllmain.cpp">
      <Filter>Source Files</Filter>
    </ClCompile>
    <ClCompile Include="DuctEntryDlg.cpp">
      <Filter>Source Files</Filter>
    </ClCompile>
    <ClCompile Include="DuctLibraryEntry.cpp">
      <Filter>Source Files</Filter>
    </ClCompile>
    <ClCompile Include="GirderDebondCriteriaPage.cpp">
      <Filter>Source Files</Filter>
    </ClCompile>
    <ClCompile Include="GirderDiaphragmPage.cpp">
      <Filter>Source Files</Filter>
    </ClCompile>
    <ClCompile Include="GirderDimensionsPage.cpp">
      <Filter>Source Files</Filter>
    </ClCompile>
    <ClCompile Include="GirderErrorDlg.cpp">
      <Filter>Source Files</Filter>
    </ClCompile>
    <ClCompile Include="GirderGlobalStrandGrid.cpp">
      <Filter>Source Files</Filter>
    </ClCompile>
    <ClCompile Include="GirderHarpedStrandPage.cpp">
      <Filter>Source Files</Filter>
    </ClCompile>
    <ClCompile Include="GirderHarpPointPage.cpp">
      <Filter>Source Files</Filter>
    </ClCompile>
    <ClCompile Include="GirderHaunchAndCamberPage.cpp">
      <Filter>Source Files</Filter>
    </ClCompile>
    <ClCompile Include="GirderLibraryEntry.cpp">
      <Filter>Source Files</Filter>
    </ClCompile>
    <ClCompile Include="GirderMainSheet.cpp">
      <Filter>Source Files</Filter>
    </ClCompile>
    <ClCompile Include="GirderStraightStrandPage.cpp">
      <Filter>Source Files</Filter>
    </ClCompile>
    <ClCompile Include="GirderStrandGrid.cpp">
      <Filter>Source Files</Filter>
    </ClCompile>
    <ClCompile Include="HaulTruckDlg.cpp">
      <Filter>Source Files</Filter>
    </ClCompile>
    <ClCompile Include="HaulTruckLibraryEntry.cpp">
      <Filter>Source Files</Filter>
    </ClCompile>
    <ClCompile Include="HorizontalInterfaceZoneData.cpp">
      <Filter>Source Files</Filter>
    </ClCompile>
    <ClCompile Include="KdotHaulingDlg.cpp">
      <Filter>Source Files</Filter>
    </ClCompile>
    <ClCompile Include="LibChildFrm.cpp">
      <Filter>Source Files</Filter>
    </ClCompile>
    <ClCompile Include="LibEditorListView.cpp">
      <Filter>Source Files</Filter>
    </ClCompile>
    <ClCompile Include="LibraryAppPlugin.cpp">
      <Filter>Source Files</Filter>
    </ClCompile>
    <ClCompile Include="LibraryDocTemplate.cpp">
      <Filter>Source Files</Filter>
    </ClCompile>
    <ClCompile Include="LibraryEditorChildFrm.cpp">
      <Filter>Source Files</Filter>
    </ClCompile>
    <ClCompile Include="LibraryEditorDoc.cpp">
      <Filter>Source Files</Filter>
    </ClCompile>
    <ClCompile Include="libraryEditorView.cpp">
      <Filter>Source Files</Filter>
    </ClCompile>
    <ClCompile Include="LibraryEntryConflict.cpp">
      <Filter>Source Files</Filter>
    </ClCompile>
    <ClCompile Include="LibraryEntryDifferenceItem.cpp">
      <Filter>Source Files</Filter>
    </ClCompile>
    <ClCompile Include="LibraryManager.cpp">
      <Filter>Source Files</Filter>
    </ClCompile>
    <ClCompile Include="LiveLoadAxleGrid.cpp">
      <Filter>Source Files</Filter>
    </ClCompile>
    <ClCompile Include="LiveLoadDlg.cpp">
      <Filter>Source Files</Filter>
    </ClCompile>
    <ClCompile Include="LiveLoadFactorsPage.cpp">
      <Filter>Source Files</Filter>
    </ClCompile>
    <ClCompile Include="LiveLoadLibraryEntry.cpp">
      <Filter>Source Files</Filter>
    </ClCompile>
    <ClCompile Include="LongSteelGrid.cpp">
      <Filter>Source Files</Filter>
    </ClCompile>
    <ClCompile Include="LongSteelPage.cpp">
      <Filter>Source Files</Filter>
    </ClCompile>
    <ClCompile Include="OldHaulTruck.cpp">
      <Filter>Source Files</Filter>
    </ClCompile>
    <ClCompile Include="psgLib.cpp">
      <Filter>Source Files</Filter>
    </ClCompile>
    <ClCompile Include="RatingDescriptionPage.cpp">
      <Filter>Source Files</Filter>
    </ClCompile>
    <ClCompile Include="RatingDialog.cpp">
      <Filter>Source Files</Filter>
    </ClCompile>
    <ClCompile Include="RatingLibraryEntry.cpp">
      <Filter>Source Files</Filter>
    </ClCompile>
    <ClCompile Include="RenameLibraryEntry.cpp">
      <Filter>Source Files</Filter>
    </ClCompile>
    <ClCompile Include="SectionViewDialog.cpp">
      <Filter>Source Files</Filter>
    </ClCompile>
    <ClCompile Include="ShearBarsLegsGrid.cpp">
      <Filter>Source Files</Filter>
    </ClCompile>
    <ClCompile Include="ShearData.cpp">
      <Filter>Source Files</Filter>
    </ClCompile>
    <ClCompile Include="ShearDesignPage.cpp">
      <Filter>Source Files</Filter>
    </ClCompile>
    <ClCompile Include="ShearSteelGrid.cpp">
      <Filter>Source Files</Filter>
    </ClCompile>
    <ClCompile Include="ShearSteelPage.cpp">
      <Filter>Source Files</Filter>
    </ClCompile>
    <ClCompile Include="ShearZoneData.cpp">
      <Filter>Source Files</Filter>
    </ClCompile>
    <ClCompile Include="SpecClosurePage.cpp">
      <Filter>Source Files</Filter>
    </ClCompile>
    <ClCompile Include="SpecCreepPage.cpp">
      <Filter>Source Files</Filter>
    </ClCompile>
    <ClCompile Include="SpecDescrPage.cpp">
      <Filter>Source Files</Filter>
    </ClCompile>
    <ClCompile Include="SpecDesignPage.cpp">
      <Filter>Source Files</Filter>
    </ClCompile>
    <ClCompile Include="SpecGirderStressPage.cpp">
      <Filter>Source Files</Filter>
    </ClCompile>
    <ClCompile Include="SpecHaulingErectionPage.cpp">
      <Filter>Source Files</Filter>
    </ClCompile>
    <ClCompile Include="SpecLibraryEntry.cpp">
      <Filter>Source Files</Filter>
    </ClCompile>
    <ClCompile Include="SpecLiftingPage.cpp">
      <Filter>Source Files</Filter>
    </ClCompile>
    <ClCompile Include="SpecLimitsPage.cpp">
      <Filter>Source Files</Filter>
    </ClCompile>
    <ClCompile Include="SpecLossPage.cpp">
      <Filter>Source Files</Filter>
    </ClCompile>
    <ClCompile Include="SpecMainSheet.cpp">
      <Filter>Source Files</Filter>
    </ClCompile>
    <ClCompile Include="SpecMomentPage.cpp">
      <Filter>Source Files</Filter>
    </ClCompile>
    <ClCompile Include="SpecPSLimitPage.cpp">
      <Filter>Source Files</Filter>
    </ClCompile>
    <ClCompile Include="SpecShearPage.cpp">
      <Filter>Source Files</Filter>
    </ClCompile>
    <ClCompile Include="StdAfx.cpp">
      <Filter>Source Files</Filter>
    </ClCompile>
    <ClCompile Include="StrandGenerationDlg.cpp">
      <Filter>Source Files</Filter>
    </ClCompile>
    <ClCompile Include="StrandGridLocation.cpp">
      <Filter>Source Files</Filter>
    </ClCompile>
    <ClCompile Include="StructuredLoad.cpp">
      <Filter>Source Files</Filter>
    </ClCompile>
    <ClCompile Include="StructuredSave.cpp">
      <Filter>Source Files</Filter>
    </ClCompile>
    <ClCompile Include="TrafficBarrierDlg.cpp">
      <Filter>Source Files</Filter>
    </ClCompile>
    <ClCompile Include="TrafficBarrierEntry.cpp">
      <Filter>Source Files</Filter>
    </ClCompile>
    <ClCompile Include="TrafficBarrierGrid.cpp">
      <Filter>Source Files</Filter>
    </ClCompile>
    <ClCompile Include="TrafficBarrierViewDialog.cpp">
      <Filter>Source Files</Filter>
    </ClCompile>
    <ClCompile Include="UnitServer.cpp">
      <Filter>Source Files</Filter>
    </ClCompile>
    <ClCompile Include="WsdotHaulingDlg.cpp">
      <Filter>Source Files</Filter>
    </ClCompile>
    <ClCompile Include="HorizShearGrid.cpp">
      <Filter>Source Files</Filter>
    </ClCompile>
    <ClCompile Include="SpecDeadLoadsPage.cpp">
      <Filter>Source Files</Filter>
    </ClCompile>
    <ClCompile Include="SpecLiveLoadsPage.cpp">
      <Filter>Source Files</Filter>
    </ClCompile>
    <ClCompile Include="AdditionalInterfaceShearBarDlg.cpp">
      <Filter>Source Files</Filter>
    </ClCompile>
    <ClCompile Include="SpecBearingsPage.cpp">
      <Filter>Source Files</Filter>
    </ClCompile>
    <ClCompile Include="LibraryEditorStatusBar.cpp">
      <Filter>Source Files</Filter>
    </ClCompile>
    <ClCompile Include="PCIUHPCConcretePage.cpp">
      <Filter>Source Files</Filter>
    </ClCompile>
    <ClCompile Include="UHPCConcretePage.cpp">
      <Filter>Source Files</Filter>
    </ClCompile>
    <ClCompile Include="HoldDownCriteria.cpp">
      <Filter>Source Files</Filter>
    </ClCompile>
    <ClCompile Include="StrandSlopeCriteria.cpp">
      <Filter>Source Files</Filter>
    </ClCompile>
    <ClCompile Include="PlantHandlingCriteria.cpp">
      <Filter>Source Files</Filter>
    </ClCompile>
    <ClCompile Include="EndZoneCriteria.cpp">
      <Filter>Source Files</Filter>
    </ClCompile>
    <ClCompile Include="SlabOffsetCriteria.cpp">
      <Filter>Source Files</Filter>
    </ClCompile>
    <ClCompile Include="LiveLoadDeflectionCriteria.cpp">
      <Filter>Source Files</Filter>
    </ClCompile>
    <ClCompile Include="BottomFlangeClearanceCriteria.cpp">
      <Filter>Source Files</Filter>
    </ClCompile>
    <ClCompile Include="GirderInclinationCriteria.cpp">
      <Filter>Source Files</Filter>
    </ClCompile>
    <ClCompile Include="PrincipalTensionStressCriteria.cpp">
      <Filter>Source Files</Filter>
    </ClCompile>
    <ClCompile Include="BearingCriteria.cpp">
      <Filter>Source Files</Filter>
    </ClCompile>
    <ClCompile Include="LiveLoadCriteria.cpp">
      <Filter>Source Files</Filter>
    </ClCompile>
    <ClCompile Include="LiveLoadDistributionCriteria.cpp">
      <Filter>Source Files</Filter>
    </ClCompile>
    <ClCompile Include="DuctSizeCriteria.cpp">
      <Filter>Source Files</Filter>
    </ClCompile>
    <ClCompile Include="TransferLengthCriteria.cpp">
      <Filter>Source Files</Filter>
    </ClCompile>
    <ClCompile Include="StrandStressCriteria.cpp">
      <Filter>Source Files</Filter>
    </ClCompile>
    <ClCompile Include="TendonStressCriteria.cpp">
      <Filter>Source Files</Filter>
    </ClCompile>
    <ClCompile Include="SpecificationCriteria.cpp">
      <Filter>Source Files</Filter>
    </ClCompile>
    <ClCompile Include="SectionPropertiesCriteria.cpp">
      <Filter>Source Files</Filter>
    </ClCompile>
    <ClCompile Include="DeadLoadDistributionCriteria.cpp">
      <Filter>Source Files</Filter>
    </ClCompile>
    <ClCompile Include="HaunchCriteria.cpp">
      <Filter>Source Files</Filter>
    </ClCompile>
    <ClCompile Include="CreepCriteria.cpp">
      <Filter>Source Files</Filter>
    </ClCompile>
    <ClCompile Include="InterfaceShearCriteria.cpp">
      <Filter>Source Files</Filter>
    </ClCompile>
    <ClCompile Include="ShearCapacityCriteria.cpp">
      <Filter>Source Files</Filter>
    </ClCompile>
    <ClCompile Include="MomentCapacityCriteria.cpp">
      <Filter>Source Files</Filter>
    </ClCompile>
    <ClCompile Include="LiftingCriteria.cpp">
      <Filter>Source Files</Filter>
    </ClCompile>
    <ClCompile Include="TensionStressLimit.cpp">
      <Filter>Source Files</Filter>
    </ClCompile>
    <ClCompile Include="HaulingCriteria.cpp">
      <Filter>Source Files</Filter>
    </ClCompile>
    <ClCompile Include="LimitsCriteria.cpp">
      <Filter>Source Files</Filter>
    </ClCompile>
    <ClCompile Include="ClosureJointCriteria.cpp">
      <Filter>Source Files</Filter>
    </ClCompile>
    <ClCompile Include="LimitStateConcreteStrengthCriteria.cpp">
      <Filter>Source Files</Filter>
    </ClCompile>
    <ClCompile Include="HarpedStrandDesignCriteria.cpp">
      <Filter>Source Files</Filter>
    </ClCompile>
    <ClCompile Include="PrestressedElementCriteria.cpp">
      <Filter>Source Files</Filter>
    </ClCompile>
    <ClCompile Include="PrestressLossCriteria.cpp">
      <Filter>Source Files</Filter>
    </ClCompile>
    <ClCompile Include="RefactoredSpecLibraryParameters.cpp">
      <Filter>Source Files</Filter>
    </ClCompile>
    <ClCompile Include="SpecLibraryEntryImpl.cpp">
      <Filter>Source Files</Filter>
    </ClCompile>
    <ClCompile Include="SpecPropertySheet.cpp">
      <Filter>Source Files</Filter>
    </ClCompile>
    <ClCompile Include="SpecClosureFatiguePropertyPage.cpp">
      <Filter>Source Files</Filter>
    </ClCompile>
    <ClCompile Include="SpecClosureFinalPropertyPage.cpp">
      <Filter>Source Files</Filter>
    </ClCompile>
    <ClCompile Include="SpecClosureTemporaryPropertyPage.cpp">
      <Filter>Source Files</Filter>
    </ClCompile>
    <ClCompile Include="SpecCreepExcessCamberPropertyPage.cpp">
      <Filter>Source Files</Filter>
    </ClCompile>
    <ClCompile Include="SpecCreepGeneralPropertyPage.cpp">
      <Filter>Source Files</Filter>
    </ClCompile>
    <ClCompile Include="SpecDeadLoadOverlayPropertyPage.cpp">
      <Filter>Source Files</Filter>
    </ClCompile>
    <ClCompile Include="SpecDeadLoadRailingPropertyPage.cpp">
      <Filter>Source Files</Filter>
    </ClCompile>
    <ClCompile Include="SpecDesignConcretePropertyPage.cpp">
      <Filter>Source Files</Filter>
    </ClCompile>
    <ClCompile Include="SpecDesignFinalPropertyPage.cpp">
      <Filter>Source Files</Filter>
    </ClCompile>
    <ClCompile Include="SpecDesignHaulingPropertyPage.cpp">
      <Filter>Source Files</Filter>
    </ClCompile>
    <ClCompile Include="SpecDesignLiftingPropertyPage.cpp">
      <Filter>Source Files</Filter>
    </ClCompile>
    <ClCompile Include="SpecDesignReleasePropertyPage.cpp">
      <Filter>Source Files</Filter>
    </ClCompile>
    <ClCompile Include="SpecDesignRoadwayPropertyPage.cpp">
      <Filter>Source Files</Filter>
    </ClCompile>
    <ClCompile Include="SpecDesignStrandsPropertyPage.cpp">
      <Filter>Source Files</Filter>
    </ClCompile>
    <ClCompile Include="SpecGeneralDescriptionPropertyPage.cpp">
      <Filter>Source Files</Filter>
    </ClCompile>
    <ClCompile Include="SpecGeneralSectionPropertiesPropertyPage.cpp">
      <Filter>Source Files</Filter>
    </ClCompile>
    <ClCompile Include="SpecGeneralSpecificationPropertyPage.cpp">
      <Filter>Source Files</Filter>
    </ClCompile>
    <ClCompile Include="SpecGirderFatiguePropertyPage.cpp">
      <Filter>Source Files</Filter>
    </ClCompile>
    <ClCompile Include="SpecGirderFinalPropertyPage.cpp">
      <Filter>Source Files</Filter>
    </ClCompile>
    <ClCompile Include="SpecGirderPrincipalStressPropertyPage.cpp">
      <Filter>Source Files</Filter>
    </ClCompile>
    <ClCompile Include="SpecGirderTemporaryPropertyPage.cpp">
      <Filter>Source Files</Filter>
    </ClCompile>
    <ClCompile Include="SpecHaulingAnalysisPropertyPage.cpp">
      <Filter>Source Files</Filter>
    </ClCompile>
    <ClCompile Include="SpecHaulingFactorsOfSafetyPropertyPage.cpp">
      <Filter>Source Files</Filter>
    </ClCompile>
    <ClCompile Include="SpecHaulingKDOTPropertyPage.cpp">
      <Filter>Source Files</Filter>
    </ClCompile>
    <ClCompile Include="SpecHaulingLimitsPropertyPage.cpp">
      <Filter>Source Files</Filter>
    </ClCompile>
    <ClCompile Include="SpecHaulingMethodPropertyPage.cpp">
      <Filter>Source Files</Filter>
    </ClCompile>
    <ClCompile Include="SpecHaulingModulusOfRupturePropertyPage.cpp">
      <Filter>Source Files</Filter>
    </ClCompile>
    <ClCompile Include="SpecLiftingAnalysisPropertyPage.cpp">
      <Filter>Source Files</Filter>
    </ClCompile>
    <ClCompile Include="SpecLiftingFactorsOfSafetyPropertyPage.cpp">
      <Filter>Source Files</Filter>
    </ClCompile>
    <ClCompile Include="SpecLiftingLimitsPropertyPage.cpp">
      <Filter>Source Files</Filter>
    </ClCompile>
    <ClCompile Include="SpecLiftingModulusOfRupturePropertyPage.cpp">
      <Filter>Source Files</Filter>
    </ClCompile>
    <ClCompile Include="SpecLimitsConcretePropertyPage.cpp">
      <Filter>Source Files</Filter>
    </ClCompile>
    <ClCompile Include="SpecLimitsWarningsPropertyPage.cpp">
      <Filter>Source Files</Filter>
    </ClCompile>
    <ClCompile Include="SpecLiveLoadDistributionFactorsPropertyPage.cpp">
      <Filter>Source Files</Filter>
    </ClCompile>
    <ClCompile Include="SpecLiveLoadHL93PropertyPage.cpp">
      <Filter>Source Files</Filter>
    </ClCompile>
    <ClCompile Include="SpecLiveLoadPedestrianPropertyPage.cpp">
      <Filter>Source Files</Filter>
    </ClCompile>
    <ClCompile Include="SpecLossesPropertyPage.cpp">
      <Filter>Source Files</Filter>
    </ClCompile>
    <ClCompile Include="SpecMomentCapacityPropertyPage.cpp">
      <Filter>Source Files</Filter>
    </ClCompile>
    <ClCompile Include="SpecMomentResistanceFactorsPropertyPage.cpp">
      <Filter>Source Files</Filter>
    </ClCompile>
    <ClCompile Include="SpecPrestressingDuctsPropertyPage.cpp">
      <Filter>Source Files</Filter>
    </ClCompile>
    <ClCompile Include="SpecPrestressingOptionsPropertyPage.cpp">
      <Filter>Source Files</Filter>
    </ClCompile>
    <ClCompile Include="SpecPrestressingPostTensionLimitsPropertyPage.cpp">
      <Filter>Source Files</Filter>
    </ClCompile>
    <ClCompile Include="SpecPrestressingPretensionLimitsPropertyPage.cpp">
      <Filter>Source Files</Filter>
    </ClCompile>
    <ClCompile Include="SpecShearCapacityPropertyPage.cpp">
      <Filter>Source Files</Filter>
    </ClCompile>
    <ClCompile Include="SpecShearInterfaceShearPropertyPage.cpp">
      <Filter>Source Files</Filter>
    </ClCompile>
    <ClCompile Include="SpecShearReinforcementPropertyPage.cpp">
      <Filter>Source Files</Filter>
    </ClCompile>
    <ClCompile Include="SpecShearResistanceFactorsPropertyPage.cpp">
      <Filter>Source Files</Filter>
    </ClCompile>
  </ItemGroup>
  <ItemGroup>
    <ClInclude Include="AASHTOConcretePage.h">
      <Filter>Header Files</Filter>
    </ClInclude>
    <ClInclude Include="ACIConcretePage.h">
      <Filter>Header Files</Filter>
    </ClInclude>
    <ClInclude Include="..\Include\psgLib\AutoLib.h">
      <Filter>Header Files</Filter>
    </ClInclude>
    <ClInclude Include="BeamDimensionGrid.h">
      <Filter>Header Files</Filter>
    </ClInclude>
    <ClInclude Include="..\Include\psgLib\BeamFamilyManager.h">
      <Filter>Header Files</Filter>
    </ClInclude>
    <ClInclude Include="CEBFIPConcretePage.h">
      <Filter>Header Files</Filter>
    </ClInclude>
    <ClInclude Include="ConcreteEntryDlg.h">
      <Filter>Header Files</Filter>
    </ClInclude>
    <ClInclude Include="ConcreteEntryGeneralPage.h">
      <Filter>Header Files</Filter>
    </ClInclude>
    <ClInclude Include="..\Include\PsgLib\ConcreteLibraryEntry.h">
      <Filter>Header Files</Filter>
    </ClInclude>
    <ClInclude Include="ConnectionEntryDlg.h">
      <Filter>Header Files</Filter>
    </ClInclude>
    <ClInclude Include="..\Include\PsgLib\ConnectionLibraryEntry.h">
      <Filter>Header Files</Filter>
    </ClInclude>
    <ClInclude Include="DiaphragmDefinitionDlg.h">
      <Filter>Header Files</Filter>
    </ClInclude>
    <ClInclude Include="DiaphragmGrid.h">
      <Filter>Header Files</Filter>
    </ClInclude>
    <ClInclude Include="..\Include\PsgLib\DiaphragmLayoutEntry.h">
      <Filter>Header Files</Filter>
    </ClInclude>
    <ClInclude Include="dllmain.h">
      <Filter>Header Files</Filter>
    </ClInclude>
    <ClInclude Include="DuctEntryDlg.h">
      <Filter>Header Files</Filter>
    </ClInclude>
    <ClInclude Include="..\Include\psgLib\DuctLibraryEntry.h">
      <Filter>Header Files</Filter>
    </ClInclude>
    <ClInclude Include="GirderDebondCriteriaPage.h">
      <Filter>Header Files</Filter>
    </ClInclude>
    <ClInclude Include="GirderDiaphragmPage.h">
      <Filter>Header Files</Filter>
    </ClInclude>
    <ClInclude Include="GirderDimensionsPage.h">
      <Filter>Header Files</Filter>
    </ClInclude>
    <ClInclude Include="GirderErrorDlg.h">
      <Filter>Header Files</Filter>
    </ClInclude>
    <ClInclude Include="GirderGlobalStrandGrid.h">
      <Filter>Header Files</Filter>
    </ClInclude>
    <ClInclude Include="GirderHarpedStrandPage.h">
      <Filter>Header Files</Filter>
    </ClInclude>
    <ClInclude Include="GirderHarpPointPage.h">
      <Filter>Header Files</Filter>
    </ClInclude>
    <ClInclude Include="GirderHaunchAndCamberPage.h">
      <Filter>Header Files</Filter>
    </ClInclude>
    <ClInclude Include="..\Include\PsgLib\GirderLibraryEntry.h">
      <Filter>Header Files</Filter>
    </ClInclude>
    <ClInclude Include="GirderMainSheet.h">
      <Filter>Header Files</Filter>
    </ClInclude>
    <ClInclude Include="GirderStraightStrandPage.h">
      <Filter>Header Files</Filter>
    </ClInclude>
    <ClInclude Include="GirderStrandGrid.h">
      <Filter>Header Files</Filter>
    </ClInclude>
    <ClInclude Include="HaulTruckDlg.h">
      <Filter>Header Files</Filter>
    </ClInclude>
    <ClInclude Include="..\Include\psgLib\HaulTruckLibraryEntry.h">
      <Filter>Header Files</Filter>
    </ClInclude>
    <ClInclude Include="..\Include\psgLib\HorizontalInterfaceZoneData.h">
      <Filter>Header Files</Filter>
    </ClInclude>
    <ClInclude Include="..\Include\psgLib\HorizShearGrid.h">
      <Filter>Header Files</Filter>
    </ClInclude>
    <ClInclude Include="..\Include\psgLib\ISupportIcon.h">
      <Filter>Header Files</Filter>
    </ClInclude>
    <ClInclude Include="..\Include\psgLib\ISupportLibraryManager.h">
      <Filter>Header Files</Filter>
    </ClInclude>
    <ClInclude Include="KdotHaulingDlg.h">
      <Filter>Header Files</Filter>
    </ClInclude>
    <ClInclude Include="..\Include\psgLib\LibChildFrm.h">
      <Filter>Header Files</Filter>
    </ClInclude>
    <ClInclude Include="..\Include\psgLib\LibEditorListView.h">
      <Filter>Header Files</Filter>
    </ClInclude>
    <ClInclude Include="LibraryAppPlugin.h">
      <Filter>Header Files</Filter>
    </ClInclude>
    <ClInclude Include="..\Include\psgLib\LibraryDocTemplate.h">
      <Filter>Header Files</Filter>
    </ClInclude>
    <ClInclude Include="..\Include\psgLib\LibraryEditorChildFrm.h">
      <Filter>Header Files</Filter>
    </ClInclude>
    <ClInclude Include="..\Include\psgLib\LibraryEditorDoc.h">
      <Filter>Header Files</Filter>
    </ClInclude>
    <ClInclude Include="..\Include\psgLib\libraryEditorView.h">
      <Filter>Header Files</Filter>
    </ClInclude>
    <ClInclude Include="..\Include\psgLib\LibraryEntryDifferenceItem.h">
      <Filter>Header Files</Filter>
    </ClInclude>
    <ClInclude Include="..\Include\PsgLib\LibraryManager.h">
      <Filter>Header Files</Filter>
    </ClInclude>
    <ClInclude Include="LiveLoadAxleGrid.h">
      <Filter>Header Files</Filter>
    </ClInclude>
    <ClInclude Include="LiveLoadDlg.h">
      <Filter>Header Files</Filter>
    </ClInclude>
    <ClInclude Include="LiveLoadFactorsPage.h">
      <Filter>Header Files</Filter>
    </ClInclude>
    <ClInclude Include="..\Include\psgLib\LiveLoadLibraryEntry.h">
      <Filter>Header Files</Filter>
    </ClInclude>
    <ClInclude Include="LongSteelGrid.h">
      <Filter>Header Files</Filter>
    </ClInclude>
    <ClInclude Include="LongSteelPage.h">
      <Filter>Header Files</Filter>
    </ClInclude>
    <ClInclude Include="..\Include\psgLib\OldHaulTruck.h">
      <Filter>Header Files</Filter>
    </ClInclude>
    <ClInclude Include="..\Include\PGSuperLibraryMgrCATID.h">
      <Filter>Header Files</Filter>
    </ClInclude>
    <ClInclude Include="..\Include\PsgLib\psgLib.h">
      <Filter>Header Files</Filter>
    </ClInclude>
    <ClInclude Include="..\Include\PsgLib\psgLibLib.h">
      <Filter>Header Files</Filter>
    </ClInclude>
    <ClInclude Include="RatingDescriptionPage.h">
      <Filter>Header Files</Filter>
    </ClInclude>
    <ClInclude Include="RatingDialog.h">
      <Filter>Header Files</Filter>
    </ClInclude>
    <ClInclude Include="..\Include\psgLib\RatingLibraryEntry.h">
      <Filter>Header Files</Filter>
    </ClInclude>
    <ClInclude Include="RenameLibraryEntry.h">
      <Filter>Header Files</Filter>
    </ClInclude>
    <ClInclude Include="Resource.h">
      <Filter>Header Files</Filter>
    </ClInclude>
    <ClInclude Include="SectionViewDialog.h">
      <Filter>Header Files</Filter>
    </ClInclude>
    <ClInclude Include="ShearBarsLegsGrid.h">
      <Filter>Header Files</Filter>
    </ClInclude>
    <ClInclude Include="..\Include\psgLib\ShearData.h">
      <Filter>Header Files</Filter>
    </ClInclude>
    <ClInclude Include="ShearDesignPage.h">
      <Filter>Header Files</Filter>
    </ClInclude>
    <ClInclude Include="..\Include\psgLib\ShearSteelGrid.h">
      <Filter>Header Files</Filter>
    </ClInclude>
    <ClInclude Include="..\Include\psgLib\ShearSteelPage.h">
      <Filter>Header Files</Filter>
    </ClInclude>
    <ClInclude Include="..\Include\psgLib\ShearZoneData.h">
      <Filter>Header Files</Filter>
    </ClInclude>
    <ClInclude Include="SpecClosurePage.h">
      <Filter>Header Files</Filter>
    </ClInclude>
    <ClInclude Include="SpecCreepPage.h">
      <Filter>Header Files</Filter>
    </ClInclude>
    <ClInclude Include="SpecDescrPage.h">
      <Filter>Header Files</Filter>
    </ClInclude>
    <ClInclude Include="SpecDesignPage.h">
      <Filter>Header Files</Filter>
    </ClInclude>
    <ClInclude Include="SpecGirderStressPage.h">
      <Filter>Header Files</Filter>
    </ClInclude>
    <ClInclude Include="SpecHaulingErectionPage.h">
      <Filter>Header Files</Filter>
    </ClInclude>
    <ClInclude Include="..\Include\psgLib\SpecLibraryEntry.h">
      <Filter>Header Files</Filter>
    </ClInclude>
    <ClInclude Include="SpecLiftingPage.h">
      <Filter>Header Files</Filter>
    </ClInclude>
    <ClInclude Include="SpecLimitsPage.h">
      <Filter>Header Files</Filter>
    </ClInclude>
    <ClInclude Include="SpecLossPage.h">
      <Filter>Header Files</Filter>
    </ClInclude>
    <ClInclude Include="SpecMainSheet.h">
      <Filter>Header Files</Filter>
    </ClInclude>
    <ClInclude Include="SpecMomentPage.h">
      <Filter>Header Files</Filter>
    </ClInclude>
    <ClInclude Include="SpecPSLimitPage.h">
      <Filter>Header Files</Filter>
    </ClInclude>
    <ClInclude Include="SpecShearPage.h">
      <Filter>Header Files</Filter>
    </ClInclude>
    <ClInclude Include="StdAfx.h">
      <Filter>Header Files</Filter>
    </ClInclude>
    <ClInclude Include="StrandGenerationDlg.h">
      <Filter>Header Files</Filter>
    </ClInclude>
    <ClInclude Include="StrandGridLocation.h">
      <Filter>Header Files</Filter>
    </ClInclude>
    <ClInclude Include="..\Include\psgLib\StructuredLoad.h">
      <Filter>Header Files</Filter>
    </ClInclude>
    <ClInclude Include="..\Include\psglib\StructuredSave.h">
      <Filter>Header Files</Filter>
    </ClInclude>
    <ClInclude Include="TrafficBarrierDlg.h">
      <Filter>Header Files</Filter>
    </ClInclude>
    <ClInclude Include="..\Include\PsgLib\TrafficBarrierEntry.h">
      <Filter>Header Files</Filter>
    </ClInclude>
    <ClInclude Include="TrafficBarrierGrid.h">
      <Filter>Header Files</Filter>
    </ClInclude>
    <ClInclude Include="TrafficBarrierViewDialog.h">
      <Filter>Header Files</Filter>
    </ClInclude>
    <ClInclude Include="..\Include\psgLib\UnitServer.h">
      <Filter>Header Files</Filter>
    </ClInclude>
    <ClInclude Include="WsdotHaulingDlg.h">
      <Filter>Header Files</Filter>
    </ClInclude>
    <ClInclude Include="SpecDeadLoadsPage.h">
      <Filter>Header Files</Filter>
    </ClInclude>
    <ClInclude Include="SpecLiveLoadsPage.h">
      <Filter>Header Files</Filter>
    </ClInclude>
    <ClInclude Include="CLSID.h">
      <Filter>Header Files</Filter>
    </ClInclude>
    <ClInclude Include="AdditionalInterfaceShearBarDlg.h">
      <Filter>Header Files</Filter>
    </ClInclude>
    <ClInclude Include="SpecBearingsPage.h">
      <Filter>Header Files</Filter>
    </ClInclude>
    <ClInclude Include="LibraryEditorStatusBar.h">
      <Filter>Header Files</Filter>
    </ClInclude>
    <ClInclude Include="PCIUHPCConcretePage.h">
      <Filter>Header Files</Filter>
    </ClInclude>
    <ClInclude Include="UHPCConcretePage.h">
      <Filter>Header Files</Filter>
    </ClInclude>
    <ClInclude Include="..\Include\psgLib\HoldDownCriteria.h">
      <Filter>Header Files</Filter>
    </ClInclude>
    <ClInclude Include="..\Include\psgLib\StrandSlopeCriteria.h">
      <Filter>Header Files</Filter>
    </ClInclude>
    <ClInclude Include="..\Include\psgLib\PlantHandlingCriteria.h">
      <Filter>Header Files</Filter>
    </ClInclude>
    <ClInclude Include="..\Include\psgLib\EndZoneCriteria.h">
      <Filter>Header Files</Filter>
    </ClInclude>
    <ClInclude Include="..\Include\psgLib\SlabOffsetCriteria.h">
      <Filter>Header Files</Filter>
    </ClInclude>
    <ClInclude Include="..\Include\psgLib\LiveLoadDeflectionCriteria.h">
      <Filter>Header Files</Filter>
    </ClInclude>
    <ClInclude Include="..\Include\psgLib\BottomFlangeClearanceCriteria.h">
      <Filter>Header Files</Filter>
    </ClInclude>
    <ClInclude Include="..\Include\psgLib\GirderInclinationCriteria.h">
      <Filter>Header Files</Filter>
    </ClInclude>
    <ClInclude Include="..\Include\psgLib\PrincipalTensionStressCriteria.h">
      <Filter>Header Files</Filter>
    </ClInclude>
    <ClInclude Include="..\Include\psgLib\BearingCriteria.h">
      <Filter>Header Files</Filter>
    </ClInclude>
    <ClInclude Include="..\Include\psgLib\LiveLoadCriteria.h">
      <Filter>Header Files</Filter>
    </ClInclude>
    <ClInclude Include="..\Include\psgLib\LiveLoadDistributionCriteria.h">
      <Filter>Header Files</Filter>
    </ClInclude>
    <ClInclude Include="..\Include\psgLib\TransferLengthCriteria.h">
      <Filter>Header Files</Filter>
    </ClInclude>
    <ClInclude Include="..\Include\psgLib\StrandStressCriteria.h">
      <Filter>Header Files</Filter>
    </ClInclude>
    <ClInclude Include="..\Include\psgLib\DuctSizeCriteria.h">
      <Filter>Header Files</Filter>
    </ClInclude>
    <ClInclude Include="..\Include\psgLib\TendonStressCriteria.h">
      <Filter>Header Files</Filter>
    </ClInclude>
    <ClInclude Include="..\Include\psgLib\SpecificationCriteria.h">
      <Filter>Header Files</Filter>
    </ClInclude>
    <ClInclude Include="..\Include\psgLib\SectionPropertiesCriteria.h">
      <Filter>Header Files</Filter>
    </ClInclude>
    <ClInclude Include="..\Include\psgLib\DeadLoadDistributionCriteria.h">
      <Filter>Header Files</Filter>
    </ClInclude>
    <ClInclude Include="..\Include\psgLib\HaunchCriteria.h">
      <Filter>Header Files</Filter>
    </ClInclude>
    <ClInclude Include="..\Include\psgLib\CreepCriteria.h">
      <Filter>Header Files</Filter>
    </ClInclude>
    <ClInclude Include="..\Include\psgLib\InterfaceShearCriteria.h">
      <Filter>Header Files</Filter>
    </ClInclude>
    <ClInclude Include="..\Include\psgLib\ShearCapacityCriteria.h">
      <Filter>Header Files</Filter>
    </ClInclude>
    <ClInclude Include="..\Include\psgLib\MomentCapacityCriteria.h">
      <Filter>Header Files</Filter>
    </ClInclude>
    <ClInclude Include="..\Include\psgLib\LiftingCriteria.h">
      <Filter>Header Files</Filter>
    </ClInclude>
    <ClInclude Include="..\Include\psgLib\TensionStressLimit.h">
      <Filter>Header Files</Filter>
    </ClInclude>
    <ClInclude Include="..\Include\psgLib\HaulingCriteria.h">
      <Filter>Header Files</Filter>
    </ClInclude>
    <ClInclude Include="..\Include\psgLib\LimitsCriteria.h">
      <Filter>Header Files</Filter>
    </ClInclude>
    <ClInclude Include="..\Include\psgLib\ClosureJointCriteria.h">
      <Filter>Header Files</Filter>
    </ClInclude>
    <ClInclude Include="..\Include\psgLib\LimitStateConcreteStrengthCriteria.h">
      <Filter>Header Files</Filter>
    </ClInclude>
    <ClInclude Include="..\Include\psgLib\HarpedStrandDesignCriteria.h">
      <Filter>Header Files</Filter>
    </ClInclude>
    <ClInclude Include="..\Include\psgLib\PrestressedElementCriteria.h">
      <Filter>Header Files</Filter>
    </ClInclude>
    <ClInclude Include="..\Include\psgLib\PrestressLossCriteria.h">
      <Filter>Header Files</Filter>
    </ClInclude>
    <ClInclude Include="..\Include\psgLib\RefactoredSpecLibraryParameters.h">
      <Filter>Header Files</Filter>
    </ClInclude>
    <ClInclude Include="SpecLibraryEntryImpl.h">
      <Filter>Header Files</Filter>
    </ClInclude>
    <ClInclude Include="SpecPropertySheet.h">
      <Filter>Header Files</Filter>
    </ClInclude>
    <ClInclude Include="SpecClosureFatiguePropertyPage.h">
      <Filter>Header Files</Filter>
    </ClInclude>
    <ClInclude Include="SpecClosureFinalPropertyPage.h">
      <Filter>Header Files</Filter>
    </ClInclude>
    <ClInclude Include="SpecClosureTemporaryPropertyPage.h">
      <Filter>Header Files</Filter>
    </ClInclude>
    <ClInclude Include="SpecCreepExcessCamberPropertyPage.h">
      <Filter>Header Files</Filter>
    </ClInclude>
    <ClInclude Include="SpecCreepGeneralPropertyPage.h">
      <Filter>Header Files</Filter>
    </ClInclude>
    <ClInclude Include="SpecDeadLoadOverlayPropertyPage.h">
      <Filter>Header Files</Filter>
    </ClInclude>
    <ClInclude Include="SpecDeadLoadRailingPropertyPage.h">
      <Filter>Header Files</Filter>
    </ClInclude>
    <ClInclude Include="SpecDesignConcretePropertyPage.h">
      <Filter>Header Files</Filter>
    </ClInclude>
    <ClInclude Include="SpecDesignFinalPropertyPage.h">
      <Filter>Header Files</Filter>
    </ClInclude>
    <ClInclude Include="SpecDesignHaulingPropertyPage.h">
      <Filter>Header Files</Filter>
    </ClInclude>
    <ClInclude Include="SpecDesignLiftingPropertyPage.h">
      <Filter>Header Files</Filter>
    </ClInclude>
    <ClInclude Include="SpecDesignReleasePropertyPage.h">
      <Filter>Header Files</Filter>
    </ClInclude>
    <ClInclude Include="SpecDesignRoadwayPropertyPage.h">
      <Filter>Header Files</Filter>
    </ClInclude>
    <ClInclude Include="SpecDesignStrandsPropertyPage.h">
      <Filter>Header Files</Filter>
    </ClInclude>
    <ClInclude Include="SpecGeneralDescriptionPropertyPage.h">
      <Filter>Header Files</Filter>
    </ClInclude>
    <ClInclude Include="SpecGeneralSectionPropertiesPropertyPage.h">
      <Filter>Header Files</Filter>
    </ClInclude>
    <ClInclude Include="SpecGeneralSpecificationPropertyPage.h">
      <Filter>Header Files</Filter>
    </ClInclude>
    <ClInclude Include="SpecGirderFatiguePropertyPage.h">
      <Filter>Header Files</Filter>
    </ClInclude>
    <ClInclude Include="SpecGirderFinalPropertyPage.h">
      <Filter>Header Files</Filter>
    </ClInclude>
    <ClInclude Include="SpecGirderPrincipalStressPropertyPage.h">
      <Filter>Header Files</Filter>
    </ClInclude>
    <ClInclude Include="SpecGirderTemporaryPropertyPage.h">
      <Filter>Header Files</Filter>
    </ClInclude>
    <ClInclude Include="SpecHaulingAnalysisPropertyPage.h">
      <Filter>Header Files</Filter>
    </ClInclude>
    <ClInclude Include="SpecHaulingFactorsOfSafetyPropertyPage.h">
      <Filter>Header Files</Filter>
    </ClInclude>
    <ClInclude Include="SpecHaulingKDOTPropertyPage.h">
      <Filter>Header Files</Filter>
    </ClInclude>
    <ClInclude Include="SpecHaulingLimitsPropertyPage.h">
      <Filter>Header Files</Filter>
    </ClInclude>
    <ClInclude Include="SpecHaulingMethodPropertyPage.h">
      <Filter>Header Files</Filter>
    </ClInclude>
    <ClInclude Include="SpecHaulingModulusOfRupturePropertyPage.h">
      <Filter>Header Files</Filter>
    </ClInclude>
    <ClInclude Include="SpecLiftingAnalysisPropertyPage.h">
      <Filter>Header Files</Filter>
    </ClInclude>
    <ClInclude Include="SpecLiftingFactorsOfSafetyPropertyPage.h">
      <Filter>Header Files</Filter>
    </ClInclude>
    <ClInclude Include="SpecLiftingLimitsPropertyPage.h">
      <Filter>Header Files</Filter>
    </ClInclude>
    <ClInclude Include="SpecLiftingModulusOfRupturePropertyPage.h">
      <Filter>Header Files</Filter>
    </ClInclude>
    <ClInclude Include="SpecLimitsConcretePropertyPage.h">
      <Filter>Header Files</Filter>
    </ClInclude>
    <ClInclude Include="SpecLimitsWarningsPropertyPage.h">
      <Filter>Header Files</Filter>
    </ClInclude>
    <ClInclude Include="SpecLiveLoadDistributionFactorsPropertyPage.h">
      <Filter>Header Files</Filter>
    </ClInclude>
    <ClInclude Include="SpecLiveLoadHL93PropertyPage.h">
      <Filter>Header Files</Filter>
    </ClInclude>
    <ClInclude Include="SpecLiveLoadPedestrianPropertyPage.h">
      <Filter>Header Files</Filter>
    </ClInclude>
    <ClInclude Include="SpecLossesPropertyPage.h">
      <Filter>Header Files</Filter>
    </ClInclude>
    <ClInclude Include="SpecMomentCapacityPropertyPage.h">
      <Filter>Header Files</Filter>
    </ClInclude>
    <ClInclude Include="SpecMomentResistanceFactorsPropertyPage.h">
      <Filter>Header Files</Filter>
    </ClInclude>
    <ClInclude Include="SpecPrestressingDuctsPropertyPage.h">
      <Filter>Header Files</Filter>
    </ClInclude>
    <ClInclude Include="SpecPrestressingOptionsPropertyPage.h">
      <Filter>Header Files</Filter>
    </ClInclude>
    <ClInclude Include="SpecPrestressingPostTensionLimitsPropertyPage.h">
      <Filter>Header Files</Filter>
    </ClInclude>
    <ClInclude Include="SpecPrestressingPretensionLimitsPropertyPage.h">
      <Filter>Header Files</Filter>
    </ClInclude>
    <ClInclude Include="SpecShearCapacityPropertyPage.h">
      <Filter>Header Files</Filter>
    </ClInclude>
    <ClInclude Include="SpecShearInterfacePropertyPage.h">
      <Filter>Header Files</Filter>
    </ClInclude>
    <ClInclude Include="SpecShearInterfaceShearPropertyPage.h">
      <Filter>Header Files</Filter>
    </ClInclude>
    <ClInclude Include="SpecShearReinforcementPropertyPage.h">
      <Filter>Header Files</Filter>
    </ClInclude>
    <ClInclude Include="SpecShearResistanceFactorsPropertyPage.h">
      <Filter>Header Files</Filter>
    </ClInclude>
  </ItemGroup>
  <ItemGroup>
    <CustomBuild Include="psgLib.def" />
  </ItemGroup>
  <ItemGroup>
    <Image Include="res\barrier.bmp">
      <Filter>Resource Files</Filter>
    </Image>
    <Image Include="res\concrete.ico">
      <Filter>Resource Files</Filter>
    </Image>
    <Image Include="res\connecti.bmp">
      <Filter>Resource Files</Filter>
    </Image>
    <Image Include="res\connection.ico">
      <Filter>Resource Files</Filter>
    </Image>
    <Image Include="res\DefaultEntry.ico">
      <Filter>Resource Files</Filter>
    </Image>
    <Image Include="res\diaphragm.ico">
      <Filter>Resource Files</Filter>
    </Image>
    <Image Include="res\duct.ico">
      <Filter>Resource Files</Filter>
    </Image>
    <Image Include="..\res\folder_closed.ico">
      <Filter>Resource Files</Filter>
    </Image>
    <Image Include="..\res\folder_open.ico">
      <Filter>Resource Files</Filter>
    </Image>
    <Image Include="res\girder.ico">
      <Filter>Resource Files</Filter>
    </Image>
    <Image Include="GirderSection.bmp">
      <Filter>Resource Files</Filter>
    </Image>
    <Image Include="res\haul_truck.ico">
      <Filter>Resource Files</Filter>
    </Image>
    <Image Include="ico00001.ico">
      <Filter>Resource Files</Filter>
    </Image>
    <Image Include="res\ico00001.ico">
      <Filter>Resource Files</Filter>
    </Image>
    <Image Include="res\ico00002.ico">
      <Filter>Resource Files</Filter>
    </Image>
    <Image Include="ico00002.ico">
      <Filter>Resource Files</Filter>
    </Image>
    <Image Include="res\ico00003.ico">
      <Filter>Resource Files</Filter>
    </Image>
    <Image Include="ico00003.ico">
      <Filter>Resource Files</Filter>
    </Image>
    <Image Include="res\ico00004.ico">
      <Filter>Resource Files</Filter>
    </Image>
    <Image Include="ico00004.ico">
      <Filter>Resource Files</Filter>
    </Image>
    <Image Include="ico00005.ico">
      <Filter>Resource Files</Filter>
    </Image>
    <Image Include="res\ico00005.ico">
      <Filter>Resource Files</Filter>
    </Image>
    <Image Include="res\icon1.ico">
      <Filter>Resource Files</Filter>
    </Image>
    <Image Include="icon1.ico">
      <Filter>Resource Files</Filter>
    </Image>
    <Image Include="res\LibEditorToolbar.bmp">
      <Filter>Resource Files</Filter>
    </Image>
    <Image Include="..\res\LibEntryInUse.bmp">
      <Filter>Resource Files</Filter>
    </Image>
    <Image Include="..\res\LibEntryInUseAndReadOnly.bmp">
      <Filter>Resource Files</Filter>
    </Image>
    <Image Include="..\res\LibEntryReadOnly.bmp">
      <Filter>Resource Files</Filter>
    </Image>
    <Image Include="res\live_loa.ico">
      <Filter>Resource Files</Filter>
    </Image>
    <Image Include="res\LibraryEditorDoc.ico">
      <Filter>Resource Files</Filter>
    </Image>
    <Image Include="res\Rating.ico">
      <Filter>Resource Files</Filter>
    </Image>
    <Image Include="res\specification.ico">
      <Filter>Resource Files</Filter>
    </Image>
    <Image Include="res\trafficbarrier.ico">
      <Filter>Resource Files</Filter>
    </Image>
    <Image Include="res\LibraryManager.ico">
      <Filter>Resource Files</Filter>
    </Image>
    <Image Include="..\PGSuperAppPlugin\res\LibEntryInUse.bmp">
      <Filter>Resource Files</Filter>
    </Image>
    <Image Include="..\PGSuperAppPlugin\res\LibEntryInUseAndReadOnly.bmp">
      <Filter>Resource Files</Filter>
    </Image>
    <Image Include="..\PGSuperAppPlugin\res\LibEntryReadOnly.bmp">
      <Filter>Resource Files</Filter>
    </Image>
    <Image Include="..\PGSuperAppPlugin\res\folder_closed.ico">
      <Filter>Resource Files</Filter>
    </Image>
    <Image Include="..\PGSuperAppPlugin\res\folder_open.ico">
      <Filter>Resource Files</Filter>
    </Image>
  </ItemGroup>
  <ItemGroup>
    <None Include="res\Connection.emf">
      <Filter>Resource Files</Filter>
    </None>
    <None Include="res\Connection_BrgAlongGdr_EndAlongGdrFromBrg.emf">
      <Filter>Resource Files</Filter>
    </None>
    <None Include="res\Connection_BrgAlongGdr_EndAlongGdrFromPier.emf">
      <Filter>Resource Files</Filter>
    </None>
    <None Include="res\Connection_BrgAlongGdr_EndAlongNormalFromBrg.emf">
      <Filter>Resource Files</Filter>
    </None>
    <None Include="res\Connection_BrgAlongGdr_EndAlongNormalFromPier.emf">
      <Filter>Resource Files</Filter>
    </None>
    <None Include="res\Connection_BrgAlongNormal_EndAlongGdrFromBrg.emf">
      <Filter>Resource Files</Filter>
    </None>
    <None Include="res\Connection_BrgAlongNormal_EndAlongGdrFromPier.emf">
      <Filter>Resource Files</Filter>
    </None>
    <None Include="res\Connection_BrgAlongNormal_EndAlongNormalFromBrg.emf">
      <Filter>Resource Files</Filter>
    </None>
    <None Include="res\Connection_BrgAlongNormal_EndAlongNormalFromPier.emf">
      <Filter>Resource Files</Filter>
    </None>
    <None Include="res\ConnectionFromPier.emf">
      <Filter>Resource Files</Filter>
    </None>
    <None Include="res\GenerateStrands_StartEnd_Sequential.emf">
      <Filter>Resource Files</Filter>
    </None>
    <None Include="res\GenerateStrands_StartEnd_Skipped.emf">
      <Filter>Resource Files</Filter>
    </None>
    <None Include="res\GenerateStrands_StartSpacing_Sequential.emf">
      <Filter>Resource Files</Filter>
    </None>
    <None Include="res\GenerateStrands_StartSpacing_Skipped.emf">
      <Filter>Resource Files</Filter>
    </None>
    <None Include="res\GirderDim.emf">
      <Filter>Resource Files</Filter>
    </None>
    <None Include="LibraryAppPlugin.rgs">
      <Filter>Resource Files</Filter>
    </None>
    <None Include="res\psgLib.rc2">
      <Filter>Resource Files</Filter>
    </None>
    <None Include="res\TrafficBarrier.emf">
      <Filter>Resource Files</Filter>
    </None>
    <None Include="res\TrafficBarrier_Sidewalk.emf">
      <Filter>Resource Files</Filter>
    </None>
    <None Include="res\TrafficBarrier_Sidewalk_PedestrianBarrier.emf">
      <Filter>Resource Files</Filter>
    </None>
    <None Include="res\Z.emf">
      <Filter>Resource Files</Filter>
    </None>
  </ItemGroup>
  <ItemGroup>
    <Filter Include="Header Files">
      <UniqueIdentifier>{e96d34c0-1211-42c3-a20e-db214c4e4041}</UniqueIdentifier>
      <Extensions>h;hpp;hxx;hm;inl</Extensions>
    </Filter>
    <Filter Include="Source Files">
      <UniqueIdentifier>{606ecc7b-f22c-4e60-99a4-ff303d40f06a}</UniqueIdentifier>
      <Extensions>cpp;c;cxx;rc;def;r;odl;idl;hpj;bat</Extensions>
    </Filter>
    <Filter Include="Resource Files">
      <UniqueIdentifier>{37446aa2-437e-4c3d-ba5e-d18bf145a964}</UniqueIdentifier>
      <Extensions>ico;cur;bmp;dlg;rc2;rct;bin;rgs;gif;jpg;jpeg;jpe</Extensions>
    </Filter>
  </ItemGroup>
  <ItemGroup>
    <ResourceCompile Include="psgLib.rc">
      <Filter>Resource Files</Filter>
    </ResourceCompile>
  </ItemGroup>
</Project>