<?xml version="1.0" encoding="utf-8"?>
<Project ToolsVersion="4.0" xmlns="http://schemas.microsoft.com/developer/msbuild/2003">
  <ItemGroup>
    <ClCompile Include="LibraryEntryObserver.cpp">
      <Filter>Source Files</Filter>
    </ClCompile>
    <ClCompile Include="ProjectAgent.cpp">
      <Filter>Source Files</Filter>
    </ClCompile>
    <ClCompile Include="ProjectAgentImp.cpp">
      <Filter>Source Files</Filter>
    </ClCompile>
    <ClCompile Include="StatusItems.cpp">
      <Filter>Source Files</Filter>
    </ClCompile>
    <ClCompile Include="StdAfx.cpp">
      <Filter>Source Files</Filter>
    </ClCompile>
    <ClCompile Include="txnEditBridgeDescription.cpp">
      <Filter>Source Files</Filter>
    </ClCompile>
    <ClCompile Include="XSectionData.cpp">
      <Filter>Source Files</Filter>
    </ClCompile>
    <ClCompile Include="HaunchDepthInputConversionTool.cpp">
      <Filter>Source Files</Filter>
    </ClCompile>
  </ItemGroup>
  <ItemGroup>
    <ClInclude Include="..\Include\IFace\RatingSpecification.h">
      <Filter>IFace</Filter>
    </ClInclude>
    <ClInclude Include="..\Include\IFace\GirderHandling.h">
      <Filter>IFace</Filter>
    </ClInclude>
    <ClInclude Include="ProjectAgent.h">
      <Filter>Header Files</Filter>
    </ClInclude>
    <ClInclude Include="StatusItems.h">
      <Filter>Header Files</Filter>
    </ClInclude>
    <ClInclude Include="txnEditBridgeDescription.h">
      <Filter>Header Files</Filter>
    </ClInclude>
    <ClInclude Include="StdAfx.h">
      <Filter>Header Files</Filter>
    </ClInclude>
    <ClInclude Include="XSectionData.h">
      <Filter>Header Files</Filter>
    </ClInclude>
    <ClInclude Include="ProjectAgentImp.h">
      <Filter>Header Files</Filter>
    </ClInclude>
    <ClInclude Include="LibraryEntryObserver.h">
      <Filter>Header Files</Filter>
    </ClInclude>
    <ClInclude Include="CPProjectAgent.h">
      <Filter>Header Files</Filter>
    </ClInclude>
    <ClInclude Include="..\Include\IFace\Project.h">
      <Filter>IFace</Filter>
    </ClInclude>
    <ClInclude Include="Resource.h">
      <Filter>Header Files</Filter>
    </ClInclude>
    <ClInclude Include="CLSID.h">
      <Filter>Header Files</Filter>
    </ClInclude>
    <ClInclude Include="HaunchDepthInputConversionTool.h">
      <Filter>Header Files</Filter>
    </ClInclude>
  </ItemGroup>
  <ItemGroup>
    <None Include="ProjectAgent.def" />
  </ItemGroup>
  <ItemGroup>
    <Filter Include="Header Files">
      <UniqueIdentifier>{bcdb9ca6-3481-4265-99a4-3942b5c61973}</UniqueIdentifier>
      <Extensions>h;hpp;hxx;hm;inl</Extensions>
    </Filter>
    <Filter Include="Source Files">
      <UniqueIdentifier>{7e53f3eb-74e1-44ac-84a2-b499f249792f}</UniqueIdentifier>
      <Extensions>cpp;c;cxx;rc;def;r;odl;idl;hpj;bat</Extensions>
    </Filter>
    <Filter Include="Resource Files">
      <UniqueIdentifier>{f39c1a46-93bd-4ba8-b21e-91fc4e674d4b}</UniqueIdentifier>
      <Extensions>ico;cur;bmp;dlg;rc2;rct;bin;rgs;gif;jpg;jpeg;jpe</Extensions>
    </Filter>
    <Filter Include="IFace">
      <UniqueIdentifier>{3acf1c73-b03c-4c17-8aff-946d9b274d12}</UniqueIdentifier>
    </Filter>
  </ItemGroup>
  <ItemGroup>
    <ResourceCompile Include="ProjectAgent.rc">
      <Filter>Resource Files</Filter>
    </ResourceCompile>
  </ItemGroup>
</Project>