<?xml version="1.0" encoding="utf-8"?>
<Project ToolsVersion="4.0" xmlns="http://schemas.microsoft.com/developer/msbuild/2003">
  <ItemGroup>
    <ClCompile Include="dllmain.cpp">
      <Filter>Source Files</Filter>
    </ClCompile>
    <ClCompile Include="EccentricityDlg.cpp">
      <Filter>Source Files</Filter>
    </ClCompile>
    <ClCompile Include="exportCADData.cpp">
      <Filter>Source Files</Filter>
    </ClCompile>
    <ClCompile Include="mfcdual.cpp">
      <Filter>Source Files</Filter>
    </ClCompile>
    <ClCompile Include="..\SharedCtrls\MultiGirderSelectGrid.cpp">
      <Filter>Source Files</Filter>
    </ClCompile>
    <ClCompile Include="ProjectCriteriaNotFoundDlg.cpp">
      <Filter>Source Files</Filter>
    </ClCompile>
    <ClCompile Include="stdafx.cpp">
      <Filter>Source Files</Filter>
    </ClCompile>
    <ClCompile Include="StrandRowGrid.cpp">
      <Filter>Source Files</Filter>
    </ClCompile>
    <ClCompile Include="TexasCamberAndDeflectionChapterBuilder.cpp">
      <Filter>Source Files</Filter>
    </ClCompile>
    <ClCompile Include="TexasGirderSummaryChapterBuilder.cpp">
      <Filter>Source Files</Filter>
    </ClCompile>
    <ClCompile Include="TexasHaunchChapterBuilder.cpp">
      <Filter>Source Files</Filter>
    </ClCompile>
    <ClCompile Include="TexasIBNSChapterBuilder.cpp">
      <Filter>Source Files</Filter>
    </ClCompile>
    <ClCompile Include="TexasIBNSParagraphBuilder.cpp">
      <Filter>Source Files</Filter>
    </ClCompile>
    <ClCompile Include="TexasMomentCapacityChapterBuilder.cpp">
      <Filter>Source Files</Filter>
    </ClCompile>
    <ClCompile Include="TexasPrestressSummaryChapterBuilder.cpp">
      <Filter>Source Files</Filter>
    </ClCompile>
    <ClCompile Include="TexasShearChapterBuilder.cpp">
      <Filter>Source Files</Filter>
    </ClCompile>
    <ClCompile Include="TexasStressChecksChapterBuilder.cpp">
      <Filter>Source Files</Filter>
    </ClCompile>
    <ClCompile Include="TOGACamberAndDeflectionChapterBuilder.cpp">
      <Filter>Source Files</Filter>
    </ClCompile>
    <ClCompile Include="TogaDirectFillDlg.cpp">
      <Filter>Source Files</Filter>
    </ClCompile>
    <ClCompile Include="TogaDisplayObjectFactory.cpp">
      <Filter>Source Files</Filter>
    </ClCompile>
    <ClCompile Include="TogaGirderEditorElevationSettingsPage.cpp">
      <Filter>Source Files</Filter>
    </ClCompile>
    <ClCompile Include="TogaGirderEditorSectionSettingsPage.cpp">
      <Filter>Source Files</Filter>
    </ClCompile>
    <ClCompile Include="TogaGirderEditorSettingsSheet.cpp">
      <Filter>Source Files</Filter>
    </ClCompile>
    <ClCompile Include="TogaGirderModelElevationView.cpp">
      <Filter>Source Files</Filter>
    </ClCompile>
    <ClCompile Include="TogaGirderModelSectionView.cpp">
      <Filter>Source Files</Filter>
    </ClCompile>
    <ClCompile Include="TOGAGirderSelectStrandsDlg.cpp">
      <Filter>Source Files</Filter>
    </ClCompile>
    <ClCompile Include="TogaGMDisplayMgrEventsImpl.cpp">
      <Filter>Source Files</Filter>
    </ClCompile>
    <ClCompile Include="TOGALongSectionChapterBuilder.cpp">
      <Filter>Source Files</Filter>
    </ClCompile>
    <ClCompile Include="TogaSectionCutDisplayImpl.cpp">
      <Filter>Source Files</Filter>
    </ClCompile>
    <ClCompile Include="TogaSectionCutDlgEx.cpp">
      <Filter>Source Files</Filter>
    </ClCompile>
    <ClCompile Include="TogaSpecCheckSummaryChapterBuilder.cpp">
      <Filter>Source Files</Filter>
    </ClCompile>
    <ClCompile Include="TOGAStatusBar.cpp">
      <Filter>Source Files</Filter>
    </ClCompile>
    <ClCompile Include="TOGAStrandFillGrid.cpp">
      <Filter>Source Files</Filter>
    </ClCompile>
    <ClCompile Include="TogaStressChecksChapterBuilder.cpp">
      <Filter>Source Files</Filter>
    </ClCompile>
    <ClCompile Include="TogaSupportDrawStrategyImpl.cpp">
      <Filter>Source Files</Filter>
    </ClCompile>
    <ClCompile Include="TOGATitlePageBuilder.cpp">
      <Filter>Source Files</Filter>
    </ClCompile>
    <ClCompile Include="TxDOTAgent.cpp">
      <Filter>Source Files</Filter>
    </ClCompile>
    <ClCompile Include="TxDOTAgentImp.cpp">
      <Filter>Source Files</Filter>
    </ClCompile>
    <ClCompile Include="TxDOTAppPlugin.cpp">
      <Filter>Source Files</Filter>
    </ClCompile>
    <ClCompile Include="TxDOTCadExporter.cpp">
      <Filter>Source Files</Filter>
    </ClCompile>
    <ClCompile Include="TxDOTCadWriter.cpp">
      <Filter>Source Files</Filter>
    </ClCompile>
    <ClCompile Include="TxDOTCommandLineInfo.cpp">
      <Filter>Source Files</Filter>
    </ClCompile>
    <ClCompile Include="TxDOTComponentInfo.cpp">
      <Filter>Source Files</Filter>
    </ClCompile>
    <ClCompile Include="TxDOTOptionalDesignBridgeInputPage.cpp">
      <Filter>Source Files</Filter>
    </ClCompile>
    <ClCompile Include="TxDOTOptionalDesignChildFrame.cpp">
      <Filter>Source Files</Filter>
    </ClCompile>
    <ClCompile Include="TxDOTOptionalDesignData.cpp">
      <Filter>Source Files</Filter>
    </ClCompile>
    <ClCompile Include="TxDOTOptionalDesignDoc.cpp">
      <Filter>Source Files</Filter>
    </ClCompile>
    <ClCompile Include="TxDOTOptionalDesignDocProxyAgent.cpp">
      <Filter>Source Files</Filter>
    </ClCompile>
    <ClCompile Include="TxDOTOptionalDesignDocTemplate.cpp">
      <Filter>Source Files</Filter>
    </ClCompile>
    <ClCompile Include="TxDOTOptionalDesignGirderData.cpp">
      <Filter>Source Files</Filter>
    </ClCompile>
    <ClCompile Include="TxDOTOptionalDesignGirderInputPage.cpp">
      <Filter>Source Files</Filter>
    </ClCompile>
    <ClCompile Include="TxDOTOptionalDesignGirderViewPage.cpp">
      <Filter>Source Files</Filter>
    </ClCompile>
    <ClCompile Include="TxDOTOptionalDesignNonStandardFillDlg.cpp">
      <Filter>Source Files</Filter>
    </ClCompile>
    <ClCompile Include="TxDOTOptionalDesignPropertySheet.cpp">
      <Filter>Source Files</Filter>
    </ClCompile>
    <ClCompile Include="TxDOTOptionalDesignReportPage.cpp">
      <Filter>Source Files</Filter>
    </ClCompile>
    <ClCompile Include="TxDOTOptionalDesignStandardFillDlg.cpp">
      <Filter>Source Files</Filter>
    </ClCompile>
    <ClCompile Include="TxDOTOptionalDesignSummaryChapterBuilder.cpp">
      <Filter>Source Files</Filter>
    </ClCompile>
    <ClCompile Include="TxDOTOptionalDesignUtilities.cpp">
      <Filter>Source Files</Filter>
    </ClCompile>
    <ClCompile Include="TxDOTOptionalDesignView.cpp">
      <Filter>Source Files</Filter>
    </ClCompile>
    <ClCompile Include="TxDOTAppPluginComponentInfo.cpp">
      <Filter>Source Files</Filter>
    </ClCompile>
    <ClCompile Include="TxDOTAgentApp.cpp">
      <Filter>Source Files</Filter>
    </ClCompile>
    <ClCompile Include="TxExcelDataExporter.cpp">
      <Filter>Source Files</Filter>
    </ClCompile>
    <ClCompile Include="TxExcel.cpp">
      <Filter>Source Files</Filter>
    </ClCompile>
    <ClCompile Include="TxCSVDataExporter.cpp">
      <Filter>Source Files</Filter>
    </ClCompile>
    <ClCompile Include="TxDataExporter.cpp">
      <Filter>Source Files</Filter>
    </ClCompile>
    <ClCompile Include="TOGATestFileWriter.cpp">
      <Filter>Source Files</Filter>
    </ClCompile>
    <ClCompile Include="TxDOTLegacyCadWriter.cpp">
      <Filter>Source Files</Filter>
    </ClCompile>
    <ClCompile Include="TexasLoadRatingSummaryChapterBuilder.cpp">
      <Filter>Source Files</Filter>
    </ClCompile>
  </ItemGroup>
  <ItemGroup>
    <ClInclude Include="dllmain.h">
      <Filter>Header Files</Filter>
    </ClInclude>
    <ClInclude Include="EccentricityDlg.h">
      <Filter>Header Files</Filter>
    </ClInclude>
    <ClInclude Include="exportCADData.h">
      <Filter>Header Files</Filter>
    </ClInclude>
    <ClInclude Include="mfcdual.h">
      <Filter>Header Files</Filter>
    </ClInclude>
    <ClInclude Include="..\Include\SharedCtrls\MultiGirderSelectGrid.h">
      <Filter>Header Files</Filter>
    </ClInclude>
    <ClInclude Include="ProjectCriteriaNotFoundDlg.h">
      <Filter>Header Files</Filter>
    </ClInclude>
    <ClInclude Include="Resource.h">
      <Filter>Header Files</Filter>
    </ClInclude>
    <ClInclude Include="stdafx.h">
      <Filter>Header Files</Filter>
    </ClInclude>
    <ClInclude Include="StrandRowGrid.h">
      <Filter>Header Files</Filter>
    </ClInclude>
    <ClInclude Include="TexasCamberAndDeflectionChapterBuilder.h">
      <Filter>Header Files</Filter>
    </ClInclude>
    <ClInclude Include="TexasGirderSummaryChapterBuilder.h">
      <Filter>Header Files</Filter>
    </ClInclude>
    <ClInclude Include="TexasHaunchChapterBuilder.h">
      <Filter>Header Files</Filter>
    </ClInclude>
    <ClInclude Include="TexasIBNSChapterBuilder.h">
      <Filter>Header Files</Filter>
    </ClInclude>
    <ClInclude Include="TexasIBNSParagraphBuilder.h">
      <Filter>Header Files</Filter>
    </ClInclude>
    <ClInclude Include="TexasMomentCapacityChapterBuilder.h">
      <Filter>Header Files</Filter>
    </ClInclude>
    <ClInclude Include="TexasPrestressSummaryChapterBuilder.h">
      <Filter>Header Files</Filter>
    </ClInclude>
    <ClInclude Include="TexasShearChapterBuilder.h">
      <Filter>Header Files</Filter>
    </ClInclude>
    <ClInclude Include="TexasStressChecksChapterBuilder.h">
      <Filter>Header Files</Filter>
    </ClInclude>
    <ClInclude Include="TOGACamberAndDeflectionChapterBuilder.h">
      <Filter>Header Files</Filter>
    </ClInclude>
    <ClInclude Include="TogaDirectFillDlg.h">
      <Filter>Header Files</Filter>
    </ClInclude>
    <ClInclude Include="TogaDisplayObjectFactory.h">
      <Filter>Header Files</Filter>
    </ClInclude>
    <ClInclude Include="TogaGirderEditorElevationSettingsPage.h">
      <Filter>Header Files</Filter>
    </ClInclude>
    <ClInclude Include="TogaGirderEditorSectionSettingsPage.h">
      <Filter>Header Files</Filter>
    </ClInclude>
    <ClInclude Include="TogaGirderEditorSettingsSheet.h">
      <Filter>Header Files</Filter>
    </ClInclude>
    <ClInclude Include="TogaGirderModelElevationView.h">
      <Filter>Header Files</Filter>
    </ClInclude>
    <ClInclude Include="TogaGirderModelSectionView.h">
      <Filter>Header Files</Filter>
    </ClInclude>
    <ClInclude Include="TOGAGirderSelectStrandsDlg.h">
      <Filter>Header Files</Filter>
    </ClInclude>
    <ClInclude Include="TogaGMDisplayMgrEventsImpl.h">
      <Filter>Header Files</Filter>
    </ClInclude>
    <ClInclude Include="TOGALongSectionChapterBuilder.h">
      <Filter>Header Files</Filter>
    </ClInclude>
    <ClInclude Include="TogaSectionCutDisplayImpl.h">
      <Filter>Header Files</Filter>
    </ClInclude>
    <ClInclude Include="TogaSectionCutDlgEx.h">
      <Filter>Header Files</Filter>
    </ClInclude>
    <ClInclude Include="TogaSectionCutDrawStrategy.h">
      <Filter>Header Files</Filter>
    </ClInclude>
    <ClInclude Include="TogaSpecCheckSummaryChapterBuilder.h">
      <Filter>Header Files</Filter>
    </ClInclude>
    <ClInclude Include="TOGAStatusBar.h">
      <Filter>Header Files</Filter>
    </ClInclude>
    <ClInclude Include="TOGAStrandFillGrid.h">
      <Filter>Header Files</Filter>
    </ClInclude>
    <ClInclude Include="TogaStressChecksChapterBuilder.h">
      <Filter>Header Files</Filter>
    </ClInclude>
    <ClInclude Include="TogaSupportDrawStrategy.h">
      <Filter>Header Files</Filter>
    </ClInclude>
    <ClInclude Include="TogaSupportDrawStrategyImpl.h">
      <Filter>Header Files</Filter>
    </ClInclude>
    <ClInclude Include="TOGATitlePageBuilder.h">
      <Filter>Header Files</Filter>
    </ClInclude>
    <ClInclude Include="TxDOTAgentImp.h">
      <Filter>Header Files</Filter>
    </ClInclude>
    <ClInclude Include="TxDOTAppPlugin.h">
      <Filter>Header Files</Filter>
    </ClInclude>
    <ClInclude Include="TxDOTCadExporter.h">
      <Filter>Header Files</Filter>
    </ClInclude>
    <ClInclude Include="TxDOTCadWriter.h">
      <Filter>Header Files</Filter>
    </ClInclude>
    <ClInclude Include="TxDOTCommandLineInfo.h">
      <Filter>Header Files</Filter>
    </ClInclude>
    <ClInclude Include="TxDOTComponentInfo.h">
      <Filter>Header Files</Filter>
    </ClInclude>
    <ClInclude Include="TxDOTOptionalDesignBridgeInputPage.h">
      <Filter>Header Files</Filter>
    </ClInclude>
    <ClInclude Include="TxDOTOptionalDesignBrokerRetreiver.h">
      <Filter>Header Files</Filter>
    </ClInclude>
    <ClInclude Include="TxDOTOptionalDesignChildFrame.h">
      <Filter>Header Files</Filter>
    </ClInclude>
    <ClInclude Include="TxDOTOptionalDesignData.h">
      <Filter>Header Files</Filter>
    </ClInclude>
    <ClInclude Include="TxDOTOptionalDesignDoc.h">
      <Filter>Header Files</Filter>
    </ClInclude>
    <ClInclude Include="TxDOTOptionalDesignDocProxyAgent.h">
      <Filter>Header Files</Filter>
    </ClInclude>
    <ClInclude Include="TxDOTOptionalDesignDocTemplate.h">
      <Filter>Header Files</Filter>
    </ClInclude>
    <ClInclude Include="TxDOTOptionalDesignGirderData.h">
      <Filter>Header Files</Filter>
    </ClInclude>
    <ClInclude Include="TxDOTOptionalDesignGirderInputPage.h">
      <Filter>Header Files</Filter>
    </ClInclude>
    <ClInclude Include="TxDOTOptionalDesignGirderViewPage.h">
      <Filter>Header Files</Filter>
    </ClInclude>
    <ClInclude Include="TxDOTOptionalDesignNonStandardFillDlg.h">
      <Filter>Header Files</Filter>
    </ClInclude>
    <ClInclude Include="TxDOTOptionalDesignPropertySheet.h">
      <Filter>Header Files</Filter>
    </ClInclude>
    <ClInclude Include="TxDOTOptionalDesignReportPage.h">
      <Filter>Header Files</Filter>
    </ClInclude>
    <ClInclude Include="TxDOTOptionalDesignStandardFillDlg.h">
      <Filter>Header Files</Filter>
    </ClInclude>
    <ClInclude Include="TxDOTOptionalDesignSummaryChapterBuilder.h">
      <Filter>Header Files</Filter>
    </ClInclude>
    <ClInclude Include="TxDOTOptionalDesignUtilities.h">
      <Filter>Header Files</Filter>
    </ClInclude>
    <ClInclude Include="TxDOTOptionalDesignView.h">
      <Filter>Header Files</Filter>
    </ClInclude>
    <ClInclude Include="TxDOTAppPluginComponentInfo.h">
      <Filter>Header Files</Filter>
    </ClInclude>
    <ClInclude Include="TxDOTAgentApp.h">
      <Filter>Header Files</Filter>
    </ClInclude>
    <ClInclude Include="CLSID.h">
      <Filter>Header Files</Filter>
    </ClInclude>
    <ClInclude Include="TxExcel.h">
      <Filter>Header Files</Filter>
    </ClInclude>
    <ClInclude Include="TxExcelDataExporter.h">
      <Filter>Header Files</Filter>
    </ClInclude>
    <ClInclude Include="TxCSVDataExporter.h">
      <Filter>Header Files</Filter>
    </ClInclude>
    <ClInclude Include="TxDataExporter.h">
      <Filter>Header Files</Filter>
    </ClInclude>
    <ClInclude Include="TOGATestFileWriter.h">
      <Filter>Header Files</Filter>
    </ClInclude>
    <ClInclude Include="TxDOTLegacyCadWriter.h">
      <Filter>Header Files</Filter>
    </ClInclude>
    <ClInclude Include="TexasLoadRatingSummaryChapterBuilder.h">
      <Filter>Header Files</Filter>
    </ClInclude>
  </ItemGroup>
  <ItemGroup>
    <Image Include="res\toolbar1.bmp">
      <Filter>Resource Files</Filter>
    </Image>
    <Image Include="res\txdot.ico">
      <Filter>Resource Files</Filter>
    </Image>
  </ItemGroup>
  <ItemGroup>
    <None Include="TxDOTAgent.def" />
    <None Include="TxDOTAgent.rgs">
      <Filter>Resource Files</Filter>
    </None>
    <None Include="TxDOTAgentImp.rgs">
      <Filter>Resource Files</Filter>
    </None>
    <None Include="TxDOTAppPlugin.rgs">
      <Filter>Resource Files</Filter>
    </None>
    <None Include="TxDOTCadExporter.rgs">
      <Filter>Resource Files</Filter>
    </None>
    <None Include="TxDOTComponentInfo.rgs">
      <Filter>Resource Files</Filter>
    </None>
    <None Include="TxDOTAppPluginComponentInfo.rgs">
      <Filter>Resource Files</Filter>
    </None>
    <None Include="res\registry.bin">
      <Filter>Resource Files</Filter>
    </None>
  </ItemGroup>
  <ItemGroup>
    <Filter Include="Source Files">
      <UniqueIdentifier>{e1e9de17-c916-474a-a84b-0b70d1c304e9}</UniqueIdentifier>
      <Extensions>cpp;c;cxx;rc;def;r;odl;idl;hpj;bat</Extensions>
    </Filter>
    <Filter Include="Header Files">
      <UniqueIdentifier>{518129cc-a47c-46c5-8266-1de2548097b3}</UniqueIdentifier>
      <Extensions>h;hpp;hxx;hm;inl</Extensions>
    </Filter>
    <Filter Include="Resource Files">
      <UniqueIdentifier>{f022b687-cc05-4994-9d4f-fb8b97153b3e}</UniqueIdentifier>
      <Extensions>ico;cur;bmp;dlg;rc2;rct;bin;rgs;gif;jpg;jpeg;jpe</Extensions>
    </Filter>
  </ItemGroup>
  <ItemGroup>
    <ResourceCompile Include="TxDOTAgent.rc">
      <Filter>Resource Files</Filter>
    </ResourceCompile>
  </ItemGroup>
</Project>