<?xml version="1.0" encoding="utf-8"?>
<Project ToolsVersion="4.0" xmlns="http://schemas.microsoft.com/developer/msbuild/2003">
  <ItemGroup>
    <ClCompile Include="AnalysisResultsGraphBuilder.cpp">
      <Filter>Source Files</Filter>
    </ClCompile>
    <ClCompile Include="AnalysisResultsGraphController.cpp">
      <Filter>Source Files</Filter>
    </ClCompile>
    <ClCompile Include="AnalysisResultsGraphDefinition.cpp">
      <Filter>Source Files</Filter>
    </ClCompile>
    <ClCompile Include="ConcretePropertyGraphBuilder.cpp">
      <Filter>Source Files</Filter>
    </ClCompile>
    <ClCompile Include="ConcretePropertyGraphController.cpp">
      <Filter>Source Files</Filter>
    </ClCompile>
    <ClCompile Include="DeflectionHistoryGraphBuilder.cpp">
      <Filter>Source Files</Filter>
    </ClCompile>
    <ClCompile Include="DeflectionHistoryGraphController.cpp">
      <Filter>Source Files</Filter>
    </ClCompile>
    <ClCompile Include="DrawBeamTool.cpp">
      <Filter>Source Files</Filter>
    </ClCompile>
    <ClCompile Include="EffectivePrestressGraphBuilder.cpp">
      <Filter>Source Files</Filter>
    </ClCompile>
    <ClCompile Include="EffectivePrestressGraphController.cpp">
      <Filter>Source Files</Filter>
    </ClCompile>
    <ClCompile Include="GirderGraphBuilderBase.cpp">
      <Filter>Source Files</Filter>
    </ClCompile>
    <ClCompile Include="GirderGraphControllerBase.cpp">
      <Filter>Source Files</Filter>
    </ClCompile>
    <ClCompile Include="GirderPropertiesGraphBuilder.cpp">
      <Filter>Source Files</Filter>
    </ClCompile>
    <ClCompile Include="GirderPropertiesGraphController.cpp">
      <Filter>Source Files</Filter>
    </ClCompile>
    <ClCompile Include="LocationGraphController.cpp">
      <Filter>Source Files</Filter>
    </ClCompile>
    <ClCompile Include="StabilityGraphBuilder.cpp">
      <Filter>Source Files</Filter>
    </ClCompile>
    <ClCompile Include="StabilityGraphController.cpp">
      <Filter>Source Files</Filter>
    </ClCompile>
    <ClCompile Include="StressHistoryGraphBuilder.cpp">
      <Filter>Source Files</Filter>
    </ClCompile>
    <ClCompile Include="StressHistoryGraphController.cpp">
      <Filter>Source Files</Filter>
    </ClCompile>
    <ClCompile Include="stdafx.cpp">
      <Filter>Source Files</Filter>
    </ClCompile>
    <ClCompile Include="StabilityGraphViewControllerImp.cpp">
      <Filter>Source Files</Filter>
    </ClCompile>
    <ClCompile Include="EffectivePrestressGraphViewControllerImp.cpp">
      <Filter>Source Files</Filter>
    </ClCompile>
    <ClCompile Include="ConcretePropertiesGraphViewControllerImp.cpp">
      <Filter>Source Files</Filter>
    </ClCompile>
    <ClCompile Include="DeflectionHistoryGraphViewControllerImp.cpp">
      <Filter>Source Files</Filter>
    </ClCompile>
    <ClCompile Include="StressHistoryGraphViewControllerImp.cpp">
      <Filter>Source Files</Filter>
    </ClCompile>
    <ClCompile Include="AnalysisResultsGraphViewControllerImp.cpp">
      <Filter>Source Files</Filter>
    </ClCompile>
    <ClCompile Include="GirderPropertiesGraphViewControllerImp.cpp">
      <Filter>Source Files</Filter>
    </ClCompile>
    <ClCompile Include="SegmentAnalysisResultsGraphBuilder.cpp">
      <Filter>Source Files</Filter>
    </ClCompile>
    <ClCompile Include="SegmentAnalysisResultsGraphController.cpp">
      <Filter>Source Files</Filter>
    </ClCompile>
    <ClCompile Include="SegmentAnalysisResultsGraphDefinition.cpp">
      <Filter>Source Files</Filter>
    </ClCompile>
    <ClCompile Include="SegmentAnalysisResultsGraphViewControllerImp.cpp">
      <Filter>Source Files</Filter>
    </ClCompile>
    <ClCompile Include="SegmentGraphBuilderBase.cpp">
      <Filter>Source Files</Filter>
    </ClCompile>
    <ClCompile Include="SegmentGraphControllerBase.cpp">
      <Filter>Source Files</Filter>
    </ClCompile>
    <ClCompile Include="ExportGraphXYTool.cpp">
      <Filter>Source Files</Filter>
    </ClCompile>
    <ClCompile Include="Graphs.cpp">
      <Filter>Source Files</Filter>
    </ClCompile>
    <ClCompile Include="FinishedElevationGraphBuilder.cpp">
      <Filter>Source Files</Filter>
    </ClCompile>
    <ClCompile Include="FinishedElevationGraphController.cpp">
      <Filter>Source Files</Filter>
    </ClCompile>
    <ClCompile Include="FinishedElevationGraphViewControllerImp.cpp">
      <Filter>Source Files</Filter>
    </ClCompile>
    <ClCompile Include="FillHaunchDlg.cpp">
      <Filter>Source Files</Filter>
    </ClCompile>
  </ItemGroup>
  <ItemGroup>
    <ClInclude Include="AnalysisResultsGraphController.h">
      <Filter>Header Files</Filter>
    </ClInclude>
    <ClInclude Include="AnalysisResultsGraphDefinition.h">
      <Filter>Header Files</Filter>
    </ClInclude>
    <ClInclude Include="ConcretePropertyGraphController.h">
      <Filter>Header Files</Filter>
    </ClInclude>
    <ClInclude Include="DeflectionHistoryGraphController.h">
      <Filter>Header Files</Filter>
    </ClInclude>
    <ClInclude Include="EffectivePrestressGraphController.h">
      <Filter>Header Files</Filter>
    </ClInclude>
    <ClInclude Include="GirderGraphControllerBase.h">
      <Filter>Header Files</Filter>
    </ClInclude>
    <ClInclude Include="GirderPropertiesGraphController.h">
      <Filter>Header Files</Filter>
    </ClInclude>
    <ClInclude Include="GraphColor.h">
      <Filter>Header Files</Filter>
    </ClInclude>
    <ClInclude Include="LocationGraphController.h">
      <Filter>Header Files</Filter>
    </ClInclude>
    <ClInclude Include="StabilityGraphController.h">
      <Filter>Header Files</Filter>
    </ClInclude>
    <ClInclude Include="stdafx.h">
      <Filter>Header Files</Filter>
    </ClInclude>
    <ClInclude Include="StressHistoryGraphController.h">
      <Filter>Header Files</Filter>
    </ClInclude>
    <ClInclude Include="Resource.h">
      <Filter>Header Files</Filter>
    </ClInclude>
    <ClInclude Include="StabilityGraphViewControllerImp.h">
      <Filter>Header Files</Filter>
    </ClInclude>
    <ClInclude Include="EffectivePrestressGraphViewControllerImp.h">
      <Filter>Header Files</Filter>
    </ClInclude>
    <ClInclude Include="ConcretePropertiesGraphViewControllerImp.h">
      <Filter>Header Files</Filter>
    </ClInclude>
    <ClInclude Include="DeflectionHistoryGraphViewControllerImp.h">
      <Filter>Header Files</Filter>
    </ClInclude>
    <ClInclude Include="StressHistoryGraphViewControllerImp.h">
      <Filter>Header Files</Filter>
    </ClInclude>
    <ClInclude Include="AnalysisResultsGraphViewControllerImp.h">
      <Filter>Header Files</Filter>
    </ClInclude>
    <ClInclude Include="GirderPropertiesGraphViewControllerImp.h">
      <Filter>Header Files</Filter>
    </ClInclude>
    <ClInclude Include="SegmentAnalysisResultsGraphController.h">
      <Filter>Header Files</Filter>
    </ClInclude>
    <ClInclude Include="SegmentAnalysisResultsGraphDefinition.h">
      <Filter>Header Files</Filter>
    </ClInclude>
    <ClInclude Include="SegmentAnalysisResultsGraphViewControllerImp.h">
      <Filter>Header Files</Filter>
    </ClInclude>
    <ClInclude Include="SegmentGraphControllerBase.h">
      <Filter>Header Files</Filter>
    </ClInclude>
    <ClInclude Include="..\Include\Graphs\AnalysisResultsGraphBuilder.h">
      <Filter>Header Files</Filter>
    </ClInclude>
    <ClInclude Include="..\Include\Graphs\AnalysisResultsGraphViewController.h">
      <Filter>Header Files</Filter>
    </ClInclude>
    <ClInclude Include="..\Include\Graphs\AutoLib.h">
      <Filter>Header Files</Filter>
    </ClInclude>
    <ClInclude Include="..\Include\Graphs\ConcretePropertiesGraphViewController.h">
      <Filter>Header Files</Filter>
    </ClInclude>
    <ClInclude Include="..\Include\Graphs\ConcretePropertyGraphBuilder.h">
      <Filter>Header Files</Filter>
    </ClInclude>
    <ClInclude Include="..\Include\Graphs\DeflectionHistoryGraphBuilder.h">
      <Filter>Header Files</Filter>
    </ClInclude>
    <ClInclude Include="..\Include\Graphs\DeflectionHistoryGraphViewController.h">
      <Filter>Header Files</Filter>
    </ClInclude>
    <ClInclude Include="..\Include\Graphs\DrawBeamTool.h">
      <Filter>Header Files</Filter>
    </ClInclude>
    <ClInclude Include="..\Include\Graphs\EffectivePrestressGraphBuilder.h">
      <Filter>Header Files</Filter>
    </ClInclude>
    <ClInclude Include="..\Include\Graphs\EffectivePrestressGraphViewController.h">
      <Filter>Header Files</Filter>
    </ClInclude>
    <ClInclude Include="..\Include\Graphs\GirderGraphBuilderBase.h">
      <Filter>Header Files</Filter>
    </ClInclude>
    <ClInclude Include="..\Include\Graphs\GirderPropertiesGraphBuilder.h">
      <Filter>Header Files</Filter>
    </ClInclude>
    <ClInclude Include="..\Include\Graphs\GirderPropertiesGraphViewController.h">
      <Filter>Header Files</Filter>
    </ClInclude>
    <ClInclude Include="..\Include\Graphs\GraphsExp.h">
      <Filter>Header Files</Filter>
    </ClInclude>
    <ClInclude Include="..\Include\Graphs\GraphTypes.h">
      <Filter>Header Files</Filter>
    </ClInclude>
    <ClInclude Include="..\Include\Graphs\StabilityGraphBuilder.h">
      <Filter>Header Files</Filter>
    </ClInclude>
    <ClInclude Include="..\Include\Graphs\StabilityGraphViewController.h">
      <Filter>Header Files</Filter>
    </ClInclude>
    <ClInclude Include="..\Include\Graphs\StressHistoryGraphBuilder.h">
      <Filter>Header Files</Filter>
    </ClInclude>
    <ClInclude Include="..\Include\Graphs\StressHistoryGraphViewController.h">
      <Filter>Header Files</Filter>
    </ClInclude>
    <ClInclude Include="Graphs.h">
      <Filter>Header Files</Filter>
    </ClInclude>
    <ClInclude Include="..\Include\Graphs\SegmentAnalysisResultsGraphBuilder.h">
      <Filter>Header Files</Filter>
    </ClInclude>
    <ClInclude Include="..\Include\Graphs\SegmentAnalysisResultsGraphViewController.h">
      <Filter>Header Files</Filter>
    </ClInclude>
    <ClInclude Include="..\Include\Graphs\SegmentGraphBuilderBase.h">
      <Filter>Header Files</Filter>
    </ClInclude>
    <ClInclude Include="..\Include\Graphs\FinishedElevationGraphBuilder.h">
      <Filter>Header Files</Filter>
    </ClInclude>
    <ClInclude Include="..\Include\Graphs\FinishedElevationGraphViewController.h">
      <Filter>Header Files</Filter>
    </ClInclude>
    <ClInclude Include="FillHaunchDlg.h">
      <Filter>Header Files</Filter>
    </ClInclude>
    <ClInclude Include="FinishedElevationGraphController.h">
      <Filter>Header Files</Filter>
    </ClInclude>
    <ClInclude Include="FinishedElevationGraphViewControllerImp.h">
      <Filter>Header Files</Filter>
    </ClInclude>
  </ItemGroup>
  <ItemGroup>
    <None Include="Graphs.def">
      <Filter>Source Files</Filter>
    </None>
    <None Include="res\Graphs.rc2">
      <Filter>Resource Files</Filter>
    </None>
  </ItemGroup>
  <ItemGroup>
    <Filter Include="Header Files">
      <UniqueIdentifier>{98d28e7b-53c9-4d25-a968-3712dc0ad705}</UniqueIdentifier>
      <Extensions>h;hpp;hxx;hm;inl</Extensions>
    </Filter>
    <Filter Include="Source Files">
      <UniqueIdentifier>{0fec3f9f-1b6e-4124-bc16-26ab84e65cc1}</UniqueIdentifier>
      <Extensions>cpp;c;cxx;rc;def;r;odl;idl;hpj;bat</Extensions>
    </Filter>
    <Filter Include="Resource Files">
      <UniqueIdentifier>{3999a12b-0264-4292-b507-b932cc6ab312}</UniqueIdentifier>
      <Extensions>ico;cur;bmp;dlg;rc2;rct;bin;rgs;gif;jpg;jpeg;jpe</Extensions>
    </Filter>
  </ItemGroup>
  <ItemGroup>
    <ResourceCompile Include="Graphs.rc">
      <Filter>Resource Files</Filter>
    </ResourceCompile>
  </ItemGroup>
</Project>