<?xml version="1.0" encoding="utf-8"?>
<Project ToolsVersion="4.0" xmlns="http://schemas.microsoft.com/developer/msbuild/2003">
  <ItemGroup>
    <ClCompile Include="BrgPointIdMgr.cpp">
      <Filter>Source Files</Filter>
    </ClCompile>
    <ClCompile Include="BridgeAgent.cpp">
      <Filter>Source Files</Filter>
    </ClCompile>
    <ClCompile Include="BridgeAgentImp.cpp">
      <Filter>Source Files</Filter>
    </ClCompile>
    <ClCompile Include="BridgeGeometryModelBuilder.cpp">
      <Filter>Source Files</Filter>
    </ClCompile>
    <ClCompile Include="BridgeHelpers.cpp">
      <Filter>Source Files</Filter>
    </ClCompile>
    <ClCompile Include="ConcreteManager.cpp">
      <Filter>Source Files</Filter>
    </ClCompile>
    <ClCompile Include="ContinuousStandFiller.cpp">
      <Filter>Source Files</Filter>
    </ClCompile>
    <ClCompile Include="DealWithLoadDlg.cpp">
      <Filter>Source Files</Filter>
    </ClCompile>
    <ClCompile Include="DeckEdgeBuilder.cpp">
      <Filter>Source Files</Filter>
    </ClCompile>
    <ClCompile Include="EffectiveFlangeWidthTool.cpp">
      <Filter>Source Files</Filter>
    </ClCompile>
    <ClCompile Include="IntervalManager.cpp">
      <Filter>Source Files</Filter>
    </ClCompile>
    <ClCompile Include="StatusItems.cpp">
      <Filter>Source Files</Filter>
    </ClCompile>
    <ClCompile Include="StdAfx.cpp">
      <Filter>Source Files</Filter>
    </ClCompile>
  </ItemGroup>
  <ItemGroup>
    <ClInclude Include="..\Include\IFace\Alignment.h">
      <Filter>IFace</Filter>
    </ClInclude>
    <ClInclude Include="..\Include\IFace\Intervals.h">
      <Filter>IFace</Filter>
    </ClInclude>
    <ClInclude Include="..\Include\IFace\PointOfInterest.h">
      <Filter>IFace</Filter>
    </ClInclude>
    <ClInclude Include="..\Include\IFace\Bridge.h">
      <Filter>IFace</Filter>
    </ClInclude>
    <ClInclude Include="BrgPointIdMgr.h">
      <Filter>Header Files</Filter>
    </ClInclude>
    <ClInclude Include="BridgeAgentImp.h">
      <Filter>Header Files</Filter>
    </ClInclude>
    <ClInclude Include="BridgeGeometryModelBuilder.h">
      <Filter>Header Files</Filter>
    </ClInclude>
    <ClInclude Include="BridgeHelpers.h">
      <Filter>Header Files</Filter>
    </ClInclude>
    <ClInclude Include="ConcreteManager.h">
      <Filter>Header Files</Filter>
    </ClInclude>
    <ClInclude Include="ContinuousStandFiller.h">
      <Filter>Header Files</Filter>
    </ClInclude>
    <ClInclude Include="DealWithLoadDlg.h">
      <Filter>Header Files</Filter>
    </ClInclude>
    <ClInclude Include="DeckEdgeBuilder.h">
      <Filter>Header Files</Filter>
    </ClInclude>
    <ClInclude Include="EffectiveFlangeWidthTool.h">
      <Filter>Header Files</Filter>
    </ClInclude>
    <ClInclude Include="IntervalManager.h">
      <Filter>Header Files</Filter>
    </ClInclude>
    <ClInclude Include="Resource.h">
      <Filter>Header Files</Filter>
    </ClInclude>
    <ClInclude Include="StatusItems.h">
      <Filter>Header Files</Filter>
    </ClInclude>
    <ClInclude Include="StdAfx.h">
      <Filter>Header Files</Filter>
    </ClInclude>
    <ClInclude Include="BridgeAgent.h">
      <Filter>Header Files</Filter>
    </ClInclude>
    <ClInclude Include="CLSID.h">
      <Filter>Header Files</Filter>
    </ClInclude>
    <ClInclude Include="..\Include\IFace\DesignOverrides.h">
      <Filter>IFace</Filter>
    </ClInclude>
  </ItemGroup>
  <ItemGroup>
    <None Include="BridgeAgent.def" />
    <None Include="BridgeAgent.rgs">
      <Filter>Resource Files</Filter>
    </None>
  </ItemGroup>
  <ItemGroup>
    <Filter Include="IFace">
      <UniqueIdentifier>{6905a31c-8b7c-48e0-8211-8fe2fc8aa182}</UniqueIdentifier>
    </Filter>
    <Filter Include="Header Files">
      <UniqueIdentifier>{8613d818-8785-4e20-b71d-102ec1a326f7}</UniqueIdentifier>
      <Extensions>h;hpp;hxx;hm;inl</Extensions>
    </Filter>
    <Filter Include="Source Files">
      <UniqueIdentifier>{7a3f80f8-a294-4492-834c-e97fe9f37703}</UniqueIdentifier>
      <Extensions>cpp;c;cxx;rc;def;r;odl;idl;hpj;bat</Extensions>
    </Filter>
    <Filter Include="Resource Files">
      <UniqueIdentifier>{4f36ed8b-93ab-4ecf-ac63-08a97f279d9b}</UniqueIdentifier>
      <Extensions>ico;cur;bmp;dlg;rc2;rct;bin;rgs;gif;jpg;jpeg;jpe</Extensions>
    </Filter>
  </ItemGroup>
  <ItemGroup>
    <ResourceCompile Include="BridgeAgent.rc">
      <Filter>Resource Files</Filter>
    </ResourceCompile>
  </ItemGroup>
</Project>