<?xml version="1.0" encoding="utf-8"?>
<Project ToolsVersion="4.0" xmlns="http://schemas.microsoft.com/developer/msbuild/2003">
  <ItemGroup>
    <ClCompile Include="AnalysisAgent.cpp">
      <Filter>Source Files</Filter>
    </ClCompile>
    <ClCompile Include="AnalysisAgentImp.cpp">
      <Filter>Source Files</Filter>
    </ClCompile>
    <ClCompile Include="BarrierSidewalkLoadDistributionTool.cpp">
      <Filter>Source Files</Filter>
    </ClCompile>
    <ClCompile Include="GirderModelData.cpp">
      <Filter>Source Files</Filter>
    </ClCompile>
    <ClCompile Include="GirderModelManager.cpp">
      <Filter>Source Files</Filter>
    </ClCompile>
    <ClCompile Include="PGSuperLoadCombinationResponse.cpp">
      <Filter>Source Files</Filter>
    </ClCompile>
    <ClCompile Include="PrestressTool.cpp">
      <Filter>Source Files</Filter>
    </ClCompile>
    <ClCompile Include="ProductLoadMap.cpp">
      <Filter>Source Files</Filter>
    </ClCompile>
    <ClCompile Include="SegmentModelData.cpp">
      <Filter>Source Files</Filter>
    </ClCompile>
    <ClCompile Include="SegmentModelManager.cpp">
      <Filter>Source Files</Filter>
    </ClCompile>
    <ClCompile Include="StatusItems.cpp">
      <Filter>Source Files</Filter>
    </ClCompile>
    <ClCompile Include="StdAfx.cpp">
      <Filter>Source Files</Filter>
    </ClCompile>
  </ItemGroup>
  <ItemGroup>
    <ClInclude Include="AnalysisAgent.h">
      <Filter>Header Files</Filter>
    </ClInclude>
    <ClInclude Include="AnalysisAgentImp.h">
      <Filter>Header Files</Filter>
    </ClInclude>
    <ClInclude Include="BarrierSidewalkLoadDistributionTool.h">
      <Filter>Header Files</Filter>
    </ClInclude>
    <ClInclude Include="GirderModelData.h">
      <Filter>Header Files</Filter>
    </ClInclude>
    <ClInclude Include="GirderModelManager.h">
      <Filter>Header Files</Filter>
    </ClInclude>
    <ClInclude Include="StdAfx.h">
      <Filter>Header Files</Filter>
    </ClInclude>
    <ClInclude Include="StatusItems.h">
      <Filter>Header Files</Filter>
    </ClInclude>
    <ClInclude Include="SegmentModelManager.h">
      <Filter>Header Files</Filter>
    </ClInclude>
    <ClInclude Include="SegmentModelData.h">
      <Filter>Header Files</Filter>
    </ClInclude>
    <ClInclude Include="Resource.h">
      <Filter>Header Files</Filter>
    </ClInclude>
    <ClInclude Include="ProductLoadMap.h">
      <Filter>Header Files</Filter>
    </ClInclude>
    <ClInclude Include="PGSuperLoadCombinationResponse.h">
      <Filter>Header Files</Filter>
    </ClInclude>
    <ClInclude Include="PrestressTool.h">
      <Filter>Header Files</Filter>
    </ClInclude>
    <ClInclude Include="AnalysisResult.h">
      <Filter>Header Files</Filter>
    </ClInclude>
    <ClInclude Include="..\Include\IFace\AnalysisResults.h">
      <Filter>IFace</Filter>
    </ClInclude>
  </ItemGroup>
  <ItemGroup>
    <Midl Include="AnalysisAgent.idl" />
  </ItemGroup>
  <ItemGroup>
    <None Include="AnalysisAgent.def" />
    <None Include="AnalysisAgent.rgs">
      <Filter>Resource Files</Filter>
    </None>
  </ItemGroup>
  <ItemGroup>
    <Filter Include="Header Files">
      <UniqueIdentifier>{0c841d5a-8e3f-4b56-9bb0-ec8fe310d614}</UniqueIdentifier>
      <Extensions>h;hpp;hxx;hm;inl</Extensions>
    </Filter>
    <Filter Include="Source Files">
      <UniqueIdentifier>{48dbb1d5-603b-4d61-af2d-68431475cb77}</UniqueIdentifier>
      <Extensions>cpp;c;cxx;rc;def;r;odl;idl;hpj;bat</Extensions>
    </Filter>
    <Filter Include="Resource Files">
      <UniqueIdentifier>{9cebe2f0-2469-4bf1-9f05-1b4e1faf78fd}</UniqueIdentifier>
      <Extensions>ico;cur;bmp;dlg;rc2;rct;bin;rgs;gif;jpg;jpeg;jpe</Extensions>
    </Filter>
    <Filter Include="IFace">
      <UniqueIdentifier>{384a6888-15a6-45cd-95f3-f185cdf2d787}</UniqueIdentifier>
    </Filter>
  </ItemGroup>
  <ItemGroup>
    <ResourceCompile Include="AnalysisAgent.rc">
      <Filter>Resource Files</Filter>
    </ResourceCompile>
  </ItemGroup>
</Project>